
Microsoft Visual Studio Solution File, Format Version 12.00
# Visual Studio 2013
VisualStudioVersion = 12.0.31101.0
MinimumVisualStudioVersion = 10.0.40219.1
Project("{2150E333-8FDC-42A3-9474-1A3956D46DE8}") = "AppTests", "AppTests", "{FEF6CF15-75AF-4602-BC6B-EE32841D671E}"
EndProject
Project("{2150E333-8FDC-42A3-9474-1A3956D46DE8}") = "Common", "Common", "{53DF269F-6080-45C4-A29A-273C0E63C32B}"
EndProject
Project("{2150E333-8FDC-42A3-9474-1A3956D46DE8}") = "Plugins", "Plugins", "{1BD580CC-8644-4787-9762-B452645C6470}"
EndProject
Project("{2150E333-8FDC-42A3-9474-1A3956D46DE8}") = "UnitTests", "UnitTests", "{A489FC84-0F5D-43CC-B87D-DAE9E95115D2}"
EndProject
Project("{FAE04EC0-301F-11D3-BF4B-00C04F79EFBC}") = "BND.Services.Security.OTP.ApiTest", "..\_AppTest\Api.Test\BND.Services.Security.OTP.ApiTest.csproj", "{FFC91441-62CC-4065-826F-8772848003A0}"
EndProject
Project("{FAE04EC0-301F-11D3-BF4B-00C04F79EFBC}") = "BND.Services.Security.OTP.Mef", "..\Mef\BND.Services.Security.OTP.Mef.csproj", "{E44D89CB-8699-4359-860D-8F749A99DF3D}"
EndProject
Project("{FAE04EC0-301F-11D3-BF4B-00C04F79EFBC}") = "BND.Services.Security.OTP.MefTest", "..\Mef\_UnitTest\BND.Services.Security.OTP.MefTest.csproj", "{3AEA2CEB-8273-4F25-AE9B-14859097CF26}"
EndProject
Project("{FAE04EC0-301F-11D3-BF4B-00C04F79EFBC}") = "BND.Services.Security.OTP.Prng", "..\Prng\BND.Services.Security.OTP.Prng.csproj", "{2AE5D542-43B5-4471-AFE4-F8CBB09138AF}"
EndProject
Project("{FAE04EC0-301F-11D3-BF4B-00C04F79EFBC}") = "BND.Services.Security.OTP.PrngTest", "..\Prng\_UnitTest\BND.Services.Security.OTP.PrngTest.csproj", "{17746A0A-F9F6-4AFF-86A9-CE98FB34A9CB}"
EndProject
Project("{FAE04EC0-301F-11D3-BF4B-00C04F79EFBC}") = "BND.Services.Security.OTP.Repositories", "..\Repositories\BND.Services.Security.OTP.Repositories.csproj", "{186709FC-8921-48A6-93C8-1829797B5F5D}"
EndProject
Project("{FAE04EC0-301F-11D3-BF4B-00C04F79EFBC}") = "BND.Services.Security.OTP.RepositoriesTest", "..\Repositories\_UnitTest\BND.Services.Security.OTP.RepositoriesTest.csproj", "{D2C21730-3159-4FC2-8484-F576068B8320}"
EndProject
Project("{FAE04EC0-301F-11D3-BF4B-00C04F79EFBC}") = "BND.Services.Security.OTP.Plugins.EmailPluginChannel", "..\Plugins\EmailPluginChannel\BND.Services.Security.OTP.Plugins.EmailPluginChannel.csproj", "{70F6F03D-FAA9-48ED-B927-8C9C611C8528}"
EndProject
Project("{FAE04EC0-301F-11D3-BF4B-00C04F79EFBC}") = "BND.Services.Security.OTP.Plugins.EmailPluginChannelTest", "..\Plugins\EmailPluginChannel\_UnitTest\BND.Services.Security.OTP.Plugins.EmailPluginChannelTest.csproj", "{D2566E2B-C688-4690-AF5A-4D082FB5FD96}"
EndProject
Project("{FAE04EC0-301F-11D3-BF4B-00C04F79EFBC}") = "BND.Services.Security.OTP.Plugins.Libs", "..\Plugins\Libs\BND.Services.Security.OTP.Plugins.Libs.csproj", "{F2BA58DD-EA5F-4FEB-86AD-9B54FE01F26D}"
EndProject
Project("{FAE04EC0-301F-11D3-BF4B-00C04F79EFBC}") = "BND.Services.Security.OTP.Plugins.LibsTest", "..\Plugins\Libs\_UnitTest\BND.Services.Security.OTP.Plugins.LibsTest.csproj", "{6B6256F4-A9F9-4A3E-A002-40AEFFFE7764}"
EndProject
Project("{FAE04EC0-301F-11D3-BF4B-00C04F79EFBC}") = "BND.Services.Security.OTP.Plugins.SmsPluginChannel", "..\Plugins\SmsPluginChannel\BND.Services.Security.OTP.Plugins.SmsPluginChannel.csproj", "{14167815-7B75-4D31-900A-21C2CEF349F8}"
EndProject
Project("{FAE04EC0-301F-11D3-BF4B-00C04F79EFBC}") = "BND.Services.Security.OTP.Plugins.SmsPluginChannelTest", "..\Plugins\SmsPluginChannel\_UnitTest\BND.Services.Security.OTP.Plugins.SmsPluginChannelTest.csproj", "{2A75C607-FBC9-4550-AB4E-D1434429F3F9}"
EndProject
Project("{FAE04EC0-301F-11D3-BF4B-00C04F79EFBC}") = "BND.Services.Security.OTP.Api", "..\Api\BND.Services.Security.OTP.Api.csproj", "{B41417C3-4592-4BA7-ADF0-A03FE07F0228}"
EndProject
Project("{FAE04EC0-301F-11D3-BF4B-00C04F79EFBC}") = "BND.Services.Security.OTP.ApiUnitTest", "..\Api\_UnitTest\BND.Services.Security.OTP.ApiUnitTest.csproj", "{F29DF008-1AB5-444D-BDA1-6DA0656D6D0B}"
EndProject
Project("{FAE04EC0-301F-11D3-BF4B-00C04F79EFBC}") = "BND.Services.Security.OTP.ChannelFactory", "..\ChannelFactory\BND.Services.Security.OTP.ChannelFactory.csproj", "{2ED97BDB-3526-46E1-ABCE-EA4008DA4D60}"
EndProject
Project("{FAE04EC0-301F-11D3-BF4B-00C04F79EFBC}") = "BND.Services.Security.OTP.ChannelFactoryTest", "..\ChannelFactory\_UnitTest\BND.Services.Security.OTP.ChannelFactoryTest.csproj", "{69913846-8DAB-45C9-8349-A28D02D99297}"
EndProject
Project("{FAE04EC0-301F-11D3-BF4B-00C04F79EFBC}") = "BND.Services.Security.OTP.ClientProxy", "..\ClientProxy\BND.Services.Security.OTP.ClientProxy.csproj", "{08BB60D8-247C-41DD-A808-17F9D2F2C24A}"
EndProject
Project("{FAE04EC0-301F-11D3-BF4B-00C04F79EFBC}") = "BND.Services.Security.OTP.ClientProxyTest", "..\ClientProxy\_UnitTest\BND.Services.Security.OTP.ClientProxyTest.csproj", "{E76AA0AE-917A-4774-84FF-91E1CEFFF507}"
EndProject
Project("{FAE04EC0-301F-11D3-BF4B-00C04F79EFBC}") = "BND.Services.Security.OTP.Dal", "..\Dal\BND.Services.Security.OTP.Dal.csproj", "{0267E1E7-7CD0-495A-90EA-3C046BCD7B03}"
EndProject
Project("{FAE04EC0-301F-11D3-BF4B-00C04F79EFBC}") = "BND.Services.Security.OTP.DalTest", "..\Dal\_UnitTest\BND.Services.Security.OTP.DalTest.csproj", "{2995059B-3601-4FC1-8D86-0746B7708261}"
EndProject
Project("{00D1A9C2-B5F0-4AF3-8072-F6C62B433612}") = "BND.Services.Security.OTP.Db", "..\Db\BND.Services.Security.OTP.Db.sqlproj", "{F8F0E6DA-22B3-4927-93B7-00B872CE88E5}"
EndProject
Project("{FAE04EC0-301F-11D3-BF4B-00C04F79EFBC}") = "BND.Services.Security.OTP.Libs", "..\Libs\BND.Services.Security.OTP.Libs.csproj", "{93FB69AC-AF3B-476C-A962-D864A59B4735}"
EndProject
Project("{FAE04EC0-301F-11D3-BF4B-00C04F79EFBC}") = "BND.Services.Security.OTP.ClientProxy.NET4", "..\ClientProxy.NET4\BND.Services.Security.OTP.ClientProxy.NET4.csproj", "{FC78D4DA-277D-4DC9-8E09-7EB679BA63F8}"
EndProject
Project("{2150E333-8FDC-42A3-9474-1A3956D46DE8}") = ".nuget", ".nuget", "{73B6CBF9-827C-401F-90C1-8223A965E34D}"
	ProjectSection(SolutionItems) = preProject
		.nuget\packages.config = .nuget\packages.config
	EndProjectSection
EndProject
Global
	GlobalSection(SolutionConfigurationPlatforms) = preSolution
		Debug|Any CPU = Debug|Any CPU
		GR_DEV|Any CPU = GR_DEV|Any CPU
		GR_LOC|Any CPU = GR_LOC|Any CPU
		GR_TST|Any CPU = GR_TST|Any CPU
		INT_DEV|Any CPU = INT_DEV|Any CPU
		INT_TST|Any CPU = INT_TST|Any CPU
		NL_ACC|Any CPU = NL_ACC|Any CPU
		NL_DEV|Any CPU = NL_DEV|Any CPU
		NL_LOC|Any CPU = NL_LOC|Any CPU
		NL_PRD|Any CPU = NL_PRD|Any CPU
		NL_TST|Any CPU = NL_TST|Any CPU
		Release|Any CPU = Release|Any CPU
		THA_DEV|Any CPU = THA_DEV|Any CPU
		THA_LOC|Any CPU = THA_LOC|Any CPU
		THA_TST|Any CPU = THA_TST|Any CPU
	EndGlobalSection
	GlobalSection(ProjectConfigurationPlatforms) = postSolution
		{FFC91441-62CC-4065-826F-8772848003A0}.Debug|Any CPU.ActiveCfg = Debug|Any CPU
		{FFC91441-62CC-4065-826F-8772848003A0}.Debug|Any CPU.Build.0 = Debug|Any CPU
		{FFC91441-62CC-4065-826F-8772848003A0}.GR_DEV|Any CPU.ActiveCfg = NL_PRD|Any CPU
		{FFC91441-62CC-4065-826F-8772848003A0}.GR_DEV|Any CPU.Build.0 = NL_PRD|Any CPU
		{FFC91441-62CC-4065-826F-8772848003A0}.GR_LOC|Any CPU.ActiveCfg = NL_PRD|Any CPU
		{FFC91441-62CC-4065-826F-8772848003A0}.GR_LOC|Any CPU.Build.0 = NL_PRD|Any CPU
		{FFC91441-62CC-4065-826F-8772848003A0}.GR_TST|Any CPU.ActiveCfg = NL_PRD|Any CPU
		{FFC91441-62CC-4065-826F-8772848003A0}.GR_TST|Any CPU.Build.0 = NL_PRD|Any CPU
		{FFC91441-62CC-4065-826F-8772848003A0}.INT_DEV|Any CPU.ActiveCfg = NL_PRD|Any CPU
		{FFC91441-62CC-4065-826F-8772848003A0}.INT_DEV|Any CPU.Build.0 = NL_PRD|Any CPU
		{FFC91441-62CC-4065-826F-8772848003A0}.INT_TST|Any CPU.ActiveCfg = NL_PRD|Any CPU
		{FFC91441-62CC-4065-826F-8772848003A0}.INT_TST|Any CPU.Build.0 = NL_PRD|Any CPU
		{FFC91441-62CC-4065-826F-8772848003A0}.NL_ACC|Any CPU.ActiveCfg = Release|Any CPU
		{FFC91441-62CC-4065-826F-8772848003A0}.NL_ACC|Any CPU.Build.0 = Release|Any CPU
		{FFC91441-62CC-4065-826F-8772848003A0}.NL_DEV|Any CPU.ActiveCfg = Release|Any CPU
		{FFC91441-62CC-4065-826F-8772848003A0}.NL_DEV|Any CPU.Build.0 = Release|Any CPU
		{FFC91441-62CC-4065-826F-8772848003A0}.NL_LOC|Any CPU.ActiveCfg = Release|Any CPU
		{FFC91441-62CC-4065-826F-8772848003A0}.NL_LOC|Any CPU.Build.0 = Release|Any CPU
		{FFC91441-62CC-4065-826F-8772848003A0}.NL_PRD|Any CPU.ActiveCfg = Release|Any CPU
		{FFC91441-62CC-4065-826F-8772848003A0}.NL_PRD|Any CPU.Build.0 = Release|Any CPU
		{FFC91441-62CC-4065-826F-8772848003A0}.NL_TST|Any CPU.ActiveCfg = Release|Any CPU
		{FFC91441-62CC-4065-826F-8772848003A0}.NL_TST|Any CPU.Build.0 = Release|Any CPU
		{FFC91441-62CC-4065-826F-8772848003A0}.Release|Any CPU.ActiveCfg = Release|Any CPU
		{FFC91441-62CC-4065-826F-8772848003A0}.Release|Any CPU.Build.0 = Release|Any CPU
		{FFC91441-62CC-4065-826F-8772848003A0}.THA_DEV|Any CPU.ActiveCfg = Release|Any CPU
		{FFC91441-62CC-4065-826F-8772848003A0}.THA_DEV|Any CPU.Build.0 = Release|Any CPU
		{FFC91441-62CC-4065-826F-8772848003A0}.THA_LOC|Any CPU.ActiveCfg = Release|Any CPU
		{FFC91441-62CC-4065-826F-8772848003A0}.THA_LOC|Any CPU.Build.0 = Release|Any CPU
		{FFC91441-62CC-4065-826F-8772848003A0}.THA_TST|Any CPU.ActiveCfg = Release|Any CPU
		{FFC91441-62CC-4065-826F-8772848003A0}.THA_TST|Any CPU.Build.0 = Release|Any CPU
		{E44D89CB-8699-4359-860D-8F749A99DF3D}.Debug|Any CPU.ActiveCfg = Debug|Any CPU
		{E44D89CB-8699-4359-860D-8F749A99DF3D}.Debug|Any CPU.Build.0 = Debug|Any CPU
		{E44D89CB-8699-4359-860D-8F749A99DF3D}.GR_DEV|Any CPU.ActiveCfg = NL_PRD|Any CPU
		{E44D89CB-8699-4359-860D-8F749A99DF3D}.GR_DEV|Any CPU.Build.0 = NL_PRD|Any CPU
		{E44D89CB-8699-4359-860D-8F749A99DF3D}.GR_LOC|Any CPU.ActiveCfg = NL_PRD|Any CPU
		{E44D89CB-8699-4359-860D-8F749A99DF3D}.GR_LOC|Any CPU.Build.0 = NL_PRD|Any CPU
		{E44D89CB-8699-4359-860D-8F749A99DF3D}.GR_TST|Any CPU.ActiveCfg = NL_PRD|Any CPU
		{E44D89CB-8699-4359-860D-8F749A99DF3D}.GR_TST|Any CPU.Build.0 = NL_PRD|Any CPU
		{E44D89CB-8699-4359-860D-8F749A99DF3D}.INT_DEV|Any CPU.ActiveCfg = NL_PRD|Any CPU
		{E44D89CB-8699-4359-860D-8F749A99DF3D}.INT_DEV|Any CPU.Build.0 = NL_PRD|Any CPU
		{E44D89CB-8699-4359-860D-8F749A99DF3D}.INT_TST|Any CPU.ActiveCfg = NL_PRD|Any CPU
		{E44D89CB-8699-4359-860D-8F749A99DF3D}.INT_TST|Any CPU.Build.0 = NL_PRD|Any CPU
		{E44D89CB-8699-4359-860D-8F749A99DF3D}.NL_ACC|Any CPU.ActiveCfg = Release|Any CPU
		{E44D89CB-8699-4359-860D-8F749A99DF3D}.NL_ACC|Any CPU.Build.0 = Release|Any CPU
		{E44D89CB-8699-4359-860D-8F749A99DF3D}.NL_DEV|Any CPU.ActiveCfg = Release|Any CPU
		{E44D89CB-8699-4359-860D-8F749A99DF3D}.NL_DEV|Any CPU.Build.0 = Release|Any CPU
		{E44D89CB-8699-4359-860D-8F749A99DF3D}.NL_LOC|Any CPU.ActiveCfg = Release|Any CPU
		{E44D89CB-8699-4359-860D-8F749A99DF3D}.NL_LOC|Any CPU.Build.0 = Release|Any CPU
		{E44D89CB-8699-4359-860D-8F749A99DF3D}.NL_PRD|Any CPU.ActiveCfg = Release|Any CPU
		{E44D89CB-8699-4359-860D-8F749A99DF3D}.NL_PRD|Any CPU.Build.0 = Release|Any CPU
		{E44D89CB-8699-4359-860D-8F749A99DF3D}.NL_TST|Any CPU.ActiveCfg = Release|Any CPU
		{E44D89CB-8699-4359-860D-8F749A99DF3D}.NL_TST|Any CPU.Build.0 = Release|Any CPU
		{E44D89CB-8699-4359-860D-8F749A99DF3D}.Release|Any CPU.ActiveCfg = Release|Any CPU
		{E44D89CB-8699-4359-860D-8F749A99DF3D}.Release|Any CPU.Build.0 = Release|Any CPU
		{E44D89CB-8699-4359-860D-8F749A99DF3D}.THA_DEV|Any CPU.ActiveCfg = Release|Any CPU
		{E44D89CB-8699-4359-860D-8F749A99DF3D}.THA_DEV|Any CPU.Build.0 = Release|Any CPU
		{E44D89CB-8699-4359-860D-8F749A99DF3D}.THA_LOC|Any CPU.ActiveCfg = Release|Any CPU
		{E44D89CB-8699-4359-860D-8F749A99DF3D}.THA_LOC|Any CPU.Build.0 = Release|Any CPU
		{E44D89CB-8699-4359-860D-8F749A99DF3D}.THA_TST|Any CPU.ActiveCfg = Release|Any CPU
		{E44D89CB-8699-4359-860D-8F749A99DF3D}.THA_TST|Any CPU.Build.0 = Release|Any CPU
		{3AEA2CEB-8273-4F25-AE9B-14859097CF26}.Debug|Any CPU.ActiveCfg = Debug|Any CPU
		{3AEA2CEB-8273-4F25-AE9B-14859097CF26}.Debug|Any CPU.Build.0 = Debug|Any CPU
		{3AEA2CEB-8273-4F25-AE9B-14859097CF26}.GR_DEV|Any CPU.ActiveCfg = NL_PRD|Any CPU
		{3AEA2CEB-8273-4F25-AE9B-14859097CF26}.GR_DEV|Any CPU.Build.0 = NL_PRD|Any CPU
		{3AEA2CEB-8273-4F25-AE9B-14859097CF26}.GR_LOC|Any CPU.ActiveCfg = NL_PRD|Any CPU
		{3AEA2CEB-8273-4F25-AE9B-14859097CF26}.GR_LOC|Any CPU.Build.0 = NL_PRD|Any CPU
		{3AEA2CEB-8273-4F25-AE9B-14859097CF26}.GR_TST|Any CPU.ActiveCfg = NL_PRD|Any CPU
		{3AEA2CEB-8273-4F25-AE9B-14859097CF26}.GR_TST|Any CPU.Build.0 = NL_PRD|Any CPU
		{3AEA2CEB-8273-4F25-AE9B-14859097CF26}.INT_DEV|Any CPU.ActiveCfg = NL_PRD|Any CPU
		{3AEA2CEB-8273-4F25-AE9B-14859097CF26}.INT_DEV|Any CPU.Build.0 = NL_PRD|Any CPU
		{3AEA2CEB-8273-4F25-AE9B-14859097CF26}.INT_TST|Any CPU.ActiveCfg = NL_PRD|Any CPU
		{3AEA2CEB-8273-4F25-AE9B-14859097CF26}.INT_TST|Any CPU.Build.0 = NL_PRD|Any CPU
		{3AEA2CEB-8273-4F25-AE9B-14859097CF26}.NL_ACC|Any CPU.ActiveCfg = Release|Any CPU
		{3AEA2CEB-8273-4F25-AE9B-14859097CF26}.NL_ACC|Any CPU.Build.0 = Release|Any CPU
		{3AEA2CEB-8273-4F25-AE9B-14859097CF26}.NL_DEV|Any CPU.ActiveCfg = Release|Any CPU
		{3AEA2CEB-8273-4F25-AE9B-14859097CF26}.NL_DEV|Any CPU.Build.0 = Release|Any CPU
		{3AEA2CEB-8273-4F25-AE9B-14859097CF26}.NL_LOC|Any CPU.ActiveCfg = Release|Any CPU
		{3AEA2CEB-8273-4F25-AE9B-14859097CF26}.NL_LOC|Any CPU.Build.0 = Release|Any CPU
		{3AEA2CEB-8273-4F25-AE9B-14859097CF26}.NL_PRD|Any CPU.ActiveCfg = Release|Any CPU
		{3AEA2CEB-8273-4F25-AE9B-14859097CF26}.NL_PRD|Any CPU.Build.0 = Release|Any CPU
		{3AEA2CEB-8273-4F25-AE9B-14859097CF26}.NL_TST|Any CPU.ActiveCfg = Release|Any CPU
		{3AEA2CEB-8273-4F25-AE9B-14859097CF26}.NL_TST|Any CPU.Build.0 = Release|Any CPU
		{3AEA2CEB-8273-4F25-AE9B-14859097CF26}.Release|Any CPU.ActiveCfg = Release|Any CPU
		{3AEA2CEB-8273-4F25-AE9B-14859097CF26}.Release|Any CPU.Build.0 = Release|Any CPU
		{3AEA2CEB-8273-4F25-AE9B-14859097CF26}.THA_DEV|Any CPU.ActiveCfg = Release|Any CPU
		{3AEA2CEB-8273-4F25-AE9B-14859097CF26}.THA_DEV|Any CPU.Build.0 = Release|Any CPU
		{3AEA2CEB-8273-4F25-AE9B-14859097CF26}.THA_LOC|Any CPU.ActiveCfg = Release|Any CPU
		{3AEA2CEB-8273-4F25-AE9B-14859097CF26}.THA_LOC|Any CPU.Build.0 = Release|Any CPU
		{3AEA2CEB-8273-4F25-AE9B-14859097CF26}.THA_TST|Any CPU.ActiveCfg = Release|Any CPU
		{3AEA2CEB-8273-4F25-AE9B-14859097CF26}.THA_TST|Any CPU.Build.0 = Release|Any CPU
		{2AE5D542-43B5-4471-AFE4-F8CBB09138AF}.Debug|Any CPU.ActiveCfg = Debug|Any CPU
		{2AE5D542-43B5-4471-AFE4-F8CBB09138AF}.Debug|Any CPU.Build.0 = Debug|Any CPU
		{2AE5D542-43B5-4471-AFE4-F8CBB09138AF}.GR_DEV|Any CPU.ActiveCfg = NL_PRD|Any CPU
		{2AE5D542-43B5-4471-AFE4-F8CBB09138AF}.GR_DEV|Any CPU.Build.0 = NL_PRD|Any CPU
		{2AE5D542-43B5-4471-AFE4-F8CBB09138AF}.GR_LOC|Any CPU.ActiveCfg = NL_PRD|Any CPU
		{2AE5D542-43B5-4471-AFE4-F8CBB09138AF}.GR_LOC|Any CPU.Build.0 = NL_PRD|Any CPU
		{2AE5D542-43B5-4471-AFE4-F8CBB09138AF}.GR_TST|Any CPU.ActiveCfg = NL_PRD|Any CPU
		{2AE5D542-43B5-4471-AFE4-F8CBB09138AF}.GR_TST|Any CPU.Build.0 = NL_PRD|Any CPU
		{2AE5D542-43B5-4471-AFE4-F8CBB09138AF}.INT_DEV|Any CPU.ActiveCfg = NL_PRD|Any CPU
		{2AE5D542-43B5-4471-AFE4-F8CBB09138AF}.INT_DEV|Any CPU.Build.0 = NL_PRD|Any CPU
		{2AE5D542-43B5-4471-AFE4-F8CBB09138AF}.INT_TST|Any CPU.ActiveCfg = NL_PRD|Any CPU
		{2AE5D542-43B5-4471-AFE4-F8CBB09138AF}.INT_TST|Any CPU.Build.0 = NL_PRD|Any CPU
		{2AE5D542-43B5-4471-AFE4-F8CBB09138AF}.NL_ACC|Any CPU.ActiveCfg = Release|Any CPU
		{2AE5D542-43B5-4471-AFE4-F8CBB09138AF}.NL_ACC|Any CPU.Build.0 = Release|Any CPU
		{2AE5D542-43B5-4471-AFE4-F8CBB09138AF}.NL_DEV|Any CPU.ActiveCfg = Release|Any CPU
		{2AE5D542-43B5-4471-AFE4-F8CBB09138AF}.NL_DEV|Any CPU.Build.0 = Release|Any CPU
		{2AE5D542-43B5-4471-AFE4-F8CBB09138AF}.NL_LOC|Any CPU.ActiveCfg = Release|Any CPU
		{2AE5D542-43B5-4471-AFE4-F8CBB09138AF}.NL_LOC|Any CPU.Build.0 = Release|Any CPU
		{2AE5D542-43B5-4471-AFE4-F8CBB09138AF}.NL_PRD|Any CPU.ActiveCfg = Release|Any CPU
		{2AE5D542-43B5-4471-AFE4-F8CBB09138AF}.NL_PRD|Any CPU.Build.0 = Release|Any CPU
		{2AE5D542-43B5-4471-AFE4-F8CBB09138AF}.NL_TST|Any CPU.ActiveCfg = Release|Any CPU
		{2AE5D542-43B5-4471-AFE4-F8CBB09138AF}.NL_TST|Any CPU.Build.0 = Release|Any CPU
		{2AE5D542-43B5-4471-AFE4-F8CBB09138AF}.Release|Any CPU.ActiveCfg = Release|Any CPU
		{2AE5D542-43B5-4471-AFE4-F8CBB09138AF}.Release|Any CPU.Build.0 = Release|Any CPU
		{2AE5D542-43B5-4471-AFE4-F8CBB09138AF}.THA_DEV|Any CPU.ActiveCfg = Release|Any CPU
		{2AE5D542-43B5-4471-AFE4-F8CBB09138AF}.THA_DEV|Any CPU.Build.0 = Release|Any CPU
		{2AE5D542-43B5-4471-AFE4-F8CBB09138AF}.THA_LOC|Any CPU.ActiveCfg = Release|Any CPU
		{2AE5D542-43B5-4471-AFE4-F8CBB09138AF}.THA_LOC|Any CPU.Build.0 = Release|Any CPU
		{2AE5D542-43B5-4471-AFE4-F8CBB09138AF}.THA_TST|Any CPU.ActiveCfg = Release|Any CPU
		{2AE5D542-43B5-4471-AFE4-F8CBB09138AF}.THA_TST|Any CPU.Build.0 = Release|Any CPU
		{17746A0A-F9F6-4AFF-86A9-CE98FB34A9CB}.Debug|Any CPU.ActiveCfg = Debug|Any CPU
		{17746A0A-F9F6-4AFF-86A9-CE98FB34A9CB}.Debug|Any CPU.Build.0 = Debug|Any CPU
		{17746A0A-F9F6-4AFF-86A9-CE98FB34A9CB}.GR_DEV|Any CPU.ActiveCfg = NL_PRD|Any CPU
		{17746A0A-F9F6-4AFF-86A9-CE98FB34A9CB}.GR_DEV|Any CPU.Build.0 = NL_PRD|Any CPU
		{17746A0A-F9F6-4AFF-86A9-CE98FB34A9CB}.GR_LOC|Any CPU.ActiveCfg = NL_PRD|Any CPU
		{17746A0A-F9F6-4AFF-86A9-CE98FB34A9CB}.GR_LOC|Any CPU.Build.0 = NL_PRD|Any CPU
		{17746A0A-F9F6-4AFF-86A9-CE98FB34A9CB}.GR_TST|Any CPU.ActiveCfg = NL_PRD|Any CPU
		{17746A0A-F9F6-4AFF-86A9-CE98FB34A9CB}.GR_TST|Any CPU.Build.0 = NL_PRD|Any CPU
		{17746A0A-F9F6-4AFF-86A9-CE98FB34A9CB}.INT_DEV|Any CPU.ActiveCfg = NL_PRD|Any CPU
		{17746A0A-F9F6-4AFF-86A9-CE98FB34A9CB}.INT_DEV|Any CPU.Build.0 = NL_PRD|Any CPU
		{17746A0A-F9F6-4AFF-86A9-CE98FB34A9CB}.INT_TST|Any CPU.ActiveCfg = NL_PRD|Any CPU
		{17746A0A-F9F6-4AFF-86A9-CE98FB34A9CB}.INT_TST|Any CPU.Build.0 = NL_PRD|Any CPU
		{17746A0A-F9F6-4AFF-86A9-CE98FB34A9CB}.NL_ACC|Any CPU.ActiveCfg = Release|Any CPU
		{17746A0A-F9F6-4AFF-86A9-CE98FB34A9CB}.NL_ACC|Any CPU.Build.0 = Release|Any CPU
		{17746A0A-F9F6-4AFF-86A9-CE98FB34A9CB}.NL_DEV|Any CPU.ActiveCfg = Release|Any CPU
		{17746A0A-F9F6-4AFF-86A9-CE98FB34A9CB}.NL_DEV|Any CPU.Build.0 = Release|Any CPU
		{17746A0A-F9F6-4AFF-86A9-CE98FB34A9CB}.NL_LOC|Any CPU.ActiveCfg = Release|Any CPU
		{17746A0A-F9F6-4AFF-86A9-CE98FB34A9CB}.NL_LOC|Any CPU.Build.0 = Release|Any CPU
		{17746A0A-F9F6-4AFF-86A9-CE98FB34A9CB}.NL_PRD|Any CPU.ActiveCfg = Release|Any CPU
		{17746A0A-F9F6-4AFF-86A9-CE98FB34A9CB}.NL_PRD|Any CPU.Build.0 = Release|Any CPU
		{17746A0A-F9F6-4AFF-86A9-CE98FB34A9CB}.NL_TST|Any CPU.ActiveCfg = Release|Any CPU
		{17746A0A-F9F6-4AFF-86A9-CE98FB34A9CB}.NL_TST|Any CPU.Build.0 = Release|Any CPU
		{17746A0A-F9F6-4AFF-86A9-CE98FB34A9CB}.Release|Any CPU.ActiveCfg = Release|Any CPU
		{17746A0A-F9F6-4AFF-86A9-CE98FB34A9CB}.Release|Any CPU.Build.0 = Release|Any CPU
		{17746A0A-F9F6-4AFF-86A9-CE98FB34A9CB}.THA_DEV|Any CPU.ActiveCfg = Release|Any CPU
		{17746A0A-F9F6-4AFF-86A9-CE98FB34A9CB}.THA_DEV|Any CPU.Build.0 = Release|Any CPU
		{17746A0A-F9F6-4AFF-86A9-CE98FB34A9CB}.THA_LOC|Any CPU.ActiveCfg = Release|Any CPU
		{17746A0A-F9F6-4AFF-86A9-CE98FB34A9CB}.THA_LOC|Any CPU.Build.0 = Release|Any CPU
		{17746A0A-F9F6-4AFF-86A9-CE98FB34A9CB}.THA_TST|Any CPU.ActiveCfg = Release|Any CPU
		{17746A0A-F9F6-4AFF-86A9-CE98FB34A9CB}.THA_TST|Any CPU.Build.0 = Release|Any CPU
		{186709FC-8921-48A6-93C8-1829797B5F5D}.Debug|Any CPU.ActiveCfg = Debug|Any CPU
		{186709FC-8921-48A6-93C8-1829797B5F5D}.Debug|Any CPU.Build.0 = Debug|Any CPU
		{186709FC-8921-48A6-93C8-1829797B5F5D}.GR_DEV|Any CPU.ActiveCfg = NL_PRD|Any CPU
		{186709FC-8921-48A6-93C8-1829797B5F5D}.GR_DEV|Any CPU.Build.0 = NL_PRD|Any CPU
		{186709FC-8921-48A6-93C8-1829797B5F5D}.GR_LOC|Any CPU.ActiveCfg = NL_PRD|Any CPU
		{186709FC-8921-48A6-93C8-1829797B5F5D}.GR_LOC|Any CPU.Build.0 = NL_PRD|Any CPU
		{186709FC-8921-48A6-93C8-1829797B5F5D}.GR_TST|Any CPU.ActiveCfg = NL_PRD|Any CPU
		{186709FC-8921-48A6-93C8-1829797B5F5D}.GR_TST|Any CPU.Build.0 = NL_PRD|Any CPU
		{186709FC-8921-48A6-93C8-1829797B5F5D}.INT_DEV|Any CPU.ActiveCfg = NL_PRD|Any CPU
		{186709FC-8921-48A6-93C8-1829797B5F5D}.INT_DEV|Any CPU.Build.0 = NL_PRD|Any CPU
		{186709FC-8921-48A6-93C8-1829797B5F5D}.INT_TST|Any CPU.ActiveCfg = NL_PRD|Any CPU
		{186709FC-8921-48A6-93C8-1829797B5F5D}.INT_TST|Any CPU.Build.0 = NL_PRD|Any CPU
		{186709FC-8921-48A6-93C8-1829797B5F5D}.NL_ACC|Any CPU.ActiveCfg = Release|Any CPU
		{186709FC-8921-48A6-93C8-1829797B5F5D}.NL_ACC|Any CPU.Build.0 = Release|Any CPU
		{186709FC-8921-48A6-93C8-1829797B5F5D}.NL_DEV|Any CPU.ActiveCfg = Release|Any CPU
		{186709FC-8921-48A6-93C8-1829797B5F5D}.NL_DEV|Any CPU.Build.0 = Release|Any CPU
		{186709FC-8921-48A6-93C8-1829797B5F5D}.NL_LOC|Any CPU.ActiveCfg = Release|Any CPU
		{186709FC-8921-48A6-93C8-1829797B5F5D}.NL_LOC|Any CPU.Build.0 = Release|Any CPU
		{186709FC-8921-48A6-93C8-1829797B5F5D}.NL_PRD|Any CPU.ActiveCfg = Release|Any CPU
		{186709FC-8921-48A6-93C8-1829797B5F5D}.NL_PRD|Any CPU.Build.0 = Release|Any CPU
		{186709FC-8921-48A6-93C8-1829797B5F5D}.NL_TST|Any CPU.ActiveCfg = Release|Any CPU
		{186709FC-8921-48A6-93C8-1829797B5F5D}.NL_TST|Any CPU.Build.0 = Release|Any CPU
		{186709FC-8921-48A6-93C8-1829797B5F5D}.Release|Any CPU.ActiveCfg = Release|Any CPU
		{186709FC-8921-48A6-93C8-1829797B5F5D}.Release|Any CPU.Build.0 = Release|Any CPU
		{186709FC-8921-48A6-93C8-1829797B5F5D}.THA_DEV|Any CPU.ActiveCfg = Release|Any CPU
		{186709FC-8921-48A6-93C8-1829797B5F5D}.THA_DEV|Any CPU.Build.0 = Release|Any CPU
		{186709FC-8921-48A6-93C8-1829797B5F5D}.THA_LOC|Any CPU.ActiveCfg = Release|Any CPU
		{186709FC-8921-48A6-93C8-1829797B5F5D}.THA_LOC|Any CPU.Build.0 = Release|Any CPU
		{186709FC-8921-48A6-93C8-1829797B5F5D}.THA_TST|Any CPU.ActiveCfg = Release|Any CPU
		{186709FC-8921-48A6-93C8-1829797B5F5D}.THA_TST|Any CPU.Build.0 = Release|Any CPU
		{D2C21730-3159-4FC2-8484-F576068B8320}.Debug|Any CPU.ActiveCfg = Debug|Any CPU
		{D2C21730-3159-4FC2-8484-F576068B8320}.Debug|Any CPU.Build.0 = Debug|Any CPU
		{D2C21730-3159-4FC2-8484-F576068B8320}.GR_DEV|Any CPU.ActiveCfg = NL_PRD|Any CPU
		{D2C21730-3159-4FC2-8484-F576068B8320}.GR_DEV|Any CPU.Build.0 = NL_PRD|Any CPU
		{D2C21730-3159-4FC2-8484-F576068B8320}.GR_LOC|Any CPU.ActiveCfg = NL_PRD|Any CPU
		{D2C21730-3159-4FC2-8484-F576068B8320}.GR_LOC|Any CPU.Build.0 = NL_PRD|Any CPU
		{D2C21730-3159-4FC2-8484-F576068B8320}.GR_TST|Any CPU.ActiveCfg = NL_PRD|Any CPU
		{D2C21730-3159-4FC2-8484-F576068B8320}.GR_TST|Any CPU.Build.0 = NL_PRD|Any CPU
		{D2C21730-3159-4FC2-8484-F576068B8320}.INT_DEV|Any CPU.ActiveCfg = NL_PRD|Any CPU
		{D2C21730-3159-4FC2-8484-F576068B8320}.INT_DEV|Any CPU.Build.0 = NL_PRD|Any CPU
		{D2C21730-3159-4FC2-8484-F576068B8320}.INT_TST|Any CPU.ActiveCfg = NL_PRD|Any CPU
		{D2C21730-3159-4FC2-8484-F576068B8320}.INT_TST|Any CPU.Build.0 = NL_PRD|Any CPU
		{D2C21730-3159-4FC2-8484-F576068B8320}.NL_ACC|Any CPU.ActiveCfg = Release|Any CPU
		{D2C21730-3159-4FC2-8484-F576068B8320}.NL_ACC|Any CPU.Build.0 = Release|Any CPU
		{D2C21730-3159-4FC2-8484-F576068B8320}.NL_DEV|Any CPU.ActiveCfg = Release|Any CPU
		{D2C21730-3159-4FC2-8484-F576068B8320}.NL_DEV|Any CPU.Build.0 = Release|Any CPU
		{D2C21730-3159-4FC2-8484-F576068B8320}.NL_LOC|Any CPU.ActiveCfg = Release|Any CPU
		{D2C21730-3159-4FC2-8484-F576068B8320}.NL_LOC|Any CPU.Build.0 = Release|Any CPU
		{D2C21730-3159-4FC2-8484-F576068B8320}.NL_PRD|Any CPU.ActiveCfg = Release|Any CPU
		{D2C21730-3159-4FC2-8484-F576068B8320}.NL_PRD|Any CPU.Build.0 = Release|Any CPU
		{D2C21730-3159-4FC2-8484-F576068B8320}.NL_TST|Any CPU.ActiveCfg = Release|Any CPU
		{D2C21730-3159-4FC2-8484-F576068B8320}.NL_TST|Any CPU.Build.0 = Release|Any CPU
		{D2C21730-3159-4FC2-8484-F576068B8320}.Release|Any CPU.ActiveCfg = Release|Any CPU
		{D2C21730-3159-4FC2-8484-F576068B8320}.Release|Any CPU.Build.0 = Release|Any CPU
		{D2C21730-3159-4FC2-8484-F576068B8320}.THA_DEV|Any CPU.ActiveCfg = Release|Any CPU
		{D2C21730-3159-4FC2-8484-F576068B8320}.THA_DEV|Any CPU.Build.0 = Release|Any CPU
		{D2C21730-3159-4FC2-8484-F576068B8320}.THA_LOC|Any CPU.ActiveCfg = Release|Any CPU
		{D2C21730-3159-4FC2-8484-F576068B8320}.THA_LOC|Any CPU.Build.0 = Release|Any CPU
		{D2C21730-3159-4FC2-8484-F576068B8320}.THA_TST|Any CPU.ActiveCfg = Release|Any CPU
		{D2C21730-3159-4FC2-8484-F576068B8320}.THA_TST|Any CPU.Build.0 = Release|Any CPU
		{70F6F03D-FAA9-48ED-B927-8C9C611C8528}.Debug|Any CPU.ActiveCfg = Debug|Any CPU
		{70F6F03D-FAA9-48ED-B927-8C9C611C8528}.Debug|Any CPU.Build.0 = Debug|Any CPU
		{70F6F03D-FAA9-48ED-B927-8C9C611C8528}.GR_DEV|Any CPU.ActiveCfg = NL_PRD|Any CPU
		{70F6F03D-FAA9-48ED-B927-8C9C611C8528}.GR_DEV|Any CPU.Build.0 = NL_PRD|Any CPU
		{70F6F03D-FAA9-48ED-B927-8C9C611C8528}.GR_LOC|Any CPU.ActiveCfg = NL_PRD|Any CPU
		{70F6F03D-FAA9-48ED-B927-8C9C611C8528}.GR_LOC|Any CPU.Build.0 = NL_PRD|Any CPU
		{70F6F03D-FAA9-48ED-B927-8C9C611C8528}.GR_TST|Any CPU.ActiveCfg = NL_PRD|Any CPU
		{70F6F03D-FAA9-48ED-B927-8C9C611C8528}.GR_TST|Any CPU.Build.0 = NL_PRD|Any CPU
		{70F6F03D-FAA9-48ED-B927-8C9C611C8528}.INT_DEV|Any CPU.ActiveCfg = NL_PRD|Any CPU
		{70F6F03D-FAA9-48ED-B927-8C9C611C8528}.INT_DEV|Any CPU.Build.0 = NL_PRD|Any CPU
		{70F6F03D-FAA9-48ED-B927-8C9C611C8528}.INT_TST|Any CPU.ActiveCfg = NL_PRD|Any CPU
		{70F6F03D-FAA9-48ED-B927-8C9C611C8528}.INT_TST|Any CPU.Build.0 = NL_PRD|Any CPU
		{70F6F03D-FAA9-48ED-B927-8C9C611C8528}.NL_ACC|Any CPU.ActiveCfg = Release|Any CPU
		{70F6F03D-FAA9-48ED-B927-8C9C611C8528}.NL_ACC|Any CPU.Build.0 = Release|Any CPU
		{70F6F03D-FAA9-48ED-B927-8C9C611C8528}.NL_DEV|Any CPU.ActiveCfg = Release|Any CPU
		{70F6F03D-FAA9-48ED-B927-8C9C611C8528}.NL_DEV|Any CPU.Build.0 = Release|Any CPU
		{70F6F03D-FAA9-48ED-B927-8C9C611C8528}.NL_LOC|Any CPU.ActiveCfg = Release|Any CPU
		{70F6F03D-FAA9-48ED-B927-8C9C611C8528}.NL_LOC|Any CPU.Build.0 = Release|Any CPU
		{70F6F03D-FAA9-48ED-B927-8C9C611C8528}.NL_PRD|Any CPU.ActiveCfg = Release|Any CPU
		{70F6F03D-FAA9-48ED-B927-8C9C611C8528}.NL_PRD|Any CPU.Build.0 = Release|Any CPU
		{70F6F03D-FAA9-48ED-B927-8C9C611C8528}.NL_TST|Any CPU.ActiveCfg = Release|Any CPU
		{70F6F03D-FAA9-48ED-B927-8C9C611C8528}.NL_TST|Any CPU.Build.0 = Release|Any CPU
		{70F6F03D-FAA9-48ED-B927-8C9C611C8528}.Release|Any CPU.ActiveCfg = Release|Any CPU
		{70F6F03D-FAA9-48ED-B927-8C9C611C8528}.Release|Any CPU.Build.0 = Release|Any CPU
		{70F6F03D-FAA9-48ED-B927-8C9C611C8528}.THA_DEV|Any CPU.ActiveCfg = Release|Any CPU
		{70F6F03D-FAA9-48ED-B927-8C9C611C8528}.THA_DEV|Any CPU.Build.0 = Release|Any CPU
		{70F6F03D-FAA9-48ED-B927-8C9C611C8528}.THA_LOC|Any CPU.ActiveCfg = Release|Any CPU
		{70F6F03D-FAA9-48ED-B927-8C9C611C8528}.THA_LOC|Any CPU.Build.0 = Release|Any CPU
		{70F6F03D-FAA9-48ED-B927-8C9C611C8528}.THA_TST|Any CPU.ActiveCfg = Release|Any CPU
		{70F6F03D-FAA9-48ED-B927-8C9C611C8528}.THA_TST|Any CPU.Build.0 = Release|Any CPU
		{D2566E2B-C688-4690-AF5A-4D082FB5FD96}.Debug|Any CPU.ActiveCfg = Debug|Any CPU
		{D2566E2B-C688-4690-AF5A-4D082FB5FD96}.Debug|Any CPU.Build.0 = Debug|Any CPU
		{D2566E2B-C688-4690-AF5A-4D082FB5FD96}.GR_DEV|Any CPU.ActiveCfg = NL_PRD|Any CPU
		{D2566E2B-C688-4690-AF5A-4D082FB5FD96}.GR_DEV|Any CPU.Build.0 = NL_PRD|Any CPU
		{D2566E2B-C688-4690-AF5A-4D082FB5FD96}.GR_LOC|Any CPU.ActiveCfg = NL_PRD|Any CPU
		{D2566E2B-C688-4690-AF5A-4D082FB5FD96}.GR_LOC|Any CPU.Build.0 = NL_PRD|Any CPU
		{D2566E2B-C688-4690-AF5A-4D082FB5FD96}.GR_TST|Any CPU.ActiveCfg = NL_PRD|Any CPU
		{D2566E2B-C688-4690-AF5A-4D082FB5FD96}.GR_TST|Any CPU.Build.0 = NL_PRD|Any CPU
		{D2566E2B-C688-4690-AF5A-4D082FB5FD96}.INT_DEV|Any CPU.ActiveCfg = NL_PRD|Any CPU
		{D2566E2B-C688-4690-AF5A-4D082FB5FD96}.INT_DEV|Any CPU.Build.0 = NL_PRD|Any CPU
		{D2566E2B-C688-4690-AF5A-4D082FB5FD96}.INT_TST|Any CPU.ActiveCfg = NL_PRD|Any CPU
		{D2566E2B-C688-4690-AF5A-4D082FB5FD96}.INT_TST|Any CPU.Build.0 = NL_PRD|Any CPU
		{D2566E2B-C688-4690-AF5A-4D082FB5FD96}.NL_ACC|Any CPU.ActiveCfg = Release|Any CPU
		{D2566E2B-C688-4690-AF5A-4D082FB5FD96}.NL_ACC|Any CPU.Build.0 = Release|Any CPU
		{D2566E2B-C688-4690-AF5A-4D082FB5FD96}.NL_DEV|Any CPU.ActiveCfg = Release|Any CPU
		{D2566E2B-C688-4690-AF5A-4D082FB5FD96}.NL_DEV|Any CPU.Build.0 = Release|Any CPU
		{D2566E2B-C688-4690-AF5A-4D082FB5FD96}.NL_LOC|Any CPU.ActiveCfg = Release|Any CPU
		{D2566E2B-C688-4690-AF5A-4D082FB5FD96}.NL_LOC|Any CPU.Build.0 = Release|Any CPU
		{D2566E2B-C688-4690-AF5A-4D082FB5FD96}.NL_PRD|Any CPU.ActiveCfg = Release|Any CPU
		{D2566E2B-C688-4690-AF5A-4D082FB5FD96}.NL_PRD|Any CPU.Build.0 = Release|Any CPU
		{D2566E2B-C688-4690-AF5A-4D082FB5FD96}.NL_TST|Any CPU.ActiveCfg = Release|Any CPU
		{D2566E2B-C688-4690-AF5A-4D082FB5FD96}.NL_TST|Any CPU.Build.0 = Release|Any CPU
		{D2566E2B-C688-4690-AF5A-4D082FB5FD96}.Release|Any CPU.ActiveCfg = Release|Any CPU
		{D2566E2B-C688-4690-AF5A-4D082FB5FD96}.Release|Any CPU.Build.0 = Release|Any CPU
		{D2566E2B-C688-4690-AF5A-4D082FB5FD96}.THA_DEV|Any CPU.ActiveCfg = Release|Any CPU
		{D2566E2B-C688-4690-AF5A-4D082FB5FD96}.THA_DEV|Any CPU.Build.0 = Release|Any CPU
		{D2566E2B-C688-4690-AF5A-4D082FB5FD96}.THA_LOC|Any CPU.ActiveCfg = Release|Any CPU
		{D2566E2B-C688-4690-AF5A-4D082FB5FD96}.THA_LOC|Any CPU.Build.0 = Release|Any CPU
		{D2566E2B-C688-4690-AF5A-4D082FB5FD96}.THA_TST|Any CPU.ActiveCfg = Release|Any CPU
		{D2566E2B-C688-4690-AF5A-4D082FB5FD96}.THA_TST|Any CPU.Build.0 = Release|Any CPU
		{F2BA58DD-EA5F-4FEB-86AD-9B54FE01F26D}.Debug|Any CPU.ActiveCfg = Debug|Any CPU
		{F2BA58DD-EA5F-4FEB-86AD-9B54FE01F26D}.Debug|Any CPU.Build.0 = Debug|Any CPU
		{F2BA58DD-EA5F-4FEB-86AD-9B54FE01F26D}.GR_DEV|Any CPU.ActiveCfg = NL_PRD|Any CPU
		{F2BA58DD-EA5F-4FEB-86AD-9B54FE01F26D}.GR_DEV|Any CPU.Build.0 = NL_PRD|Any CPU
		{F2BA58DD-EA5F-4FEB-86AD-9B54FE01F26D}.GR_LOC|Any CPU.ActiveCfg = NL_PRD|Any CPU
		{F2BA58DD-EA5F-4FEB-86AD-9B54FE01F26D}.GR_LOC|Any CPU.Build.0 = NL_PRD|Any CPU
		{F2BA58DD-EA5F-4FEB-86AD-9B54FE01F26D}.GR_TST|Any CPU.ActiveCfg = NL_PRD|Any CPU
		{F2BA58DD-EA5F-4FEB-86AD-9B54FE01F26D}.GR_TST|Any CPU.Build.0 = NL_PRD|Any CPU
		{F2BA58DD-EA5F-4FEB-86AD-9B54FE01F26D}.INT_DEV|Any CPU.ActiveCfg = NL_PRD|Any CPU
		{F2BA58DD-EA5F-4FEB-86AD-9B54FE01F26D}.INT_DEV|Any CPU.Build.0 = NL_PRD|Any CPU
		{F2BA58DD-EA5F-4FEB-86AD-9B54FE01F26D}.INT_TST|Any CPU.ActiveCfg = NL_PRD|Any CPU
		{F2BA58DD-EA5F-4FEB-86AD-9B54FE01F26D}.INT_TST|Any CPU.Build.0 = NL_PRD|Any CPU
		{F2BA58DD-EA5F-4FEB-86AD-9B54FE01F26D}.NL_ACC|Any CPU.ActiveCfg = Release|Any CPU
		{F2BA58DD-EA5F-4FEB-86AD-9B54FE01F26D}.NL_ACC|Any CPU.Build.0 = Release|Any CPU
		{F2BA58DD-EA5F-4FEB-86AD-9B54FE01F26D}.NL_DEV|Any CPU.ActiveCfg = Release|Any CPU
		{F2BA58DD-EA5F-4FEB-86AD-9B54FE01F26D}.NL_DEV|Any CPU.Build.0 = Release|Any CPU
		{F2BA58DD-EA5F-4FEB-86AD-9B54FE01F26D}.NL_LOC|Any CPU.ActiveCfg = Release|Any CPU
		{F2BA58DD-EA5F-4FEB-86AD-9B54FE01F26D}.NL_LOC|Any CPU.Build.0 = Release|Any CPU
		{F2BA58DD-EA5F-4FEB-86AD-9B54FE01F26D}.NL_PRD|Any CPU.ActiveCfg = Release|Any CPU
		{F2BA58DD-EA5F-4FEB-86AD-9B54FE01F26D}.NL_PRD|Any CPU.Build.0 = Release|Any CPU
		{F2BA58DD-EA5F-4FEB-86AD-9B54FE01F26D}.NL_TST|Any CPU.ActiveCfg = Release|Any CPU
		{F2BA58DD-EA5F-4FEB-86AD-9B54FE01F26D}.NL_TST|Any CPU.Build.0 = Release|Any CPU
		{F2BA58DD-EA5F-4FEB-86AD-9B54FE01F26D}.Release|Any CPU.ActiveCfg = Release|Any CPU
		{F2BA58DD-EA5F-4FEB-86AD-9B54FE01F26D}.Release|Any CPU.Build.0 = Release|Any CPU
		{F2BA58DD-EA5F-4FEB-86AD-9B54FE01F26D}.THA_DEV|Any CPU.ActiveCfg = Release|Any CPU
		{F2BA58DD-EA5F-4FEB-86AD-9B54FE01F26D}.THA_DEV|Any CPU.Build.0 = Release|Any CPU
		{F2BA58DD-EA5F-4FEB-86AD-9B54FE01F26D}.THA_LOC|Any CPU.ActiveCfg = Release|Any CPU
		{F2BA58DD-EA5F-4FEB-86AD-9B54FE01F26D}.THA_LOC|Any CPU.Build.0 = Release|Any CPU
		{F2BA58DD-EA5F-4FEB-86AD-9B54FE01F26D}.THA_TST|Any CPU.ActiveCfg = Release|Any CPU
		{F2BA58DD-EA5F-4FEB-86AD-9B54FE01F26D}.THA_TST|Any CPU.Build.0 = Release|Any CPU
		{6B6256F4-A9F9-4A3E-A002-40AEFFFE7764}.Debug|Any CPU.ActiveCfg = Debug|Any CPU
		{6B6256F4-A9F9-4A3E-A002-40AEFFFE7764}.Debug|Any CPU.Build.0 = Debug|Any CPU
		{6B6256F4-A9F9-4A3E-A002-40AEFFFE7764}.GR_DEV|Any CPU.ActiveCfg = NL_PRD|Any CPU
		{6B6256F4-A9F9-4A3E-A002-40AEFFFE7764}.GR_DEV|Any CPU.Build.0 = NL_PRD|Any CPU
		{6B6256F4-A9F9-4A3E-A002-40AEFFFE7764}.GR_LOC|Any CPU.ActiveCfg = NL_PRD|Any CPU
		{6B6256F4-A9F9-4A3E-A002-40AEFFFE7764}.GR_LOC|Any CPU.Build.0 = NL_PRD|Any CPU
		{6B6256F4-A9F9-4A3E-A002-40AEFFFE7764}.GR_TST|Any CPU.ActiveCfg = NL_PRD|Any CPU
		{6B6256F4-A9F9-4A3E-A002-40AEFFFE7764}.GR_TST|Any CPU.Build.0 = NL_PRD|Any CPU
		{6B6256F4-A9F9-4A3E-A002-40AEFFFE7764}.INT_DEV|Any CPU.ActiveCfg = NL_PRD|Any CPU
		{6B6256F4-A9F9-4A3E-A002-40AEFFFE7764}.INT_DEV|Any CPU.Build.0 = NL_PRD|Any CPU
		{6B6256F4-A9F9-4A3E-A002-40AEFFFE7764}.INT_TST|Any CPU.ActiveCfg = NL_PRD|Any CPU
		{6B6256F4-A9F9-4A3E-A002-40AEFFFE7764}.INT_TST|Any CPU.Build.0 = NL_PRD|Any CPU
		{6B6256F4-A9F9-4A3E-A002-40AEFFFE7764}.NL_ACC|Any CPU.ActiveCfg = Release|Any CPU
		{6B6256F4-A9F9-4A3E-A002-40AEFFFE7764}.NL_ACC|Any CPU.Build.0 = Release|Any CPU
		{6B6256F4-A9F9-4A3E-A002-40AEFFFE7764}.NL_DEV|Any CPU.ActiveCfg = Release|Any CPU
		{6B6256F4-A9F9-4A3E-A002-40AEFFFE7764}.NL_DEV|Any CPU.Build.0 = Release|Any CPU
		{6B6256F4-A9F9-4A3E-A002-40AEFFFE7764}.NL_LOC|Any CPU.ActiveCfg = Release|Any CPU
		{6B6256F4-A9F9-4A3E-A002-40AEFFFE7764}.NL_LOC|Any CPU.Build.0 = Release|Any CPU
		{6B6256F4-A9F9-4A3E-A002-40AEFFFE7764}.NL_PRD|Any CPU.ActiveCfg = Release|Any CPU
		{6B6256F4-A9F9-4A3E-A002-40AEFFFE7764}.NL_PRD|Any CPU.Build.0 = Release|Any CPU
		{6B6256F4-A9F9-4A3E-A002-40AEFFFE7764}.NL_TST|Any CPU.ActiveCfg = Release|Any CPU
		{6B6256F4-A9F9-4A3E-A002-40AEFFFE7764}.NL_TST|Any CPU.Build.0 = Release|Any CPU
		{6B6256F4-A9F9-4A3E-A002-40AEFFFE7764}.Release|Any CPU.ActiveCfg = Release|Any CPU
		{6B6256F4-A9F9-4A3E-A002-40AEFFFE7764}.Release|Any CPU.Build.0 = Release|Any CPU
		{6B6256F4-A9F9-4A3E-A002-40AEFFFE7764}.THA_DEV|Any CPU.ActiveCfg = Release|Any CPU
		{6B6256F4-A9F9-4A3E-A002-40AEFFFE7764}.THA_DEV|Any CPU.Build.0 = Release|Any CPU
		{6B6256F4-A9F9-4A3E-A002-40AEFFFE7764}.THA_LOC|Any CPU.ActiveCfg = Release|Any CPU
		{6B6256F4-A9F9-4A3E-A002-40AEFFFE7764}.THA_LOC|Any CPU.Build.0 = Release|Any CPU
		{6B6256F4-A9F9-4A3E-A002-40AEFFFE7764}.THA_TST|Any CPU.ActiveCfg = Release|Any CPU
		{6B6256F4-A9F9-4A3E-A002-40AEFFFE7764}.THA_TST|Any CPU.Build.0 = Release|Any CPU
		{14167815-7B75-4D31-900A-21C2CEF349F8}.Debug|Any CPU.ActiveCfg = Debug|Any CPU
		{14167815-7B75-4D31-900A-21C2CEF349F8}.Debug|Any CPU.Build.0 = Debug|Any CPU
		{14167815-7B75-4D31-900A-21C2CEF349F8}.GR_DEV|Any CPU.ActiveCfg = NL_PRD|Any CPU
		{14167815-7B75-4D31-900A-21C2CEF349F8}.GR_DEV|Any CPU.Build.0 = NL_PRD|Any CPU
		{14167815-7B75-4D31-900A-21C2CEF349F8}.GR_LOC|Any CPU.ActiveCfg = NL_PRD|Any CPU
		{14167815-7B75-4D31-900A-21C2CEF349F8}.GR_LOC|Any CPU.Build.0 = NL_PRD|Any CPU
		{14167815-7B75-4D31-900A-21C2CEF349F8}.GR_TST|Any CPU.ActiveCfg = NL_PRD|Any CPU
		{14167815-7B75-4D31-900A-21C2CEF349F8}.GR_TST|Any CPU.Build.0 = NL_PRD|Any CPU
		{14167815-7B75-4D31-900A-21C2CEF349F8}.INT_DEV|Any CPU.ActiveCfg = NL_PRD|Any CPU
		{14167815-7B75-4D31-900A-21C2CEF349F8}.INT_DEV|Any CPU.Build.0 = NL_PRD|Any CPU
		{14167815-7B75-4D31-900A-21C2CEF349F8}.INT_TST|Any CPU.ActiveCfg = NL_PRD|Any CPU
		{14167815-7B75-4D31-900A-21C2CEF349F8}.INT_TST|Any CPU.Build.0 = NL_PRD|Any CPU
		{14167815-7B75-4D31-900A-21C2CEF349F8}.NL_ACC|Any CPU.ActiveCfg = Release|Any CPU
		{14167815-7B75-4D31-900A-21C2CEF349F8}.NL_ACC|Any CPU.Build.0 = Release|Any CPU
		{14167815-7B75-4D31-900A-21C2CEF349F8}.NL_DEV|Any CPU.ActiveCfg = Release|Any CPU
		{14167815-7B75-4D31-900A-21C2CEF349F8}.NL_DEV|Any CPU.Build.0 = Release|Any CPU
		{14167815-7B75-4D31-900A-21C2CEF349F8}.NL_LOC|Any CPU.ActiveCfg = Release|Any CPU
		{14167815-7B75-4D31-900A-21C2CEF349F8}.NL_LOC|Any CPU.Build.0 = Release|Any CPU
		{14167815-7B75-4D31-900A-21C2CEF349F8}.NL_PRD|Any CPU.ActiveCfg = Release|Any CPU
		{14167815-7B75-4D31-900A-21C2CEF349F8}.NL_PRD|Any CPU.Build.0 = Release|Any CPU
		{14167815-7B75-4D31-900A-21C2CEF349F8}.NL_TST|Any CPU.ActiveCfg = Release|Any CPU
		{14167815-7B75-4D31-900A-21C2CEF349F8}.NL_TST|Any CPU.Build.0 = Release|Any CPU
		{14167815-7B75-4D31-900A-21C2CEF349F8}.Release|Any CPU.ActiveCfg = Release|Any CPU
		{14167815-7B75-4D31-900A-21C2CEF349F8}.Release|Any CPU.Build.0 = Release|Any CPU
		{14167815-7B75-4D31-900A-21C2CEF349F8}.THA_DEV|Any CPU.ActiveCfg = Release|Any CPU
		{14167815-7B75-4D31-900A-21C2CEF349F8}.THA_DEV|Any CPU.Build.0 = Release|Any CPU
		{14167815-7B75-4D31-900A-21C2CEF349F8}.THA_LOC|Any CPU.ActiveCfg = Release|Any CPU
		{14167815-7B75-4D31-900A-21C2CEF349F8}.THA_LOC|Any CPU.Build.0 = Release|Any CPU
		{14167815-7B75-4D31-900A-21C2CEF349F8}.THA_TST|Any CPU.ActiveCfg = Release|Any CPU
		{14167815-7B75-4D31-900A-21C2CEF349F8}.THA_TST|Any CPU.Build.0 = Release|Any CPU
		{2A75C607-FBC9-4550-AB4E-D1434429F3F9}.Debug|Any CPU.ActiveCfg = Debug|Any CPU
		{2A75C607-FBC9-4550-AB4E-D1434429F3F9}.Debug|Any CPU.Build.0 = Debug|Any CPU
		{2A75C607-FBC9-4550-AB4E-D1434429F3F9}.GR_DEV|Any CPU.ActiveCfg = NL_PRD|Any CPU
		{2A75C607-FBC9-4550-AB4E-D1434429F3F9}.GR_DEV|Any CPU.Build.0 = NL_PRD|Any CPU
		{2A75C607-FBC9-4550-AB4E-D1434429F3F9}.GR_LOC|Any CPU.ActiveCfg = NL_PRD|Any CPU
		{2A75C607-FBC9-4550-AB4E-D1434429F3F9}.GR_LOC|Any CPU.Build.0 = NL_PRD|Any CPU
		{2A75C607-FBC9-4550-AB4E-D1434429F3F9}.GR_TST|Any CPU.ActiveCfg = NL_PRD|Any CPU
		{2A75C607-FBC9-4550-AB4E-D1434429F3F9}.GR_TST|Any CPU.Build.0 = NL_PRD|Any CPU
		{2A75C607-FBC9-4550-AB4E-D1434429F3F9}.INT_DEV|Any CPU.ActiveCfg = NL_PRD|Any CPU
		{2A75C607-FBC9-4550-AB4E-D1434429F3F9}.INT_DEV|Any CPU.Build.0 = NL_PRD|Any CPU
		{2A75C607-FBC9-4550-AB4E-D1434429F3F9}.INT_TST|Any CPU.ActiveCfg = NL_PRD|Any CPU
		{2A75C607-FBC9-4550-AB4E-D1434429F3F9}.INT_TST|Any CPU.Build.0 = NL_PRD|Any CPU
		{2A75C607-FBC9-4550-AB4E-D1434429F3F9}.NL_ACC|Any CPU.ActiveCfg = Release|Any CPU
		{2A75C607-FBC9-4550-AB4E-D1434429F3F9}.NL_ACC|Any CPU.Build.0 = Release|Any CPU
		{2A75C607-FBC9-4550-AB4E-D1434429F3F9}.NL_DEV|Any CPU.ActiveCfg = Release|Any CPU
		{2A75C607-FBC9-4550-AB4E-D1434429F3F9}.NL_DEV|Any CPU.Build.0 = Release|Any CPU
		{2A75C607-FBC9-4550-AB4E-D1434429F3F9}.NL_LOC|Any CPU.ActiveCfg = Release|Any CPU
		{2A75C607-FBC9-4550-AB4E-D1434429F3F9}.NL_LOC|Any CPU.Build.0 = Release|Any CPU
		{2A75C607-FBC9-4550-AB4E-D1434429F3F9}.NL_PRD|Any CPU.ActiveCfg = Release|Any CPU
		{2A75C607-FBC9-4550-AB4E-D1434429F3F9}.NL_PRD|Any CPU.Build.0 = Release|Any CPU
		{2A75C607-FBC9-4550-AB4E-D1434429F3F9}.NL_TST|Any CPU.ActiveCfg = Release|Any CPU
		{2A75C607-FBC9-4550-AB4E-D1434429F3F9}.NL_TST|Any CPU.Build.0 = Release|Any CPU
		{2A75C607-FBC9-4550-AB4E-D1434429F3F9}.Release|Any CPU.ActiveCfg = Release|Any CPU
		{2A75C607-FBC9-4550-AB4E-D1434429F3F9}.Release|Any CPU.Build.0 = Release|Any CPU
		{2A75C607-FBC9-4550-AB4E-D1434429F3F9}.THA_DEV|Any CPU.ActiveCfg = Release|Any CPU
		{2A75C607-FBC9-4550-AB4E-D1434429F3F9}.THA_DEV|Any CPU.Build.0 = Release|Any CPU
		{2A75C607-FBC9-4550-AB4E-D1434429F3F9}.THA_LOC|Any CPU.ActiveCfg = Release|Any CPU
		{2A75C607-FBC9-4550-AB4E-D1434429F3F9}.THA_LOC|Any CPU.Build.0 = Release|Any CPU
		{2A75C607-FBC9-4550-AB4E-D1434429F3F9}.THA_TST|Any CPU.ActiveCfg = Release|Any CPU
		{2A75C607-FBC9-4550-AB4E-D1434429F3F9}.THA_TST|Any CPU.Build.0 = Release|Any CPU
		{B41417C3-4592-4BA7-ADF0-A03FE07F0228}.Debug|Any CPU.ActiveCfg = Debug|Any CPU
		{B41417C3-4592-4BA7-ADF0-A03FE07F0228}.Debug|Any CPU.Build.0 = Debug|Any CPU
		{B41417C3-4592-4BA7-ADF0-A03FE07F0228}.GR_DEV|Any CPU.ActiveCfg = NL_ACC|Any CPU
		{B41417C3-4592-4BA7-ADF0-A03FE07F0228}.GR_DEV|Any CPU.Build.0 = NL_ACC|Any CPU
		{B41417C3-4592-4BA7-ADF0-A03FE07F0228}.GR_LOC|Any CPU.ActiveCfg = NL_ACC|Any CPU
		{B41417C3-4592-4BA7-ADF0-A03FE07F0228}.GR_LOC|Any CPU.Build.0 = NL_ACC|Any CPU
		{B41417C3-4592-4BA7-ADF0-A03FE07F0228}.GR_TST|Any CPU.ActiveCfg = NL_ACC|Any CPU
		{B41417C3-4592-4BA7-ADF0-A03FE07F0228}.GR_TST|Any CPU.Build.0 = NL_ACC|Any CPU
		{B41417C3-4592-4BA7-ADF0-A03FE07F0228}.INT_DEV|Any CPU.ActiveCfg = NL_ACC|Any CPU
		{B41417C3-4592-4BA7-ADF0-A03FE07F0228}.INT_DEV|Any CPU.Build.0 = NL_ACC|Any CPU
		{B41417C3-4592-4BA7-ADF0-A03FE07F0228}.INT_TST|Any CPU.ActiveCfg = NL_ACC|Any CPU
		{B41417C3-4592-4BA7-ADF0-A03FE07F0228}.INT_TST|Any CPU.Build.0 = NL_ACC|Any CPU
		{B41417C3-4592-4BA7-ADF0-A03FE07F0228}.NL_ACC|Any CPU.ActiveCfg = NL_DEV|Any CPU
		{B41417C3-4592-4BA7-ADF0-A03FE07F0228}.NL_ACC|Any CPU.Build.0 = NL_DEV|Any CPU
		{B41417C3-4592-4BA7-ADF0-A03FE07F0228}.NL_DEV|Any CPU.ActiveCfg = Release|Any CPU
		{B41417C3-4592-4BA7-ADF0-A03FE07F0228}.NL_DEV|Any CPU.Build.0 = Release|Any CPU
		{B41417C3-4592-4BA7-ADF0-A03FE07F0228}.NL_LOC|Any CPU.ActiveCfg = Release|Any CPU
		{B41417C3-4592-4BA7-ADF0-A03FE07F0228}.NL_LOC|Any CPU.Build.0 = Release|Any CPU
		{B41417C3-4592-4BA7-ADF0-A03FE07F0228}.NL_PRD|Any CPU.ActiveCfg = Release|Any CPU
		{B41417C3-4592-4BA7-ADF0-A03FE07F0228}.NL_PRD|Any CPU.Build.0 = Release|Any CPU
		{B41417C3-4592-4BA7-ADF0-A03FE07F0228}.NL_TST|Any CPU.ActiveCfg = NL_TST|Any CPU
		{B41417C3-4592-4BA7-ADF0-A03FE07F0228}.NL_TST|Any CPU.Build.0 = NL_TST|Any CPU
		{B41417C3-4592-4BA7-ADF0-A03FE07F0228}.Release|Any CPU.ActiveCfg = Release|Any CPU
		{B41417C3-4592-4BA7-ADF0-A03FE07F0228}.Release|Any CPU.Build.0 = Release|Any CPU
		{B41417C3-4592-4BA7-ADF0-A03FE07F0228}.THA_DEV|Any CPU.ActiveCfg = THA_DEV|Any CPU
		{B41417C3-4592-4BA7-ADF0-A03FE07F0228}.THA_DEV|Any CPU.Build.0 = THA_DEV|Any CPU
		{B41417C3-4592-4BA7-ADF0-A03FE07F0228}.THA_LOC|Any CPU.ActiveCfg = Release|Any CPU
		{B41417C3-4592-4BA7-ADF0-A03FE07F0228}.THA_LOC|Any CPU.Build.0 = Release|Any CPU
		{B41417C3-4592-4BA7-ADF0-A03FE07F0228}.THA_TST|Any CPU.ActiveCfg = Release|Any CPU
		{B41417C3-4592-4BA7-ADF0-A03FE07F0228}.THA_TST|Any CPU.Build.0 = Release|Any CPU
		{F29DF008-1AB5-444D-BDA1-6DA0656D6D0B}.Debug|Any CPU.ActiveCfg = Debug|Any CPU
		{F29DF008-1AB5-444D-BDA1-6DA0656D6D0B}.Debug|Any CPU.Build.0 = Debug|Any CPU
		{F29DF008-1AB5-444D-BDA1-6DA0656D6D0B}.GR_DEV|Any CPU.ActiveCfg = NL_PRD|Any CPU
		{F29DF008-1AB5-444D-BDA1-6DA0656D6D0B}.GR_DEV|Any CPU.Build.0 = NL_PRD|Any CPU
		{F29DF008-1AB5-444D-BDA1-6DA0656D6D0B}.GR_LOC|Any CPU.ActiveCfg = NL_PRD|Any CPU
		{F29DF008-1AB5-444D-BDA1-6DA0656D6D0B}.GR_LOC|Any CPU.Build.0 = NL_PRD|Any CPU
		{F29DF008-1AB5-444D-BDA1-6DA0656D6D0B}.GR_TST|Any CPU.ActiveCfg = NL_PRD|Any CPU
		{F29DF008-1AB5-444D-BDA1-6DA0656D6D0B}.GR_TST|Any CPU.Build.0 = NL_PRD|Any CPU
		{F29DF008-1AB5-444D-BDA1-6DA0656D6D0B}.INT_DEV|Any CPU.ActiveCfg = NL_PRD|Any CPU
		{F29DF008-1AB5-444D-BDA1-6DA0656D6D0B}.INT_DEV|Any CPU.Build.0 = NL_PRD|Any CPU
		{F29DF008-1AB5-444D-BDA1-6DA0656D6D0B}.INT_TST|Any CPU.ActiveCfg = NL_PRD|Any CPU
		{F29DF008-1AB5-444D-BDA1-6DA0656D6D0B}.INT_TST|Any CPU.Build.0 = NL_PRD|Any CPU
		{F29DF008-1AB5-444D-BDA1-6DA0656D6D0B}.NL_ACC|Any CPU.ActiveCfg = Release|Any CPU
		{F29DF008-1AB5-444D-BDA1-6DA0656D6D0B}.NL_ACC|Any CPU.Build.0 = Release|Any CPU
		{F29DF008-1AB5-444D-BDA1-6DA0656D6D0B}.NL_ACC|Any CPU.Deploy.0 = Release|Any CPU
		{F29DF008-1AB5-444D-BDA1-6DA0656D6D0B}.NL_DEV|Any CPU.ActiveCfg = Release|Any CPU
		{F29DF008-1AB5-444D-BDA1-6DA0656D6D0B}.NL_DEV|Any CPU.Build.0 = Release|Any CPU
		{F29DF008-1AB5-444D-BDA1-6DA0656D6D0B}.NL_LOC|Any CPU.ActiveCfg = Release|Any CPU
		{F29DF008-1AB5-444D-BDA1-6DA0656D6D0B}.NL_LOC|Any CPU.Build.0 = Release|Any CPU
		{F29DF008-1AB5-444D-BDA1-6DA0656D6D0B}.NL_PRD|Any CPU.ActiveCfg = Release|Any CPU
		{F29DF008-1AB5-444D-BDA1-6DA0656D6D0B}.NL_PRD|Any CPU.Build.0 = Release|Any CPU
		{F29DF008-1AB5-444D-BDA1-6DA0656D6D0B}.NL_TST|Any CPU.ActiveCfg = Release|Any CPU
		{F29DF008-1AB5-444D-BDA1-6DA0656D6D0B}.NL_TST|Any CPU.Build.0 = Release|Any CPU
		{F29DF008-1AB5-444D-BDA1-6DA0656D6D0B}.Release|Any CPU.ActiveCfg = Release|Any CPU
		{F29DF008-1AB5-444D-BDA1-6DA0656D6D0B}.Release|Any CPU.Build.0 = Release|Any CPU
		{F29DF008-1AB5-444D-BDA1-6DA0656D6D0B}.THA_DEV|Any CPU.ActiveCfg = Release|Any CPU
		{F29DF008-1AB5-444D-BDA1-6DA0656D6D0B}.THA_DEV|Any CPU.Build.0 = Release|Any CPU
		{F29DF008-1AB5-444D-BDA1-6DA0656D6D0B}.THA_LOC|Any CPU.ActiveCfg = Release|Any CPU
		{F29DF008-1AB5-444D-BDA1-6DA0656D6D0B}.THA_LOC|Any CPU.Build.0 = Release|Any CPU
		{F29DF008-1AB5-444D-BDA1-6DA0656D6D0B}.THA_TST|Any CPU.ActiveCfg = Release|Any CPU
		{F29DF008-1AB5-444D-BDA1-6DA0656D6D0B}.THA_TST|Any CPU.Build.0 = Release|Any CPU
		{2ED97BDB-3526-46E1-ABCE-EA4008DA4D60}.Debug|Any CPU.ActiveCfg = Debug|Any CPU
		{2ED97BDB-3526-46E1-ABCE-EA4008DA4D60}.Debug|Any CPU.Build.0 = Debug|Any CPU
		{2ED97BDB-3526-46E1-ABCE-EA4008DA4D60}.GR_DEV|Any CPU.ActiveCfg = NL_PRD|Any CPU
		{2ED97BDB-3526-46E1-ABCE-EA4008DA4D60}.GR_DEV|Any CPU.Build.0 = NL_PRD|Any CPU
		{2ED97BDB-3526-46E1-ABCE-EA4008DA4D60}.GR_LOC|Any CPU.ActiveCfg = NL_PRD|Any CPU
		{2ED97BDB-3526-46E1-ABCE-EA4008DA4D60}.GR_LOC|Any CPU.Build.0 = NL_PRD|Any CPU
		{2ED97BDB-3526-46E1-ABCE-EA4008DA4D60}.GR_TST|Any CPU.ActiveCfg = NL_PRD|Any CPU
		{2ED97BDB-3526-46E1-ABCE-EA4008DA4D60}.GR_TST|Any CPU.Build.0 = NL_PRD|Any CPU
		{2ED97BDB-3526-46E1-ABCE-EA4008DA4D60}.INT_DEV|Any CPU.ActiveCfg = NL_PRD|Any CPU
		{2ED97BDB-3526-46E1-ABCE-EA4008DA4D60}.INT_DEV|Any CPU.Build.0 = NL_PRD|Any CPU
		{2ED97BDB-3526-46E1-ABCE-EA4008DA4D60}.INT_TST|Any CPU.ActiveCfg = NL_PRD|Any CPU
		{2ED97BDB-3526-46E1-ABCE-EA4008DA4D60}.INT_TST|Any CPU.Build.0 = NL_PRD|Any CPU
		{2ED97BDB-3526-46E1-ABCE-EA4008DA4D60}.NL_ACC|Any CPU.ActiveCfg = Release|Any CPU
		{2ED97BDB-3526-46E1-ABCE-EA4008DA4D60}.NL_ACC|Any CPU.Build.0 = Release|Any CPU
		{2ED97BDB-3526-46E1-ABCE-EA4008DA4D60}.NL_DEV|Any CPU.ActiveCfg = Release|Any CPU
		{2ED97BDB-3526-46E1-ABCE-EA4008DA4D60}.NL_DEV|Any CPU.Build.0 = Release|Any CPU
		{2ED97BDB-3526-46E1-ABCE-EA4008DA4D60}.NL_LOC|Any CPU.ActiveCfg = Release|Any CPU
		{2ED97BDB-3526-46E1-ABCE-EA4008DA4D60}.NL_LOC|Any CPU.Build.0 = Release|Any CPU
		{2ED97BDB-3526-46E1-ABCE-EA4008DA4D60}.NL_PRD|Any CPU.ActiveCfg = Release|Any CPU
		{2ED97BDB-3526-46E1-ABCE-EA4008DA4D60}.NL_PRD|Any CPU.Build.0 = Release|Any CPU
		{2ED97BDB-3526-46E1-ABCE-EA4008DA4D60}.NL_TST|Any CPU.ActiveCfg = Release|Any CPU
		{2ED97BDB-3526-46E1-ABCE-EA4008DA4D60}.NL_TST|Any CPU.Build.0 = Release|Any CPU
		{2ED97BDB-3526-46E1-ABCE-EA4008DA4D60}.Release|Any CPU.ActiveCfg = Release|Any CPU
		{2ED97BDB-3526-46E1-ABCE-EA4008DA4D60}.Release|Any CPU.Build.0 = Release|Any CPU
		{2ED97BDB-3526-46E1-ABCE-EA4008DA4D60}.THA_DEV|Any CPU.ActiveCfg = Release|Any CPU
		{2ED97BDB-3526-46E1-ABCE-EA4008DA4D60}.THA_DEV|Any CPU.Build.0 = Release|Any CPU
		{2ED97BDB-3526-46E1-ABCE-EA4008DA4D60}.THA_LOC|Any CPU.ActiveCfg = Release|Any CPU
		{2ED97BDB-3526-46E1-ABCE-EA4008DA4D60}.THA_LOC|Any CPU.Build.0 = Release|Any CPU
		{2ED97BDB-3526-46E1-ABCE-EA4008DA4D60}.THA_TST|Any CPU.ActiveCfg = Release|Any CPU
		{2ED97BDB-3526-46E1-ABCE-EA4008DA4D60}.THA_TST|Any CPU.Build.0 = Release|Any CPU
		{69913846-8DAB-45C9-8349-A28D02D99297}.Debug|Any CPU.ActiveCfg = Debug|Any CPU
		{69913846-8DAB-45C9-8349-A28D02D99297}.Debug|Any CPU.Build.0 = Debug|Any CPU
		{69913846-8DAB-45C9-8349-A28D02D99297}.GR_DEV|Any CPU.ActiveCfg = NL_PRD|Any CPU
		{69913846-8DAB-45C9-8349-A28D02D99297}.GR_DEV|Any CPU.Build.0 = NL_PRD|Any CPU
		{69913846-8DAB-45C9-8349-A28D02D99297}.GR_LOC|Any CPU.ActiveCfg = NL_PRD|Any CPU
		{69913846-8DAB-45C9-8349-A28D02D99297}.GR_LOC|Any CPU.Build.0 = NL_PRD|Any CPU
		{69913846-8DAB-45C9-8349-A28D02D99297}.GR_TST|Any CPU.ActiveCfg = NL_PRD|Any CPU
		{69913846-8DAB-45C9-8349-A28D02D99297}.GR_TST|Any CPU.Build.0 = NL_PRD|Any CPU
		{69913846-8DAB-45C9-8349-A28D02D99297}.INT_DEV|Any CPU.ActiveCfg = NL_PRD|Any CPU
		{69913846-8DAB-45C9-8349-A28D02D99297}.INT_DEV|Any CPU.Build.0 = NL_PRD|Any CPU
		{69913846-8DAB-45C9-8349-A28D02D99297}.INT_TST|Any CPU.ActiveCfg = NL_PRD|Any CPU
		{69913846-8DAB-45C9-8349-A28D02D99297}.INT_TST|Any CPU.Build.0 = NL_PRD|Any CPU
		{69913846-8DAB-45C9-8349-A28D02D99297}.NL_ACC|Any CPU.ActiveCfg = Release|Any CPU
		{69913846-8DAB-45C9-8349-A28D02D99297}.NL_ACC|Any CPU.Build.0 = Release|Any CPU
		{69913846-8DAB-45C9-8349-A28D02D99297}.NL_DEV|Any CPU.ActiveCfg = Release|Any CPU
		{69913846-8DAB-45C9-8349-A28D02D99297}.NL_DEV|Any CPU.Build.0 = Release|Any CPU
		{69913846-8DAB-45C9-8349-A28D02D99297}.NL_LOC|Any CPU.ActiveCfg = Release|Any CPU
		{69913846-8DAB-45C9-8349-A28D02D99297}.NL_LOC|Any CPU.Build.0 = Release|Any CPU
		{69913846-8DAB-45C9-8349-A28D02D99297}.NL_PRD|Any CPU.ActiveCfg = Release|Any CPU
		{69913846-8DAB-45C9-8349-A28D02D99297}.NL_PRD|Any CPU.Build.0 = Release|Any CPU
		{69913846-8DAB-45C9-8349-A28D02D99297}.NL_TST|Any CPU.ActiveCfg = Release|Any CPU
		{69913846-8DAB-45C9-8349-A28D02D99297}.NL_TST|Any CPU.Build.0 = Release|Any CPU
		{69913846-8DAB-45C9-8349-A28D02D99297}.Release|Any CPU.ActiveCfg = Release|Any CPU
		{69913846-8DAB-45C9-8349-A28D02D99297}.Release|Any CPU.Build.0 = Release|Any CPU
		{69913846-8DAB-45C9-8349-A28D02D99297}.THA_DEV|Any CPU.ActiveCfg = Release|Any CPU
		{69913846-8DAB-45C9-8349-A28D02D99297}.THA_DEV|Any CPU.Build.0 = Release|Any CPU
		{69913846-8DAB-45C9-8349-A28D02D99297}.THA_LOC|Any CPU.ActiveCfg = Release|Any CPU
		{69913846-8DAB-45C9-8349-A28D02D99297}.THA_LOC|Any CPU.Build.0 = Release|Any CPU
		{69913846-8DAB-45C9-8349-A28D02D99297}.THA_TST|Any CPU.ActiveCfg = Release|Any CPU
		{69913846-8DAB-45C9-8349-A28D02D99297}.THA_TST|Any CPU.Build.0 = Release|Any CPU
		{08BB60D8-247C-41DD-A808-17F9D2F2C24A}.Debug|Any CPU.ActiveCfg = Debug|Any CPU
		{08BB60D8-247C-41DD-A808-17F9D2F2C24A}.Debug|Any CPU.Build.0 = Debug|Any CPU
		{08BB60D8-247C-41DD-A808-17F9D2F2C24A}.GR_DEV|Any CPU.ActiveCfg = NL_PRD|Any CPU
		{08BB60D8-247C-41DD-A808-17F9D2F2C24A}.GR_DEV|Any CPU.Build.0 = NL_PRD|Any CPU
		{08BB60D8-247C-41DD-A808-17F9D2F2C24A}.GR_LOC|Any CPU.ActiveCfg = NL_PRD|Any CPU
		{08BB60D8-247C-41DD-A808-17F9D2F2C24A}.GR_LOC|Any CPU.Build.0 = NL_PRD|Any CPU
		{08BB60D8-247C-41DD-A808-17F9D2F2C24A}.GR_TST|Any CPU.ActiveCfg = NL_PRD|Any CPU
		{08BB60D8-247C-41DD-A808-17F9D2F2C24A}.GR_TST|Any CPU.Build.0 = NL_PRD|Any CPU
		{08BB60D8-247C-41DD-A808-17F9D2F2C24A}.INT_DEV|Any CPU.ActiveCfg = NL_PRD|Any CPU
		{08BB60D8-247C-41DD-A808-17F9D2F2C24A}.INT_DEV|Any CPU.Build.0 = NL_PRD|Any CPU
		{08BB60D8-247C-41DD-A808-17F9D2F2C24A}.INT_TST|Any CPU.ActiveCfg = NL_PRD|Any CPU
		{08BB60D8-247C-41DD-A808-17F9D2F2C24A}.INT_TST|Any CPU.Build.0 = NL_PRD|Any CPU
		{08BB60D8-247C-41DD-A808-17F9D2F2C24A}.NL_ACC|Any CPU.ActiveCfg = Release|Any CPU
		{08BB60D8-247C-41DD-A808-17F9D2F2C24A}.NL_ACC|Any CPU.Build.0 = Release|Any CPU
		{08BB60D8-247C-41DD-A808-17F9D2F2C24A}.NL_DEV|Any CPU.ActiveCfg = Release|Any CPU
		{08BB60D8-247C-41DD-A808-17F9D2F2C24A}.NL_DEV|Any CPU.Build.0 = Release|Any CPU
		{08BB60D8-247C-41DD-A808-17F9D2F2C24A}.NL_LOC|Any CPU.ActiveCfg = Release|Any CPU
		{08BB60D8-247C-41DD-A808-17F9D2F2C24A}.NL_LOC|Any CPU.Build.0 = Release|Any CPU
		{08BB60D8-247C-41DD-A808-17F9D2F2C24A}.NL_PRD|Any CPU.ActiveCfg = Release|Any CPU
		{08BB60D8-247C-41DD-A808-17F9D2F2C24A}.NL_PRD|Any CPU.Build.0 = Release|Any CPU
		{08BB60D8-247C-41DD-A808-17F9D2F2C24A}.NL_TST|Any CPU.ActiveCfg = Release|Any CPU
		{08BB60D8-247C-41DD-A808-17F9D2F2C24A}.NL_TST|Any CPU.Build.0 = Release|Any CPU
		{08BB60D8-247C-41DD-A808-17F9D2F2C24A}.Release|Any CPU.ActiveCfg = Release|Any CPU
		{08BB60D8-247C-41DD-A808-17F9D2F2C24A}.Release|Any CPU.Build.0 = Release|Any CPU
		{08BB60D8-247C-41DD-A808-17F9D2F2C24A}.THA_DEV|Any CPU.ActiveCfg = Release|Any CPU
		{08BB60D8-247C-41DD-A808-17F9D2F2C24A}.THA_DEV|Any CPU.Build.0 = Release|Any CPU
		{08BB60D8-247C-41DD-A808-17F9D2F2C24A}.THA_LOC|Any CPU.ActiveCfg = Release|Any CPU
		{08BB60D8-247C-41DD-A808-17F9D2F2C24A}.THA_LOC|Any CPU.Build.0 = Release|Any CPU
		{08BB60D8-247C-41DD-A808-17F9D2F2C24A}.THA_TST|Any CPU.ActiveCfg = Release|Any CPU
		{08BB60D8-247C-41DD-A808-17F9D2F2C24A}.THA_TST|Any CPU.Build.0 = Release|Any CPU
		{E76AA0AE-917A-4774-84FF-91E1CEFFF507}.Debug|Any CPU.ActiveCfg = Debug|Any CPU
		{E76AA0AE-917A-4774-84FF-91E1CEFFF507}.Debug|Any CPU.Build.0 = Debug|Any CPU
		{E76AA0AE-917A-4774-84FF-91E1CEFFF507}.GR_DEV|Any CPU.ActiveCfg = NL_PRD|Any CPU
		{E76AA0AE-917A-4774-84FF-91E1CEFFF507}.GR_DEV|Any CPU.Build.0 = NL_PRD|Any CPU
		{E76AA0AE-917A-4774-84FF-91E1CEFFF507}.GR_LOC|Any CPU.ActiveCfg = NL_PRD|Any CPU
		{E76AA0AE-917A-4774-84FF-91E1CEFFF507}.GR_LOC|Any CPU.Build.0 = NL_PRD|Any CPU
		{E76AA0AE-917A-4774-84FF-91E1CEFFF507}.GR_TST|Any CPU.ActiveCfg = NL_PRD|Any CPU
		{E76AA0AE-917A-4774-84FF-91E1CEFFF507}.GR_TST|Any CPU.Build.0 = NL_PRD|Any CPU
		{E76AA0AE-917A-4774-84FF-91E1CEFFF507}.INT_DEV|Any CPU.ActiveCfg = NL_PRD|Any CPU
		{E76AA0AE-917A-4774-84FF-91E1CEFFF507}.INT_DEV|Any CPU.Build.0 = NL_PRD|Any CPU
		{E76AA0AE-917A-4774-84FF-91E1CEFFF507}.INT_TST|Any CPU.ActiveCfg = NL_PRD|Any CPU
		{E76AA0AE-917A-4774-84FF-91E1CEFFF507}.INT_TST|Any CPU.Build.0 = NL_PRD|Any CPU
		{E76AA0AE-917A-4774-84FF-91E1CEFFF507}.NL_ACC|Any CPU.ActiveCfg = Release|Any CPU
		{E76AA0AE-917A-4774-84FF-91E1CEFFF507}.NL_ACC|Any CPU.Build.0 = Release|Any CPU
		{E76AA0AE-917A-4774-84FF-91E1CEFFF507}.NL_DEV|Any CPU.ActiveCfg = Release|Any CPU
		{E76AA0AE-917A-4774-84FF-91E1CEFFF507}.NL_DEV|Any CPU.Build.0 = Release|Any CPU
		{E76AA0AE-917A-4774-84FF-91E1CEFFF507}.NL_LOC|Any CPU.ActiveCfg = Release|Any CPU
		{E76AA0AE-917A-4774-84FF-91E1CEFFF507}.NL_LOC|Any CPU.Build.0 = Release|Any CPU
		{E76AA0AE-917A-4774-84FF-91E1CEFFF507}.NL_PRD|Any CPU.ActiveCfg = Release|Any CPU
		{E76AA0AE-917A-4774-84FF-91E1CEFFF507}.NL_PRD|Any CPU.Build.0 = Release|Any CPU
		{E76AA0AE-917A-4774-84FF-91E1CEFFF507}.NL_TST|Any CPU.ActiveCfg = Release|Any CPU
		{E76AA0AE-917A-4774-84FF-91E1CEFFF507}.NL_TST|Any CPU.Build.0 = Release|Any CPU
		{E76AA0AE-917A-4774-84FF-91E1CEFFF507}.Release|Any CPU.ActiveCfg = Release|Any CPU
		{E76AA0AE-917A-4774-84FF-91E1CEFFF507}.Release|Any CPU.Build.0 = Release|Any CPU
		{E76AA0AE-917A-4774-84FF-91E1CEFFF507}.THA_DEV|Any CPU.ActiveCfg = Release|Any CPU
		{E76AA0AE-917A-4774-84FF-91E1CEFFF507}.THA_DEV|Any CPU.Build.0 = Release|Any CPU
		{E76AA0AE-917A-4774-84FF-91E1CEFFF507}.THA_LOC|Any CPU.ActiveCfg = Release|Any CPU
		{E76AA0AE-917A-4774-84FF-91E1CEFFF507}.THA_LOC|Any CPU.Build.0 = Release|Any CPU
		{E76AA0AE-917A-4774-84FF-91E1CEFFF507}.THA_TST|Any CPU.ActiveCfg = Release|Any CPU
		{E76AA0AE-917A-4774-84FF-91E1CEFFF507}.THA_TST|Any CPU.Build.0 = Release|Any CPU
		{0267E1E7-7CD0-495A-90EA-3C046BCD7B03}.Debug|Any CPU.ActiveCfg = Debug|Any CPU
		{0267E1E7-7CD0-495A-90EA-3C046BCD7B03}.Debug|Any CPU.Build.0 = Debug|Any CPU
		{0267E1E7-7CD0-495A-90EA-3C046BCD7B03}.GR_DEV|Any CPU.ActiveCfg = NL_PRD|Any CPU
		{0267E1E7-7CD0-495A-90EA-3C046BCD7B03}.GR_DEV|Any CPU.Build.0 = NL_PRD|Any CPU
		{0267E1E7-7CD0-495A-90EA-3C046BCD7B03}.GR_LOC|Any CPU.ActiveCfg = NL_PRD|Any CPU
		{0267E1E7-7CD0-495A-90EA-3C046BCD7B03}.GR_LOC|Any CPU.Build.0 = NL_PRD|Any CPU
		{0267E1E7-7CD0-495A-90EA-3C046BCD7B03}.GR_TST|Any CPU.ActiveCfg = NL_PRD|Any CPU
		{0267E1E7-7CD0-495A-90EA-3C046BCD7B03}.GR_TST|Any CPU.Build.0 = NL_PRD|Any CPU
		{0267E1E7-7CD0-495A-90EA-3C046BCD7B03}.INT_DEV|Any CPU.ActiveCfg = NL_PRD|Any CPU
		{0267E1E7-7CD0-495A-90EA-3C046BCD7B03}.INT_DEV|Any CPU.Build.0 = NL_PRD|Any CPU
		{0267E1E7-7CD0-495A-90EA-3C046BCD7B03}.INT_TST|Any CPU.ActiveCfg = NL_PRD|Any CPU
		{0267E1E7-7CD0-495A-90EA-3C046BCD7B03}.INT_TST|Any CPU.Build.0 = NL_PRD|Any CPU
		{0267E1E7-7CD0-495A-90EA-3C046BCD7B03}.NL_ACC|Any CPU.ActiveCfg = Release|Any CPU
		{0267E1E7-7CD0-495A-90EA-3C046BCD7B03}.NL_ACC|Any CPU.Build.0 = Release|Any CPU
		{0267E1E7-7CD0-495A-90EA-3C046BCD7B03}.NL_DEV|Any CPU.ActiveCfg = Release|Any CPU
		{0267E1E7-7CD0-495A-90EA-3C046BCD7B03}.NL_DEV|Any CPU.Build.0 = Release|Any CPU
		{0267E1E7-7CD0-495A-90EA-3C046BCD7B03}.NL_LOC|Any CPU.ActiveCfg = Release|Any CPU
		{0267E1E7-7CD0-495A-90EA-3C046BCD7B03}.NL_LOC|Any CPU.Build.0 = Release|Any CPU
		{0267E1E7-7CD0-495A-90EA-3C046BCD7B03}.NL_PRD|Any CPU.ActiveCfg = Release|Any CPU
		{0267E1E7-7CD0-495A-90EA-3C046BCD7B03}.NL_PRD|Any CPU.Build.0 = Release|Any CPU
		{0267E1E7-7CD0-495A-90EA-3C046BCD7B03}.NL_TST|Any CPU.ActiveCfg = Release|Any CPU
		{0267E1E7-7CD0-495A-90EA-3C046BCD7B03}.NL_TST|Any CPU.Build.0 = Release|Any CPU
		{0267E1E7-7CD0-495A-90EA-3C046BCD7B03}.Release|Any CPU.ActiveCfg = Release|Any CPU
		{0267E1E7-7CD0-495A-90EA-3C046BCD7B03}.Release|Any CPU.Build.0 = Release|Any CPU
		{0267E1E7-7CD0-495A-90EA-3C046BCD7B03}.THA_DEV|Any CPU.ActiveCfg = Release|Any CPU
		{0267E1E7-7CD0-495A-90EA-3C046BCD7B03}.THA_DEV|Any CPU.Build.0 = Release|Any CPU
		{0267E1E7-7CD0-495A-90EA-3C046BCD7B03}.THA_LOC|Any CPU.ActiveCfg = Release|Any CPU
		{0267E1E7-7CD0-495A-90EA-3C046BCD7B03}.THA_LOC|Any CPU.Build.0 = Release|Any CPU
		{0267E1E7-7CD0-495A-90EA-3C046BCD7B03}.THA_TST|Any CPU.ActiveCfg = Release|Any CPU
		{0267E1E7-7CD0-495A-90EA-3C046BCD7B03}.THA_TST|Any CPU.Build.0 = Release|Any CPU
		{2995059B-3601-4FC1-8D86-0746B7708261}.Debug|Any CPU.ActiveCfg = Debug|Any CPU
		{2995059B-3601-4FC1-8D86-0746B7708261}.Debug|Any CPU.Build.0 = Debug|Any CPU
		{2995059B-3601-4FC1-8D86-0746B7708261}.GR_DEV|Any CPU.ActiveCfg = NL_PRD|Any CPU
		{2995059B-3601-4FC1-8D86-0746B7708261}.GR_DEV|Any CPU.Build.0 = NL_PRD|Any CPU
		{2995059B-3601-4FC1-8D86-0746B7708261}.GR_LOC|Any CPU.ActiveCfg = NL_PRD|Any CPU
		{2995059B-3601-4FC1-8D86-0746B7708261}.GR_LOC|Any CPU.Build.0 = NL_PRD|Any CPU
		{2995059B-3601-4FC1-8D86-0746B7708261}.GR_TST|Any CPU.ActiveCfg = NL_PRD|Any CPU
		{2995059B-3601-4FC1-8D86-0746B7708261}.GR_TST|Any CPU.Build.0 = NL_PRD|Any CPU
		{2995059B-3601-4FC1-8D86-0746B7708261}.INT_DEV|Any CPU.ActiveCfg = NL_PRD|Any CPU
		{2995059B-3601-4FC1-8D86-0746B7708261}.INT_DEV|Any CPU.Build.0 = NL_PRD|Any CPU
		{2995059B-3601-4FC1-8D86-0746B7708261}.INT_TST|Any CPU.ActiveCfg = NL_PRD|Any CPU
		{2995059B-3601-4FC1-8D86-0746B7708261}.INT_TST|Any CPU.Build.0 = NL_PRD|Any CPU
		{2995059B-3601-4FC1-8D86-0746B7708261}.NL_ACC|Any CPU.ActiveCfg = Release|Any CPU
		{2995059B-3601-4FC1-8D86-0746B7708261}.NL_ACC|Any CPU.Build.0 = Release|Any CPU
		{2995059B-3601-4FC1-8D86-0746B7708261}.NL_DEV|Any CPU.ActiveCfg = Release|Any CPU
		{2995059B-3601-4FC1-8D86-0746B7708261}.NL_DEV|Any CPU.Build.0 = Release|Any CPU
		{2995059B-3601-4FC1-8D86-0746B7708261}.NL_LOC|Any CPU.ActiveCfg = Release|Any CPU
		{2995059B-3601-4FC1-8D86-0746B7708261}.NL_LOC|Any CPU.Build.0 = Release|Any CPU
		{2995059B-3601-4FC1-8D86-0746B7708261}.NL_PRD|Any CPU.ActiveCfg = Release|Any CPU
		{2995059B-3601-4FC1-8D86-0746B7708261}.NL_PRD|Any CPU.Build.0 = Release|Any CPU
		{2995059B-3601-4FC1-8D86-0746B7708261}.NL_TST|Any CPU.ActiveCfg = Release|Any CPU
		{2995059B-3601-4FC1-8D86-0746B7708261}.NL_TST|Any CPU.Build.0 = Release|Any CPU
		{2995059B-3601-4FC1-8D86-0746B7708261}.Release|Any CPU.ActiveCfg = Release|Any CPU
		{2995059B-3601-4FC1-8D86-0746B7708261}.Release|Any CPU.Build.0 = Release|Any CPU
		{2995059B-3601-4FC1-8D86-0746B7708261}.THA_DEV|Any CPU.ActiveCfg = Release|Any CPU
		{2995059B-3601-4FC1-8D86-0746B7708261}.THA_DEV|Any CPU.Build.0 = Release|Any CPU
		{2995059B-3601-4FC1-8D86-0746B7708261}.THA_LOC|Any CPU.ActiveCfg = Release|Any CPU
		{2995059B-3601-4FC1-8D86-0746B7708261}.THA_LOC|Any CPU.Build.0 = Release|Any CPU
		{2995059B-3601-4FC1-8D86-0746B7708261}.THA_TST|Any CPU.ActiveCfg = Release|Any CPU
		{2995059B-3601-4FC1-8D86-0746B7708261}.THA_TST|Any CPU.Build.0 = Release|Any CPU
		{F8F0E6DA-22B3-4927-93B7-00B872CE88E5}.Debug|Any CPU.ActiveCfg = Debug|Any CPU
		{F8F0E6DA-22B3-4927-93B7-00B872CE88E5}.Debug|Any CPU.Build.0 = Debug|Any CPU
		{F8F0E6DA-22B3-4927-93B7-00B872CE88E5}.Debug|Any CPU.Deploy.0 = Debug|Any CPU
		{F8F0E6DA-22B3-4927-93B7-00B872CE88E5}.GR_DEV|Any CPU.ActiveCfg = NL_PRD|Any CPU
		{F8F0E6DA-22B3-4927-93B7-00B872CE88E5}.GR_DEV|Any CPU.Build.0 = NL_PRD|Any CPU
		{F8F0E6DA-22B3-4927-93B7-00B872CE88E5}.GR_DEV|Any CPU.Deploy.0 = NL_PRD|Any CPU
		{F8F0E6DA-22B3-4927-93B7-00B872CE88E5}.GR_LOC|Any CPU.ActiveCfg = NL_PRD|Any CPU
		{F8F0E6DA-22B3-4927-93B7-00B872CE88E5}.GR_LOC|Any CPU.Build.0 = NL_PRD|Any CPU
		{F8F0E6DA-22B3-4927-93B7-00B872CE88E5}.GR_LOC|Any CPU.Deploy.0 = NL_PRD|Any CPU
		{F8F0E6DA-22B3-4927-93B7-00B872CE88E5}.GR_TST|Any CPU.ActiveCfg = NL_PRD|Any CPU
		{F8F0E6DA-22B3-4927-93B7-00B872CE88E5}.GR_TST|Any CPU.Build.0 = NL_PRD|Any CPU
		{F8F0E6DA-22B3-4927-93B7-00B872CE88E5}.GR_TST|Any CPU.Deploy.0 = NL_PRD|Any CPU
		{F8F0E6DA-22B3-4927-93B7-00B872CE88E5}.INT_DEV|Any CPU.ActiveCfg = NL_PRD|Any CPU
		{F8F0E6DA-22B3-4927-93B7-00B872CE88E5}.INT_DEV|Any CPU.Build.0 = NL_PRD|Any CPU
		{F8F0E6DA-22B3-4927-93B7-00B872CE88E5}.INT_DEV|Any CPU.Deploy.0 = NL_PRD|Any CPU
		{F8F0E6DA-22B3-4927-93B7-00B872CE88E5}.INT_TST|Any CPU.ActiveCfg = NL_PRD|Any CPU
		{F8F0E6DA-22B3-4927-93B7-00B872CE88E5}.INT_TST|Any CPU.Build.0 = NL_PRD|Any CPU
		{F8F0E6DA-22B3-4927-93B7-00B872CE88E5}.INT_TST|Any CPU.Deploy.0 = NL_PRD|Any CPU
		{F8F0E6DA-22B3-4927-93B7-00B872CE88E5}.NL_ACC|Any CPU.ActiveCfg = Debug|Any CPU
		{F8F0E6DA-22B3-4927-93B7-00B872CE88E5}.NL_ACC|Any CPU.Build.0 = Debug|Any CPU
		{F8F0E6DA-22B3-4927-93B7-00B872CE88E5}.NL_ACC|Any CPU.Deploy.0 = Debug|Any CPU
		{F8F0E6DA-22B3-4927-93B7-00B872CE88E5}.NL_DEV|Any CPU.ActiveCfg = Debug|Any CPU
		{F8F0E6DA-22B3-4927-93B7-00B872CE88E5}.NL_DEV|Any CPU.Build.0 = Debug|Any CPU
		{F8F0E6DA-22B3-4927-93B7-00B872CE88E5}.NL_DEV|Any CPU.Deploy.0 = Debug|Any CPU
		{F8F0E6DA-22B3-4927-93B7-00B872CE88E5}.NL_LOC|Any CPU.ActiveCfg = Debug|Any CPU
		{F8F0E6DA-22B3-4927-93B7-00B872CE88E5}.NL_LOC|Any CPU.Build.0 = Debug|Any CPU
		{F8F0E6DA-22B3-4927-93B7-00B872CE88E5}.NL_LOC|Any CPU.Deploy.0 = Debug|Any CPU
		{F8F0E6DA-22B3-4927-93B7-00B872CE88E5}.NL_PRD|Any CPU.ActiveCfg = Debug|Any CPU
		{F8F0E6DA-22B3-4927-93B7-00B872CE88E5}.NL_PRD|Any CPU.Build.0 = Debug|Any CPU
		{F8F0E6DA-22B3-4927-93B7-00B872CE88E5}.NL_PRD|Any CPU.Deploy.0 = Debug|Any CPU
		{F8F0E6DA-22B3-4927-93B7-00B872CE88E5}.NL_TST|Any CPU.ActiveCfg = Debug|Any CPU
		{F8F0E6DA-22B3-4927-93B7-00B872CE88E5}.NL_TST|Any CPU.Build.0 = Debug|Any CPU
		{F8F0E6DA-22B3-4927-93B7-00B872CE88E5}.NL_TST|Any CPU.Deploy.0 = Debug|Any CPU
		{F8F0E6DA-22B3-4927-93B7-00B872CE88E5}.Release|Any CPU.ActiveCfg = Release|Any CPU
		{F8F0E6DA-22B3-4927-93B7-00B872CE88E5}.Release|Any CPU.Build.0 = Release|Any CPU
		{F8F0E6DA-22B3-4927-93B7-00B872CE88E5}.Release|Any CPU.Deploy.0 = Release|Any CPU
		{F8F0E6DA-22B3-4927-93B7-00B872CE88E5}.THA_DEV|Any CPU.ActiveCfg = Debug|Any CPU
		{F8F0E6DA-22B3-4927-93B7-00B872CE88E5}.THA_DEV|Any CPU.Build.0 = Debug|Any CPU
		{F8F0E6DA-22B3-4927-93B7-00B872CE88E5}.THA_DEV|Any CPU.Deploy.0 = Debug|Any CPU
		{F8F0E6DA-22B3-4927-93B7-00B872CE88E5}.THA_LOC|Any CPU.ActiveCfg = Debug|Any CPU
		{F8F0E6DA-22B3-4927-93B7-00B872CE88E5}.THA_LOC|Any CPU.Build.0 = Debug|Any CPU
		{F8F0E6DA-22B3-4927-93B7-00B872CE88E5}.THA_LOC|Any CPU.Deploy.0 = Debug|Any CPU
		{F8F0E6DA-22B3-4927-93B7-00B872CE88E5}.THA_TST|Any CPU.ActiveCfg = Debug|Any CPU
		{F8F0E6DA-22B3-4927-93B7-00B872CE88E5}.THA_TST|Any CPU.Build.0 = Debug|Any CPU
		{F8F0E6DA-22B3-4927-93B7-00B872CE88E5}.THA_TST|Any CPU.Deploy.0 = Debug|Any CPU
		{93FB69AC-AF3B-476C-A962-D864A59B4735}.Debug|Any CPU.ActiveCfg = Debug|Any CPU
		{93FB69AC-AF3B-476C-A962-D864A59B4735}.Debug|Any CPU.Build.0 = Debug|Any CPU
		{93FB69AC-AF3B-476C-A962-D864A59B4735}.GR_DEV|Any CPU.ActiveCfg = NL_PRD|Any CPU
		{93FB69AC-AF3B-476C-A962-D864A59B4735}.GR_DEV|Any CPU.Build.0 = NL_PRD|Any CPU
		{93FB69AC-AF3B-476C-A962-D864A59B4735}.GR_LOC|Any CPU.ActiveCfg = NL_PRD|Any CPU
		{93FB69AC-AF3B-476C-A962-D864A59B4735}.GR_LOC|Any CPU.Build.0 = NL_PRD|Any CPU
		{93FB69AC-AF3B-476C-A962-D864A59B4735}.GR_TST|Any CPU.ActiveCfg = NL_PRD|Any CPU
		{93FB69AC-AF3B-476C-A962-D864A59B4735}.GR_TST|Any CPU.Build.0 = NL_PRD|Any CPU
		{93FB69AC-AF3B-476C-A962-D864A59B4735}.INT_DEV|Any CPU.ActiveCfg = NL_PRD|Any CPU
		{93FB69AC-AF3B-476C-A962-D864A59B4735}.INT_DEV|Any CPU.Build.0 = NL_PRD|Any CPU
		{93FB69AC-AF3B-476C-A962-D864A59B4735}.INT_TST|Any CPU.ActiveCfg = NL_PRD|Any CPU
		{93FB69AC-AF3B-476C-A962-D864A59B4735}.INT_TST|Any CPU.Build.0 = NL_PRD|Any CPU
		{93FB69AC-AF3B-476C-A962-D864A59B4735}.NL_ACC|Any CPU.ActiveCfg = Release|Any CPU
		{93FB69AC-AF3B-476C-A962-D864A59B4735}.NL_ACC|Any CPU.Build.0 = Release|Any CPU
		{93FB69AC-AF3B-476C-A962-D864A59B4735}.NL_DEV|Any CPU.ActiveCfg = Release|Any CPU
		{93FB69AC-AF3B-476C-A962-D864A59B4735}.NL_DEV|Any CPU.Build.0 = Release|Any CPU
		{93FB69AC-AF3B-476C-A962-D864A59B4735}.NL_LOC|Any CPU.ActiveCfg = Release|Any CPU
		{93FB69AC-AF3B-476C-A962-D864A59B4735}.NL_LOC|Any CPU.Build.0 = Release|Any CPU
		{93FB69AC-AF3B-476C-A962-D864A59B4735}.NL_PRD|Any CPU.ActiveCfg = Release|Any CPU
		{93FB69AC-AF3B-476C-A962-D864A59B4735}.NL_PRD|Any CPU.Build.0 = Release|Any CPU
		{93FB69AC-AF3B-476C-A962-D864A59B4735}.NL_TST|Any CPU.ActiveCfg = Release|Any CPU
		{93FB69AC-AF3B-476C-A962-D864A59B4735}.NL_TST|Any CPU.Build.0 = Release|Any CPU
		{93FB69AC-AF3B-476C-A962-D864A59B4735}.Release|Any CPU.ActiveCfg = Release|Any CPU
		{93FB69AC-AF3B-476C-A962-D864A59B4735}.Release|Any CPU.Build.0 = Release|Any CPU
		{93FB69AC-AF3B-476C-A962-D864A59B4735}.THA_DEV|Any CPU.ActiveCfg = Release|Any CPU
		{93FB69AC-AF3B-476C-A962-D864A59B4735}.THA_DEV|Any CPU.Build.0 = Release|Any CPU
		{93FB69AC-AF3B-476C-A962-D864A59B4735}.THA_LOC|Any CPU.ActiveCfg = Release|Any CPU
		{93FB69AC-AF3B-476C-A962-D864A59B4735}.THA_LOC|Any CPU.Build.0 = Release|Any CPU
		{93FB69AC-AF3B-476C-A962-D864A59B4735}.THA_TST|Any CPU.ActiveCfg = Release|Any CPU
		{93FB69AC-AF3B-476C-A962-D864A59B4735}.THA_TST|Any CPU.Build.0 = Release|Any CPU
		{FC78D4DA-277D-4DC9-8E09-7EB679BA63F8}.Debug|Any CPU.ActiveCfg = Debug|Any CPU
		{FC78D4DA-277D-4DC9-8E09-7EB679BA63F8}.Debug|Any CPU.Build.0 = Debug|Any CPU
		{FC78D4DA-277D-4DC9-8E09-7EB679BA63F8}.GR_DEV|Any CPU.ActiveCfg = Release|Any CPU
		{FC78D4DA-277D-4DC9-8E09-7EB679BA63F8}.GR_DEV|Any CPU.Build.0 = Release|Any CPU
		{FC78D4DA-277D-4DC9-8E09-7EB679BA63F8}.GR_LOC|Any CPU.ActiveCfg = Release|Any CPU
		{FC78D4DA-277D-4DC9-8E09-7EB679BA63F8}.GR_LOC|Any CPU.Build.0 = Release|Any CPU
		{FC78D4DA-277D-4DC9-8E09-7EB679BA63F8}.GR_TST|Any CPU.ActiveCfg = Release|Any CPU
		{FC78D4DA-277D-4DC9-8E09-7EB679BA63F8}.GR_TST|Any CPU.Build.0 = Release|Any CPU
		{FC78D4DA-277D-4DC9-8E09-7EB679BA63F8}.INT_DEV|Any CPU.ActiveCfg = Release|Any CPU
		{FC78D4DA-277D-4DC9-8E09-7EB679BA63F8}.INT_DEV|Any CPU.Build.0 = Release|Any CPU
		{FC78D4DA-277D-4DC9-8E09-7EB679BA63F8}.INT_TST|Any CPU.ActiveCfg = Release|Any CPU
		{FC78D4DA-277D-4DC9-8E09-7EB679BA63F8}.INT_TST|Any CPU.Build.0 = Release|Any CPU
		{FC78D4DA-277D-4DC9-8E09-7EB679BA63F8}.NL_ACC|Any CPU.ActiveCfg = Release|Any CPU
		{FC78D4DA-277D-4DC9-8E09-7EB679BA63F8}.NL_ACC|Any CPU.Build.0 = Release|Any CPU
		{FC78D4DA-277D-4DC9-8E09-7EB679BA63F8}.NL_DEV|Any CPU.ActiveCfg = Release|Any CPU
		{FC78D4DA-277D-4DC9-8E09-7EB679BA63F8}.NL_DEV|Any CPU.Build.0 = Release|Any CPU
		{FC78D4DA-277D-4DC9-8E09-7EB679BA63F8}.NL_LOC|Any CPU.ActiveCfg = Release|Any CPU
		{FC78D4DA-277D-4DC9-8E09-7EB679BA63F8}.NL_LOC|Any CPU.Build.0 = Release|Any CPU
		{FC78D4DA-277D-4DC9-8E09-7EB679BA63F8}.NL_PRD|Any CPU.ActiveCfg = Release|Any CPU
		{FC78D4DA-277D-4DC9-8E09-7EB679BA63F8}.NL_PRD|Any CPU.Build.0 = Release|Any CPU
		{FC78D4DA-277D-4DC9-8E09-7EB679BA63F8}.NL_TST|Any CPU.ActiveCfg = Release|Any CPU
		{FC78D4DA-277D-4DC9-8E09-7EB679BA63F8}.NL_TST|Any CPU.Build.0 = Release|Any CPU
		{FC78D4DA-277D-4DC9-8E09-7EB679BA63F8}.Release|Any CPU.ActiveCfg = Release|Any CPU
		{FC78D4DA-277D-4DC9-8E09-7EB679BA63F8}.Release|Any CPU.Build.0 = Release|Any CPU
		{FC78D4DA-277D-4DC9-8E09-7EB679BA63F8}.THA_DEV|Any CPU.ActiveCfg = Release|Any CPU
		{FC78D4DA-277D-4DC9-8E09-7EB679BA63F8}.THA_DEV|Any CPU.Build.0 = Release|Any CPU
		{FC78D4DA-277D-4DC9-8E09-7EB679BA63F8}.THA_LOC|Any CPU.ActiveCfg = Release|Any CPU
		{FC78D4DA-277D-4DC9-8E09-7EB679BA63F8}.THA_LOC|Any CPU.Build.0 = Release|Any CPU
		{FC78D4DA-277D-4DC9-8E09-7EB679BA63F8}.THA_TST|Any CPU.ActiveCfg = Release|Any CPU
		{FC78D4DA-277D-4DC9-8E09-7EB679BA63F8}.THA_TST|Any CPU.Build.0 = Release|Any CPU
	EndGlobalSection
	GlobalSection(SolutionProperties) = preSolution
		HideSolutionNode = FALSE
	EndGlobalSection
	GlobalSection(NestedProjects) = preSolution
		{FFC91441-62CC-4065-826F-8772848003A0} = {FEF6CF15-75AF-4602-BC6B-EE32841D671E}
		{E44D89CB-8699-4359-860D-8F749A99DF3D} = {53DF269F-6080-45C4-A29A-273C0E63C32B}
		{3AEA2CEB-8273-4F25-AE9B-14859097CF26} = {A489FC84-0F5D-43CC-B87D-DAE9E95115D2}
		{2AE5D542-43B5-4471-AFE4-F8CBB09138AF} = {53DF269F-6080-45C4-A29A-273C0E63C32B}
		{17746A0A-F9F6-4AFF-86A9-CE98FB34A9CB} = {A489FC84-0F5D-43CC-B87D-DAE9E95115D2}
		{186709FC-8921-48A6-93C8-1829797B5F5D} = {53DF269F-6080-45C4-A29A-273C0E63C32B}
		{D2C21730-3159-4FC2-8484-F576068B8320} = {A489FC84-0F5D-43CC-B87D-DAE9E95115D2}
		{70F6F03D-FAA9-48ED-B927-8C9C611C8528} = {1BD580CC-8644-4787-9762-B452645C6470}
		{D2566E2B-C688-4690-AF5A-4D082FB5FD96} = {A489FC84-0F5D-43CC-B87D-DAE9E95115D2}
		{F2BA58DD-EA5F-4FEB-86AD-9B54FE01F26D} = {1BD580CC-8644-4787-9762-B452645C6470}
		{6B6256F4-A9F9-4A3E-A002-40AEFFFE7764} = {A489FC84-0F5D-43CC-B87D-DAE9E95115D2}
		{14167815-7B75-4D31-900A-21C2CEF349F8} = {1BD580CC-8644-4787-9762-B452645C6470}
		{2A75C607-FBC9-4550-AB4E-D1434429F3F9} = {A489FC84-0F5D-43CC-B87D-DAE9E95115D2}
		{F29DF008-1AB5-444D-BDA1-6DA0656D6D0B} = {A489FC84-0F5D-43CC-B87D-DAE9E95115D2}
		{69913846-8DAB-45C9-8349-A28D02D99297} = {A489FC84-0F5D-43CC-B87D-DAE9E95115D2}
		{E76AA0AE-917A-4774-84FF-91E1CEFFF507} = {A489FC84-0F5D-43CC-B87D-DAE9E95115D2}
		{2995059B-3601-4FC1-8D86-0746B7708261} = {A489FC84-0F5D-43CC-B87D-DAE9E95115D2}
	EndGlobalSection
EndGlobal
