
Microsoft Visual Studio Solution File, Format Version 12.00
# Visual Studio 2013
VisualStudioVersion = 12.0.40629.0
MinimumVisualStudioVersion = 10.0.40219.1
Project("{2150E333-8FDC-42A3-9474-1A3956D46DE8}") = "Integration Tests", "Integration Tests", "{1A98211A-9BA7-4E85-8E8D-28664007D225}"
EndProject
Project("{FAE04EC0-301F-11D3-BF4B-00C04F79EFBC}") = "BND.Services.Payments.PaymentIdInfo.Proxy", "BND.Services.Payments.PaymentIdInfo.Proxy\BND.Services.Payments.PaymentIdInfo.Proxy.csproj", "{C5570397-7354-4829-9B3B-5D2A8C8CD3C7}"
EndProject
Project("{FAE04EC0-301F-11D3-BF4B-00C04F79EFBC}") = "BND.Services.Payments.PaymentIdInfo.Proxy.NET4", "BND.Services.Payments.PaymentIdInfo.Proxy.NET4\BND.Services.Payments.PaymentIdInfo.Proxy.NET4.csproj", "{740FC540-0DC9-42D0-A1A1-E42985E35743}"
EndProject
Project("{FAE04EC0-301F-11D3-BF4B-00C04F79EFBC}") = "BND.Services.Payments.PaymentIdInfo.UnitTests", "BND.Services.Payments.PaymentIdInfo.UnitTests\BND.Services.Payments.PaymentIdInfo.UnitTests.csproj", "{8CECF7E2-3A1E-4E33-810E-E0624E1DE4FB}"
EndProject
Project("{FAE04EC0-301F-11D3-BF4B-00C04F79EFBC}") = "BND.Services.Payments.PaymentIdInfo.Models", "BND.Services.Payments.PaymentIdInfo.Models\BND.Services.Payments.PaymentIdInfo.Models.csproj", "{30210B59-CFF3-4BB1-B470-CC529F23D76C}"
EndProject
Project("{FAE04EC0-301F-11D3-BF4B-00C04F79EFBC}") = "BND.Services.Payments.PaymentIdInfo.Business", "BND.Services.Payments.PaymentIdInfo.Business\BND.Services.Payments.PaymentIdInfo.Business.csproj", "{8C89ECA5-21C9-4AFD-AACE-2DE061694CEE}"
EndProject
Project("{FAE04EC0-301F-11D3-BF4B-00C04F79EFBC}") = "BND.Services.Payments.PaymentIdInfo.Data", "BND.Services.Payments.PaymentIdInfo.Data\BND.Services.Payments.PaymentIdInfo.Data.csproj", "{58E85652-4150-4043-8D87-7B332D8AFEEC}"
EndProject
Project("{FAE04EC0-301F-11D3-BF4B-00C04F79EFBC}") = "BND.Services.Payments.PaymentIdInfo.Entities", "BND.Services.Payments.PaymentIdInfo.Entities\BND.Services.Payments.PaymentIdInfo.Entities.csproj", "{7341938F-88F0-4C88-AF83-6CAB1EB461AE}"
EndProject
Project("{FAE04EC0-301F-11D3-BF4B-00C04F79EFBC}") = "BND.Services.Payments.PaymentIdInfo.WebService", "BND.Services.Payments.PaymentIdInfo.WebService\BND.Services.Payments.PaymentIdInfo.WebService.csproj", "{E9FA7EEF-9C26-447F-BB62-4733EBFE422E}"
EndProject
Global
	GlobalSection(SolutionConfigurationPlatforms) = preSolution
		Debug|Any CPU = Debug|Any CPU
		INT_DEV|Any CPU = INT_DEV|Any CPU
		INT_TEST|Any CPU = INT_TEST|Any CPU
		NL_ACC|Any CPU = NL_ACC|Any CPU
		NL_DEV|Any CPU = NL_DEV|Any CPU
		NL_LOC|Any CPU = NL_LOC|Any CPU
		NL_PRD|Any CPU = NL_PRD|Any CPU
		NL_TST|Any CPU = NL_TST|Any CPU
		Release|Any CPU = Release|Any CPU
		THA_DEV|Any CPU = THA_DEV|Any CPU
		THA_LOC|Any CPU = THA_LOC|Any CPU
		THA_TST|Any CPU = THA_TST|Any CPU
	EndGlobalSection
	GlobalSection(ProjectConfigurationPlatforms) = postSolution
		{C5570397-7354-4829-9B3B-5D2A8C8CD3C7}.Debug|Any CPU.ActiveCfg = Debug|Any CPU
		{C5570397-7354-4829-9B3B-5D2A8C8CD3C7}.Debug|Any CPU.Build.0 = Debug|Any CPU
		{C5570397-7354-4829-9B3B-5D2A8C8CD3C7}.INT_DEV|Any CPU.ActiveCfg = INT_DEV|Any CPU
		{C5570397-7354-4829-9B3B-5D2A8C8CD3C7}.INT_DEV|Any CPU.Build.0 = INT_DEV|Any CPU
		{C5570397-7354-4829-9B3B-5D2A8C8CD3C7}.INT_TEST|Any CPU.ActiveCfg = INT_TEST|Any CPU
		{C5570397-7354-4829-9B3B-5D2A8C8CD3C7}.INT_TEST|Any CPU.Build.0 = INT_TEST|Any CPU
		{C5570397-7354-4829-9B3B-5D2A8C8CD3C7}.NL_ACC|Any CPU.ActiveCfg = Release|Any CPU
		{C5570397-7354-4829-9B3B-5D2A8C8CD3C7}.NL_ACC|Any CPU.Build.0 = Release|Any CPU
		{C5570397-7354-4829-9B3B-5D2A8C8CD3C7}.NL_DEV|Any CPU.ActiveCfg = Release|Any CPU
		{C5570397-7354-4829-9B3B-5D2A8C8CD3C7}.NL_DEV|Any CPU.Build.0 = Release|Any CPU
		{C5570397-7354-4829-9B3B-5D2A8C8CD3C7}.NL_LOC|Any CPU.ActiveCfg = Release|Any CPU
		{C5570397-7354-4829-9B3B-5D2A8C8CD3C7}.NL_LOC|Any CPU.Build.0 = Release|Any CPU
		{C5570397-7354-4829-9B3B-5D2A8C8CD3C7}.NL_PRD|Any CPU.ActiveCfg = Release|Any CPU
		{C5570397-7354-4829-9B3B-5D2A8C8CD3C7}.NL_PRD|Any CPU.Build.0 = Release|Any CPU
		{C5570397-7354-4829-9B3B-5D2A8C8CD3C7}.NL_TST|Any CPU.ActiveCfg = Release|Any CPU
		{C5570397-7354-4829-9B3B-5D2A8C8CD3C7}.NL_TST|Any CPU.Build.0 = Release|Any CPU
		{C5570397-7354-4829-9B3B-5D2A8C8CD3C7}.Release|Any CPU.ActiveCfg = Release|Any CPU
		{C5570397-7354-4829-9B3B-5D2A8C8CD3C7}.Release|Any CPU.Build.0 = Release|Any CPU
		{C5570397-7354-4829-9B3B-5D2A8C8CD3C7}.THA_DEV|Any CPU.ActiveCfg = Release|Any CPU
		{C5570397-7354-4829-9B3B-5D2A8C8CD3C7}.THA_DEV|Any CPU.Build.0 = Release|Any CPU
		{C5570397-7354-4829-9B3B-5D2A8C8CD3C7}.THA_LOC|Any CPU.ActiveCfg = Release|Any CPU
		{C5570397-7354-4829-9B3B-5D2A8C8CD3C7}.THA_LOC|Any CPU.Build.0 = Release|Any CPU
		{C5570397-7354-4829-9B3B-5D2A8C8CD3C7}.THA_TST|Any CPU.ActiveCfg = Release|Any CPU
		{C5570397-7354-4829-9B3B-5D2A8C8CD3C7}.THA_TST|Any CPU.Build.0 = Release|Any CPU
		{740FC540-0DC9-42D0-A1A1-E42985E35743}.Debug|Any CPU.ActiveCfg = Debug|Any CPU
		{740FC540-0DC9-42D0-A1A1-E42985E35743}.Debug|Any CPU.Build.0 = Debug|Any CPU
		{740FC540-0DC9-42D0-A1A1-E42985E35743}.INT_DEV|Any CPU.ActiveCfg = INT_DEV|Any CPU
		{740FC540-0DC9-42D0-A1A1-E42985E35743}.INT_DEV|Any CPU.Build.0 = INT_DEV|Any CPU
		{740FC540-0DC9-42D0-A1A1-E42985E35743}.INT_TEST|Any CPU.ActiveCfg = INT_TEST|Any CPU
		{740FC540-0DC9-42D0-A1A1-E42985E35743}.INT_TEST|Any CPU.Build.0 = INT_TEST|Any CPU
		{740FC540-0DC9-42D0-A1A1-E42985E35743}.NL_ACC|Any CPU.ActiveCfg = Release|Any CPU
		{740FC540-0DC9-42D0-A1A1-E42985E35743}.NL_ACC|Any CPU.Build.0 = Release|Any CPU
		{740FC540-0DC9-42D0-A1A1-E42985E35743}.NL_DEV|Any CPU.ActiveCfg = Release|Any CPU
		{740FC540-0DC9-42D0-A1A1-E42985E35743}.NL_DEV|Any CPU.Build.0 = Release|Any CPU
		{740FC540-0DC9-42D0-A1A1-E42985E35743}.NL_LOC|Any CPU.ActiveCfg = Release|Any CPU
		{740FC540-0DC9-42D0-A1A1-E42985E35743}.NL_LOC|Any CPU.Build.0 = Release|Any CPU
		{740FC540-0DC9-42D0-A1A1-E42985E35743}.NL_PRD|Any CPU.ActiveCfg = Release|Any CPU
		{740FC540-0DC9-42D0-A1A1-E42985E35743}.NL_PRD|Any CPU.Build.0 = Release|Any CPU
		{740FC540-0DC9-42D0-A1A1-E42985E35743}.NL_TST|Any CPU.ActiveCfg = Release|Any CPU
		{740FC540-0DC9-42D0-A1A1-E42985E35743}.NL_TST|Any CPU.Build.0 = Release|Any CPU
		{740FC540-0DC9-42D0-A1A1-E42985E35743}.Release|Any CPU.ActiveCfg = Release|Any CPU
		{740FC540-0DC9-42D0-A1A1-E42985E35743}.Release|Any CPU.Build.0 = Release|Any CPU
		{740FC540-0DC9-42D0-A1A1-E42985E35743}.THA_DEV|Any CPU.ActiveCfg = Release|Any CPU
		{740FC540-0DC9-42D0-A1A1-E42985E35743}.THA_DEV|Any CPU.Build.0 = Release|Any CPU
		{740FC540-0DC9-42D0-A1A1-E42985E35743}.THA_LOC|Any CPU.ActiveCfg = Release|Any CPU
		{740FC540-0DC9-42D0-A1A1-E42985E35743}.THA_LOC|Any CPU.Build.0 = Release|Any CPU
		{740FC540-0DC9-42D0-A1A1-E42985E35743}.THA_TST|Any CPU.ActiveCfg = Release|Any CPU
		{740FC540-0DC9-42D0-A1A1-E42985E35743}.THA_TST|Any CPU.Build.0 = Release|Any CPU
		{8CECF7E2-3A1E-4E33-810E-E0624E1DE4FB}.Debug|Any CPU.ActiveCfg = Debug|Any CPU
		{8CECF7E2-3A1E-4E33-810E-E0624E1DE4FB}.Debug|Any CPU.Build.0 = Debug|Any CPU
		{8CECF7E2-3A1E-4E33-810E-E0624E1DE4FB}.INT_DEV|Any CPU.ActiveCfg = INT_DEV|Any CPU
		{8CECF7E2-3A1E-4E33-810E-E0624E1DE4FB}.INT_DEV|Any CPU.Build.0 = INT_DEV|Any CPU
		{8CECF7E2-3A1E-4E33-810E-E0624E1DE4FB}.INT_TEST|Any CPU.ActiveCfg = INT_TEST|Any CPU
		{8CECF7E2-3A1E-4E33-810E-E0624E1DE4FB}.INT_TEST|Any CPU.Build.0 = INT_TEST|Any CPU
		{8CECF7E2-3A1E-4E33-810E-E0624E1DE4FB}.NL_ACC|Any CPU.ActiveCfg = Release|Any CPU
		{8CECF7E2-3A1E-4E33-810E-E0624E1DE4FB}.NL_ACC|Any CPU.Build.0 = Release|Any CPU
		{8CECF7E2-3A1E-4E33-810E-E0624E1DE4FB}.NL_DEV|Any CPU.ActiveCfg = Release|Any CPU
		{8CECF7E2-3A1E-4E33-810E-E0624E1DE4FB}.NL_DEV|Any CPU.Build.0 = Release|Any CPU
		{8CECF7E2-3A1E-4E33-810E-E0624E1DE4FB}.NL_LOC|Any CPU.ActiveCfg = Release|Any CPU
		{8CECF7E2-3A1E-4E33-810E-E0624E1DE4FB}.NL_LOC|Any CPU.Build.0 = Release|Any CPU
		{8CECF7E2-3A1E-4E33-810E-E0624E1DE4FB}.NL_PRD|Any CPU.ActiveCfg = Release|Any CPU
		{8CECF7E2-3A1E-4E33-810E-E0624E1DE4FB}.NL_PRD|Any CPU.Build.0 = Release|Any CPU
		{8CECF7E2-3A1E-4E33-810E-E0624E1DE4FB}.NL_TST|Any CPU.ActiveCfg = Release|Any CPU
		{8CECF7E2-3A1E-4E33-810E-E0624E1DE4FB}.NL_TST|Any CPU.Build.0 = Release|Any CPU
		{8CECF7E2-3A1E-4E33-810E-E0624E1DE4FB}.Release|Any CPU.ActiveCfg = Release|Any CPU
		{8CECF7E2-3A1E-4E33-810E-E0624E1DE4FB}.Release|Any CPU.Build.0 = Release|Any CPU
		{8CECF7E2-3A1E-4E33-810E-E0624E1DE4FB}.THA_DEV|Any CPU.ActiveCfg = Release|Any CPU
		{8CECF7E2-3A1E-4E33-810E-E0624E1DE4FB}.THA_DEV|Any CPU.Build.0 = Release|Any CPU
		{8CECF7E2-3A1E-4E33-810E-E0624E1DE4FB}.THA_LOC|Any CPU.ActiveCfg = Release|Any CPU
		{8CECF7E2-3A1E-4E33-810E-E0624E1DE4FB}.THA_LOC|Any CPU.Build.0 = Release|Any CPU
		{8CECF7E2-3A1E-4E33-810E-E0624E1DE4FB}.THA_TST|Any CPU.ActiveCfg = Release|Any CPU
		{8CECF7E2-3A1E-4E33-810E-E0624E1DE4FB}.THA_TST|Any CPU.Build.0 = Release|Any CPU
		{30210B59-CFF3-4BB1-B470-CC529F23D76C}.Debug|Any CPU.ActiveCfg = Debug|Any CPU
		{30210B59-CFF3-4BB1-B470-CC529F23D76C}.Debug|Any CPU.Build.0 = Debug|Any CPU
		{30210B59-CFF3-4BB1-B470-CC529F23D76C}.INT_DEV|Any CPU.ActiveCfg = INT_DEV|Any CPU
		{30210B59-CFF3-4BB1-B470-CC529F23D76C}.INT_DEV|Any CPU.Build.0 = INT_DEV|Any CPU
		{30210B59-CFF3-4BB1-B470-CC529F23D76C}.INT_TEST|Any CPU.ActiveCfg = INT_TEST|Any CPU
		{30210B59-CFF3-4BB1-B470-CC529F23D76C}.INT_TEST|Any CPU.Build.0 = INT_TEST|Any CPU
		{30210B59-CFF3-4BB1-B470-CC529F23D76C}.NL_ACC|Any CPU.ActiveCfg = Release|Any CPU
		{30210B59-CFF3-4BB1-B470-CC529F23D76C}.NL_ACC|Any CPU.Build.0 = Release|Any CPU
		{30210B59-CFF3-4BB1-B470-CC529F23D76C}.NL_DEV|Any CPU.ActiveCfg = Release|Any CPU
		{30210B59-CFF3-4BB1-B470-CC529F23D76C}.NL_DEV|Any CPU.Build.0 = Release|Any CPU
		{30210B59-CFF3-4BB1-B470-CC529F23D76C}.NL_LOC|Any CPU.ActiveCfg = Release|Any CPU
		{30210B59-CFF3-4BB1-B470-CC529F23D76C}.NL_LOC|Any CPU.Build.0 = Release|Any CPU
		{30210B59-CFF3-4BB1-B470-CC529F23D76C}.NL_PRD|Any CPU.ActiveCfg = Release|Any CPU
		{30210B59-CFF3-4BB1-B470-CC529F23D76C}.NL_PRD|Any CPU.Build.0 = Release|Any CPU
		{30210B59-CFF3-4BB1-B470-CC529F23D76C}.NL_TST|Any CPU.ActiveCfg = Release|Any CPU
		{30210B59-CFF3-4BB1-B470-CC529F23D76C}.NL_TST|Any CPU.Build.0 = Release|Any CPU
		{30210B59-CFF3-4BB1-B470-CC529F23D76C}.Release|Any CPU.ActiveCfg = Release|Any CPU
		{30210B59-CFF3-4BB1-B470-CC529F23D76C}.Release|Any CPU.Build.0 = Release|Any CPU
		{30210B59-CFF3-4BB1-B470-CC529F23D76C}.THA_DEV|Any CPU.ActiveCfg = Release|Any CPU
		{30210B59-CFF3-4BB1-B470-CC529F23D76C}.THA_DEV|Any CPU.Build.0 = Release|Any CPU
		{30210B59-CFF3-4BB1-B470-CC529F23D76C}.THA_LOC|Any CPU.ActiveCfg = Release|Any CPU
		{30210B59-CFF3-4BB1-B470-CC529F23D76C}.THA_LOC|Any CPU.Build.0 = Release|Any CPU
		{30210B59-CFF3-4BB1-B470-CC529F23D76C}.THA_TST|Any CPU.ActiveCfg = Release|Any CPU
		{30210B59-CFF3-4BB1-B470-CC529F23D76C}.THA_TST|Any CPU.Build.0 = Release|Any CPU
		{8C89ECA5-21C9-4AFD-AACE-2DE061694CEE}.Debug|Any CPU.ActiveCfg = Debug|Any CPU
		{8C89ECA5-21C9-4AFD-AACE-2DE061694CEE}.Debug|Any CPU.Build.0 = Debug|Any CPU
		{8C89ECA5-21C9-4AFD-AACE-2DE061694CEE}.INT_DEV|Any CPU.ActiveCfg = INT_DEV|Any CPU
		{8C89ECA5-21C9-4AFD-AACE-2DE061694CEE}.INT_DEV|Any CPU.Build.0 = INT_DEV|Any CPU
		{8C89ECA5-21C9-4AFD-AACE-2DE061694CEE}.INT_TEST|Any CPU.ActiveCfg = INT_TEST|Any CPU
		{8C89ECA5-21C9-4AFD-AACE-2DE061694CEE}.INT_TEST|Any CPU.Build.0 = INT_TEST|Any CPU
		{8C89ECA5-21C9-4AFD-AACE-2DE061694CEE}.NL_ACC|Any CPU.ActiveCfg = Release|Any CPU
		{8C89ECA5-21C9-4AFD-AACE-2DE061694CEE}.NL_ACC|Any CPU.Build.0 = Release|Any CPU
		{8C89ECA5-21C9-4AFD-AACE-2DE061694CEE}.NL_DEV|Any CPU.ActiveCfg = Release|Any CPU
		{8C89ECA5-21C9-4AFD-AACE-2DE061694CEE}.NL_DEV|Any CPU.Build.0 = Release|Any CPU
		{8C89ECA5-21C9-4AFD-AACE-2DE061694CEE}.NL_LOC|Any CPU.ActiveCfg = Release|Any CPU
		{8C89ECA5-21C9-4AFD-AACE-2DE061694CEE}.NL_LOC|Any CPU.Build.0 = Release|Any CPU
		{8C89ECA5-21C9-4AFD-AACE-2DE061694CEE}.NL_PRD|Any CPU.ActiveCfg = Release|Any CPU
		{8C89ECA5-21C9-4AFD-AACE-2DE061694CEE}.NL_PRD|Any CPU.Build.0 = Release|Any CPU
		{8C89ECA5-21C9-4AFD-AACE-2DE061694CEE}.NL_TST|Any CPU.ActiveCfg = Release|Any CPU
		{8C89ECA5-21C9-4AFD-AACE-2DE061694CEE}.NL_TST|Any CPU.Build.0 = Release|Any CPU
		{8C89ECA5-21C9-4AFD-AACE-2DE061694CEE}.Release|Any CPU.ActiveCfg = Release|Any CPU
		{8C89ECA5-21C9-4AFD-AACE-2DE061694CEE}.Release|Any CPU.Build.0 = Release|Any CPU
		{8C89ECA5-21C9-4AFD-AACE-2DE061694CEE}.THA_DEV|Any CPU.ActiveCfg = Release|Any CPU
		{8C89ECA5-21C9-4AFD-AACE-2DE061694CEE}.THA_DEV|Any CPU.Build.0 = Release|Any CPU
		{8C89ECA5-21C9-4AFD-AACE-2DE061694CEE}.THA_LOC|Any CPU.ActiveCfg = Release|Any CPU
		{8C89ECA5-21C9-4AFD-AACE-2DE061694CEE}.THA_LOC|Any CPU.Build.0 = Release|Any CPU
		{8C89ECA5-21C9-4AFD-AACE-2DE061694CEE}.THA_TST|Any CPU.ActiveCfg = Release|Any CPU
		{8C89ECA5-21C9-4AFD-AACE-2DE061694CEE}.THA_TST|Any CPU.Build.0 = Release|Any CPU
		{58E85652-4150-4043-8D87-7B332D8AFEEC}.Debug|Any CPU.ActiveCfg = Debug|Any CPU
		{58E85652-4150-4043-8D87-7B332D8AFEEC}.Debug|Any CPU.Build.0 = Debug|Any CPU
		{58E85652-4150-4043-8D87-7B332D8AFEEC}.INT_DEV|Any CPU.ActiveCfg = INT_DEV|Any CPU
		{58E85652-4150-4043-8D87-7B332D8AFEEC}.INT_DEV|Any CPU.Build.0 = INT_DEV|Any CPU
		{58E85652-4150-4043-8D87-7B332D8AFEEC}.INT_TEST|Any CPU.ActiveCfg = INT_TEST|Any CPU
		{58E85652-4150-4043-8D87-7B332D8AFEEC}.INT_TEST|Any CPU.Build.0 = INT_TEST|Any CPU
		{58E85652-4150-4043-8D87-7B332D8AFEEC}.NL_ACC|Any CPU.ActiveCfg = Release|Any CPU
		{58E85652-4150-4043-8D87-7B332D8AFEEC}.NL_ACC|Any CPU.Build.0 = Release|Any CPU
		{58E85652-4150-4043-8D87-7B332D8AFEEC}.NL_DEV|Any CPU.ActiveCfg = Release|Any CPU
		{58E85652-4150-4043-8D87-7B332D8AFEEC}.NL_DEV|Any CPU.Build.0 = Release|Any CPU
		{58E85652-4150-4043-8D87-7B332D8AFEEC}.NL_LOC|Any CPU.ActiveCfg = Release|Any CPU
		{58E85652-4150-4043-8D87-7B332D8AFEEC}.NL_LOC|Any CPU.Build.0 = Release|Any CPU
		{58E85652-4150-4043-8D87-7B332D8AFEEC}.NL_PRD|Any CPU.ActiveCfg = Release|Any CPU
		{58E85652-4150-4043-8D87-7B332D8AFEEC}.NL_PRD|Any CPU.Build.0 = Release|Any CPU
		{58E85652-4150-4043-8D87-7B332D8AFEEC}.NL_TST|Any CPU.ActiveCfg = Release|Any CPU
		{58E85652-4150-4043-8D87-7B332D8AFEEC}.NL_TST|Any CPU.Build.0 = Release|Any CPU
		{58E85652-4150-4043-8D87-7B332D8AFEEC}.Release|Any CPU.ActiveCfg = Release|Any CPU
		{58E85652-4150-4043-8D87-7B332D8AFEEC}.Release|Any CPU.Build.0 = Release|Any CPU
		{58E85652-4150-4043-8D87-7B332D8AFEEC}.THA_DEV|Any CPU.ActiveCfg = Release|Any CPU
		{58E85652-4150-4043-8D87-7B332D8AFEEC}.THA_DEV|Any CPU.Build.0 = Release|Any CPU
		{58E85652-4150-4043-8D87-7B332D8AFEEC}.THA_LOC|Any CPU.ActiveCfg = Release|Any CPU
		{58E85652-4150-4043-8D87-7B332D8AFEEC}.THA_LOC|Any CPU.Build.0 = Release|Any CPU
		{58E85652-4150-4043-8D87-7B332D8AFEEC}.THA_TST|Any CPU.ActiveCfg = Release|Any CPU
		{58E85652-4150-4043-8D87-7B332D8AFEEC}.THA_TST|Any CPU.Build.0 = Release|Any CPU
		{7341938F-88F0-4C88-AF83-6CAB1EB461AE}.Debug|Any CPU.ActiveCfg = Debug|Any CPU
		{7341938F-88F0-4C88-AF83-6CAB1EB461AE}.Debug|Any CPU.Build.0 = Debug|Any CPU
		{7341938F-88F0-4C88-AF83-6CAB1EB461AE}.INT_DEV|Any CPU.ActiveCfg = INT_DEV|Any CPU
		{7341938F-88F0-4C88-AF83-6CAB1EB461AE}.INT_DEV|Any CPU.Build.0 = INT_DEV|Any CPU
		{7341938F-88F0-4C88-AF83-6CAB1EB461AE}.INT_TEST|Any CPU.ActiveCfg = INT_TEST|Any CPU
		{7341938F-88F0-4C88-AF83-6CAB1EB461AE}.INT_TEST|Any CPU.Build.0 = INT_TEST|Any CPU
		{7341938F-88F0-4C88-AF83-6CAB1EB461AE}.NL_ACC|Any CPU.ActiveCfg = Release|Any CPU
		{7341938F-88F0-4C88-AF83-6CAB1EB461AE}.NL_ACC|Any CPU.Build.0 = Release|Any CPU
		{7341938F-88F0-4C88-AF83-6CAB1EB461AE}.NL_DEV|Any CPU.ActiveCfg = Release|Any CPU
		{7341938F-88F0-4C88-AF83-6CAB1EB461AE}.NL_DEV|Any CPU.Build.0 = Release|Any CPU
		{7341938F-88F0-4C88-AF83-6CAB1EB461AE}.NL_LOC|Any CPU.ActiveCfg = Release|Any CPU
		{7341938F-88F0-4C88-AF83-6CAB1EB461AE}.NL_LOC|Any CPU.Build.0 = Release|Any CPU
		{7341938F-88F0-4C88-AF83-6CAB1EB461AE}.NL_PRD|Any CPU.ActiveCfg = Release|Any CPU
		{7341938F-88F0-4C88-AF83-6CAB1EB461AE}.NL_PRD|Any CPU.Build.0 = Release|Any CPU
		{7341938F-88F0-4C88-AF83-6CAB1EB461AE}.NL_TST|Any CPU.ActiveCfg = Release|Any CPU
		{7341938F-88F0-4C88-AF83-6CAB1EB461AE}.NL_TST|Any CPU.Build.0 = Release|Any CPU
		{7341938F-88F0-4C88-AF83-6CAB1EB461AE}.Release|Any CPU.ActiveCfg = Release|Any CPU
		{7341938F-88F0-4C88-AF83-6CAB1EB461AE}.Release|Any CPU.Build.0 = Release|Any CPU
		{7341938F-88F0-4C88-AF83-6CAB1EB461AE}.THA_DEV|Any CPU.ActiveCfg = Release|Any CPU
		{7341938F-88F0-4C88-AF83-6CAB1EB461AE}.THA_DEV|Any CPU.Build.0 = Release|Any CPU
		{7341938F-88F0-4C88-AF83-6CAB1EB461AE}.THA_LOC|Any CPU.ActiveCfg = Release|Any CPU
		{7341938F-88F0-4C88-AF83-6CAB1EB461AE}.THA_LOC|Any CPU.Build.0 = Release|Any CPU
		{7341938F-88F0-4C88-AF83-6CAB1EB461AE}.THA_TST|Any CPU.ActiveCfg = Release|Any CPU
		{7341938F-88F0-4C88-AF83-6CAB1EB461AE}.THA_TST|Any CPU.Build.0 = Release|Any CPU
		{E9FA7EEF-9C26-447F-BB62-4733EBFE422E}.Debug|Any CPU.ActiveCfg = Debug|Any CPU
		{E9FA7EEF-9C26-447F-BB62-4733EBFE422E}.Debug|Any CPU.Build.0 = Debug|Any CPU
		{E9FA7EEF-9C26-447F-BB62-4733EBFE422E}.INT_DEV|Any CPU.ActiveCfg = INT_DEV|Any CPU
		{E9FA7EEF-9C26-447F-BB62-4733EBFE422E}.INT_DEV|Any CPU.Build.0 = INT_DEV|Any CPU
		{E9FA7EEF-9C26-447F-BB62-4733EBFE422E}.INT_TEST|Any CPU.ActiveCfg = INT_TEST|Any CPU
		{E9FA7EEF-9C26-447F-BB62-4733EBFE422E}.INT_TEST|Any CPU.Build.0 = INT_TEST|Any CPU
		{E9FA7EEF-9C26-447F-BB62-4733EBFE422E}.NL_ACC|Any CPU.ActiveCfg = NL_ACC|Any CPU
		{E9FA7EEF-9C26-447F-BB62-4733EBFE422E}.NL_ACC|Any CPU.Build.0 = NL_ACC|Any CPU
		{E9FA7EEF-9C26-447F-BB62-4733EBFE422E}.NL_DEV|Any CPU.ActiveCfg = NL_DEV|Any CPU
		{E9FA7EEF-9C26-447F-BB62-4733EBFE422E}.NL_DEV|Any CPU.Build.0 = NL_DEV|Any CPU
		{E9FA7EEF-9C26-447F-BB62-4733EBFE422E}.NL_LOC|Any CPU.ActiveCfg = NL_LOC|Any CPU
		{E9FA7EEF-9C26-447F-BB62-4733EBFE422E}.NL_LOC|Any CPU.Build.0 = NL_LOC|Any CPU
		{E9FA7EEF-9C26-447F-BB62-4733EBFE422E}.NL_PRD|Any CPU.ActiveCfg = NL_PRD|Any CPU
		{E9FA7EEF-9C26-447F-BB62-4733EBFE422E}.NL_PRD|Any CPU.Build.0 = NL_PRD|Any CPU
		{E9FA7EEF-9C26-447F-BB62-4733EBFE422E}.NL_TST|Any CPU.ActiveCfg = NL_TST|Any CPU
		{E9FA7EEF-9C26-447F-BB62-4733EBFE422E}.NL_TST|Any CPU.Build.0 = NL_TST|Any CPU
		{E9FA7EEF-9C26-447F-BB62-4733EBFE422E}.Release|Any CPU.ActiveCfg = Release|Any CPU
		{E9FA7EEF-9C26-447F-BB62-4733EBFE422E}.Release|Any CPU.Build.0 = Release|Any CPU
		{E9FA7EEF-9C26-447F-BB62-4733EBFE422E}.THA_DEV|Any CPU.ActiveCfg = THA_DEV|Any CPU
		{E9FA7EEF-9C26-447F-BB62-4733EBFE422E}.THA_DEV|Any CPU.Build.0 = THA_DEV|Any CPU
		{E9FA7EEF-9C26-447F-BB62-4733EBFE422E}.THA_LOC|Any CPU.ActiveCfg = THA_LOC|Any CPU
		{E9FA7EEF-9C26-447F-BB62-4733EBFE422E}.THA_LOC|Any CPU.Build.0 = THA_LOC|Any CPU
		{E9FA7EEF-9C26-447F-BB62-4733EBFE422E}.THA_TST|Any CPU.ActiveCfg = THA_TST|Any CPU
		{E9FA7EEF-9C26-447F-BB62-4733EBFE422E}.THA_TST|Any CPU.Build.0 = THA_TST|Any CPU
	EndGlobalSection
	GlobalSection(SolutionProperties) = preSolution
		HideSolutionNode = FALSE
	EndGlobalSection
EndGlobal
