
Microsoft Visual Studio Solution File, Format Version 12.00
# Visual Studio 2013
VisualStudioVersion = 12.0.40629.0
MinimumVisualStudioVersion = 10.0.40219.1
Project("{FAE04EC0-301F-11D3-BF4B-00C04F79EFBC}") = "BND.Services.Matrix.Resources", "BND.Services.Matrix.Resources\BND.Services.Matrix.Resources.csproj", "{F15A6C85-8A95-480B-A4F3-8B5DDF6947E1}"
EndProject
Project("{FAE04EC0-301F-11D3-BF4B-00C04F79EFBC}") = "BND.Services.Matrix.Enums", "BND.Services.Matrix.Enums\BND.Services.Matrix.Enums.csproj", "{E7AC6734-C67E-4143-960B-0340B899AAD6}"
EndProject
Project("{FAE04EC0-301F-11D3-BF4B-00C04F79EFBC}") = "BND.Services.Matrix.Entities", "BND.Services.Matrix.Entities\BND.Services.Matrix.Entities.csproj", "{DD357BA0-0A0A-4C58-9C40-B29C41879338}"
EndProject
Project("{FAE04EC0-301F-11D3-BF4B-00C04F79EFBC}") = "BND.Services.Matrix.Business", "BND.Services.Matrix.Business\BND.Services.Matrix.Business.csproj", "{E14EAA7B-3B30-4542-86EB-8E99EEFAD887}"
EndProject
Project("{FAE04EC0-301F-11D3-BF4B-00C04F79EFBC}") = "BND.Services.Matrix.IoC", "BND.Services.Matrix.IoC\BND.Services.Matrix.IoC.csproj", "{612B13E6-26F3-4371-ABB1-9263A2554A3F}"
EndProject
Project("{FAE04EC0-301F-11D3-BF4B-00C04F79EFBC}") = "BND.Services.Matrix.Web", "BND.Services.Matrix.Web\BND.Services.Matrix.Web.csproj", "{D68EDD80-554A-46EF-8E59-23900766CCF4}"
EndProject
Project("{FAE04EC0-301F-11D3-BF4B-00C04F79EFBC}") = "BND.Services.Matrix.UnitTests", "BND.Services.Matrix.UnitTests\BND.Services.Matrix.UnitTests.csproj", "{24D43B01-044D-459C-89C4-C6A84C101BF7}"
EndProject
Project("{FAE04EC0-301F-11D3-BF4B-00C04F79EFBC}") = "BND.Services.Matrix.Proxy", "BND.Services.Matrix.Proxy\BND.Services.Matrix.Proxy.csproj", "{44896B85-115F-45B3-ACBD-8D17ACE99C69}"
EndProject
Project("{FAE04EC0-301F-11D3-BF4B-00C04F79EFBC}") = "BND.Services.Matrix.Proxy.NET4", "BND.Services.Matrix.Proxy.NET4\BND.Services.Matrix.Proxy.NET4.csproj", "{019A022D-146E-4923-B727-CA03DD3642C9}"
EndProject
Global
	GlobalSection(SolutionConfigurationPlatforms) = preSolution
		GR_DEV|Any CPU = GR_DEV|Any CPU
		GR_LOC|Any CPU = GR_LOC|Any CPU
		GR_TST|Any CPU = GR_TST|Any CPU
		NL_ACC|Any CPU = NL_ACC|Any CPU
		NL_DEV|Any CPU = NL_DEV|Any CPU
		NL_LOC|Any CPU = NL_LOC|Any CPU
		NL_PRD|Any CPU = NL_PRD|Any CPU
		NL_TST|Any CPU = NL_TST|Any CPU
	EndGlobalSection
	GlobalSection(ProjectConfigurationPlatforms) = postSolution
		{F15A6C85-8A95-480B-A4F3-8B5DDF6947E1}.GR_DEV|Any CPU.ActiveCfg = GR_DEV|Any CPU
		{F15A6C85-8A95-480B-A4F3-8B5DDF6947E1}.GR_DEV|Any CPU.Build.0 = GR_DEV|Any CPU
		{F15A6C85-8A95-480B-A4F3-8B5DDF6947E1}.GR_LOC|Any CPU.ActiveCfg = GR_LOC|Any CPU
		{F15A6C85-8A95-480B-A4F3-8B5DDF6947E1}.GR_LOC|Any CPU.Build.0 = GR_LOC|Any CPU
		{F15A6C85-8A95-480B-A4F3-8B5DDF6947E1}.GR_TST|Any CPU.ActiveCfg = GR_TST|Any CPU
		{F15A6C85-8A95-480B-A4F3-8B5DDF6947E1}.GR_TST|Any CPU.Build.0 = GR_TST|Any CPU
		{F15A6C85-8A95-480B-A4F3-8B5DDF6947E1}.NL_ACC|Any CPU.ActiveCfg = NL_ACC|Any CPU
		{F15A6C85-8A95-480B-A4F3-8B5DDF6947E1}.NL_ACC|Any CPU.Build.0 = NL_ACC|Any CPU
		{F15A6C85-8A95-480B-A4F3-8B5DDF6947E1}.NL_DEV|Any CPU.ActiveCfg = NL_DEV|Any CPU
		{F15A6C85-8A95-480B-A4F3-8B5DDF6947E1}.NL_DEV|Any CPU.Build.0 = NL_DEV|Any CPU
		{F15A6C85-8A95-480B-A4F3-8B5DDF6947E1}.NL_LOC|Any CPU.ActiveCfg = NL_LOC|Any CPU
		{F15A6C85-8A95-480B-A4F3-8B5DDF6947E1}.NL_LOC|Any CPU.Build.0 = NL_LOC|Any CPU
		{F15A6C85-8A95-480B-A4F3-8B5DDF6947E1}.NL_PRD|Any CPU.ActiveCfg = NL_PRD|Any CPU
		{F15A6C85-8A95-480B-A4F3-8B5DDF6947E1}.NL_PRD|Any CPU.Build.0 = NL_PRD|Any CPU
		{F15A6C85-8A95-480B-A4F3-8B5DDF6947E1}.NL_TST|Any CPU.ActiveCfg = NL_TST|Any CPU
		{F15A6C85-8A95-480B-A4F3-8B5DDF6947E1}.NL_TST|Any CPU.Build.0 = NL_TST|Any CPU
		{E7AC6734-C67E-4143-960B-0340B899AAD6}.GR_DEV|Any CPU.ActiveCfg = GR_DEV|Any CPU
		{E7AC6734-C67E-4143-960B-0340B899AAD6}.GR_DEV|Any CPU.Build.0 = GR_DEV|Any CPU
		{E7AC6734-C67E-4143-960B-0340B899AAD6}.GR_LOC|Any CPU.ActiveCfg = GR_LOC|Any CPU
		{E7AC6734-C67E-4143-960B-0340B899AAD6}.GR_LOC|Any CPU.Build.0 = GR_LOC|Any CPU
		{E7AC6734-C67E-4143-960B-0340B899AAD6}.GR_TST|Any CPU.ActiveCfg = GR_TST|Any CPU
		{E7AC6734-C67E-4143-960B-0340B899AAD6}.GR_TST|Any CPU.Build.0 = GR_TST|Any CPU
		{E7AC6734-C67E-4143-960B-0340B899AAD6}.NL_ACC|Any CPU.ActiveCfg = NL_ACC|Any CPU
		{E7AC6734-C67E-4143-960B-0340B899AAD6}.NL_ACC|Any CPU.Build.0 = NL_ACC|Any CPU
		{E7AC6734-C67E-4143-960B-0340B899AAD6}.NL_DEV|Any CPU.ActiveCfg = NL_DEV|Any CPU
		{E7AC6734-C67E-4143-960B-0340B899AAD6}.NL_DEV|Any CPU.Build.0 = NL_DEV|Any CPU
		{E7AC6734-C67E-4143-960B-0340B899AAD6}.NL_LOC|Any CPU.ActiveCfg = NL_LOC|Any CPU
		{E7AC6734-C67E-4143-960B-0340B899AAD6}.NL_LOC|Any CPU.Build.0 = NL_LOC|Any CPU
		{E7AC6734-C67E-4143-960B-0340B899AAD6}.NL_PRD|Any CPU.ActiveCfg = NL_PRD|Any CPU
		{E7AC6734-C67E-4143-960B-0340B899AAD6}.NL_PRD|Any CPU.Build.0 = NL_PRD|Any CPU
		{E7AC6734-C67E-4143-960B-0340B899AAD6}.NL_TST|Any CPU.ActiveCfg = NL_TST|Any CPU
		{E7AC6734-C67E-4143-960B-0340B899AAD6}.NL_TST|Any CPU.Build.0 = NL_TST|Any CPU
		{DD357BA0-0A0A-4C58-9C40-B29C41879338}.GR_DEV|Any CPU.ActiveCfg = GR_DEV|Any CPU
		{DD357BA0-0A0A-4C58-9C40-B29C41879338}.GR_DEV|Any CPU.Build.0 = GR_DEV|Any CPU
		{DD357BA0-0A0A-4C58-9C40-B29C41879338}.GR_LOC|Any CPU.ActiveCfg = GR_LOC|Any CPU
		{DD357BA0-0A0A-4C58-9C40-B29C41879338}.GR_LOC|Any CPU.Build.0 = GR_LOC|Any CPU
		{DD357BA0-0A0A-4C58-9C40-B29C41879338}.GR_TST|Any CPU.ActiveCfg = GR_TST|Any CPU
		{DD357BA0-0A0A-4C58-9C40-B29C41879338}.GR_TST|Any CPU.Build.0 = GR_TST|Any CPU
		{DD357BA0-0A0A-4C58-9C40-B29C41879338}.NL_ACC|Any CPU.ActiveCfg = NL_ACC|Any CPU
		{DD357BA0-0A0A-4C58-9C40-B29C41879338}.NL_ACC|Any CPU.Build.0 = NL_ACC|Any CPU
		{DD357BA0-0A0A-4C58-9C40-B29C41879338}.NL_DEV|Any CPU.ActiveCfg = NL_DEV|Any CPU
		{DD357BA0-0A0A-4C58-9C40-B29C41879338}.NL_DEV|Any CPU.Build.0 = NL_DEV|Any CPU
		{DD357BA0-0A0A-4C58-9C40-B29C41879338}.NL_LOC|Any CPU.ActiveCfg = NL_LOC|Any CPU
		{DD357BA0-0A0A-4C58-9C40-B29C41879338}.NL_LOC|Any CPU.Build.0 = NL_LOC|Any CPU
		{DD357BA0-0A0A-4C58-9C40-B29C41879338}.NL_PRD|Any CPU.ActiveCfg = NL_PRD|Any CPU
		{DD357BA0-0A0A-4C58-9C40-B29C41879338}.NL_PRD|Any CPU.Build.0 = NL_PRD|Any CPU
		{DD357BA0-0A0A-4C58-9C40-B29C41879338}.NL_TST|Any CPU.ActiveCfg = NL_TST|Any CPU
		{DD357BA0-0A0A-4C58-9C40-B29C41879338}.NL_TST|Any CPU.Build.0 = NL_TST|Any CPU
		{E14EAA7B-3B30-4542-86EB-8E99EEFAD887}.GR_DEV|Any CPU.ActiveCfg = GR_DEV|Any CPU
		{E14EAA7B-3B30-4542-86EB-8E99EEFAD887}.GR_DEV|Any CPU.Build.0 = GR_DEV|Any CPU
		{E14EAA7B-3B30-4542-86EB-8E99EEFAD887}.GR_LOC|Any CPU.ActiveCfg = GR_LOC|Any CPU
		{E14EAA7B-3B30-4542-86EB-8E99EEFAD887}.GR_LOC|Any CPU.Build.0 = GR_LOC|Any CPU
		{E14EAA7B-3B30-4542-86EB-8E99EEFAD887}.GR_TST|Any CPU.ActiveCfg = GR_TST|Any CPU
		{E14EAA7B-3B30-4542-86EB-8E99EEFAD887}.GR_TST|Any CPU.Build.0 = GR_TST|Any CPU
		{E14EAA7B-3B30-4542-86EB-8E99EEFAD887}.NL_ACC|Any CPU.ActiveCfg = NL_ACC|Any CPU
		{E14EAA7B-3B30-4542-86EB-8E99EEFAD887}.NL_ACC|Any CPU.Build.0 = NL_ACC|Any CPU
		{E14EAA7B-3B30-4542-86EB-8E99EEFAD887}.NL_DEV|Any CPU.ActiveCfg = NL_DEV|Any CPU
		{E14EAA7B-3B30-4542-86EB-8E99EEFAD887}.NL_DEV|Any CPU.Build.0 = NL_DEV|Any CPU
		{E14EAA7B-3B30-4542-86EB-8E99EEFAD887}.NL_LOC|Any CPU.ActiveCfg = NL_LOC|Any CPU
		{E14EAA7B-3B30-4542-86EB-8E99EEFAD887}.NL_LOC|Any CPU.Build.0 = NL_LOC|Any CPU
		{E14EAA7B-3B30-4542-86EB-8E99EEFAD887}.NL_PRD|Any CPU.ActiveCfg = NL_PRD|Any CPU
		{E14EAA7B-3B30-4542-86EB-8E99EEFAD887}.NL_PRD|Any CPU.Build.0 = NL_PRD|Any CPU
		{E14EAA7B-3B30-4542-86EB-8E99EEFAD887}.NL_TST|Any CPU.ActiveCfg = NL_TST|Any CPU
		{E14EAA7B-3B30-4542-86EB-8E99EEFAD887}.NL_TST|Any CPU.Build.0 = NL_TST|Any CPU
		{612B13E6-26F3-4371-ABB1-9263A2554A3F}.GR_DEV|Any CPU.ActiveCfg = GR_DEV|Any CPU
		{612B13E6-26F3-4371-ABB1-9263A2554A3F}.GR_DEV|Any CPU.Build.0 = GR_DEV|Any CPU
		{612B13E6-26F3-4371-ABB1-9263A2554A3F}.GR_LOC|Any CPU.ActiveCfg = GR_LOC|Any CPU
		{612B13E6-26F3-4371-ABB1-9263A2554A3F}.GR_LOC|Any CPU.Build.0 = GR_LOC|Any CPU
		{612B13E6-26F3-4371-ABB1-9263A2554A3F}.GR_TST|Any CPU.ActiveCfg = GR_TST|Any CPU
		{612B13E6-26F3-4371-ABB1-9263A2554A3F}.GR_TST|Any CPU.Build.0 = GR_TST|Any CPU
		{612B13E6-26F3-4371-ABB1-9263A2554A3F}.NL_ACC|Any CPU.ActiveCfg = NL_ACC|Any CPU
		{612B13E6-26F3-4371-ABB1-9263A2554A3F}.NL_ACC|Any CPU.Build.0 = NL_ACC|Any CPU
		{612B13E6-26F3-4371-ABB1-9263A2554A3F}.NL_DEV|Any CPU.ActiveCfg = NL_DEV|Any CPU
		{612B13E6-26F3-4371-ABB1-9263A2554A3F}.NL_DEV|Any CPU.Build.0 = NL_DEV|Any CPU
		{612B13E6-26F3-4371-ABB1-9263A2554A3F}.NL_LOC|Any CPU.ActiveCfg = NL_LOC|Any CPU
		{612B13E6-26F3-4371-ABB1-9263A2554A3F}.NL_LOC|Any CPU.Build.0 = NL_LOC|Any CPU
		{612B13E6-26F3-4371-ABB1-9263A2554A3F}.NL_PRD|Any CPU.ActiveCfg = NL_PRD|Any CPU
		{612B13E6-26F3-4371-ABB1-9263A2554A3F}.NL_PRD|Any CPU.Build.0 = NL_PRD|Any CPU
		{612B13E6-26F3-4371-ABB1-9263A2554A3F}.NL_TST|Any CPU.ActiveCfg = NL_TST|Any CPU
		{612B13E6-26F3-4371-ABB1-9263A2554A3F}.NL_TST|Any CPU.Build.0 = NL_TST|Any CPU
		{D68EDD80-554A-46EF-8E59-23900766CCF4}.GR_DEV|Any CPU.ActiveCfg = GR_DEV|Any CPU
		{D68EDD80-554A-46EF-8E59-23900766CCF4}.GR_DEV|Any CPU.Build.0 = GR_DEV|Any CPU
		{D68EDD80-554A-46EF-8E59-23900766CCF4}.GR_LOC|Any CPU.ActiveCfg = GR_LOC|Any CPU
		{D68EDD80-554A-46EF-8E59-23900766CCF4}.GR_LOC|Any CPU.Build.0 = GR_LOC|Any CPU
		{D68EDD80-554A-46EF-8E59-23900766CCF4}.GR_TST|Any CPU.ActiveCfg = GR_TST|Any CPU
		{D68EDD80-554A-46EF-8E59-23900766CCF4}.GR_TST|Any CPU.Build.0 = GR_TST|Any CPU
		{D68EDD80-554A-46EF-8E59-23900766CCF4}.NL_ACC|Any CPU.ActiveCfg = NL_ACC|Any CPU
		{D68EDD80-554A-46EF-8E59-23900766CCF4}.NL_ACC|Any CPU.Build.0 = NL_ACC|Any CPU
		{D68EDD80-554A-46EF-8E59-23900766CCF4}.NL_DEV|Any CPU.ActiveCfg = NL_DEV|Any CPU
		{D68EDD80-554A-46EF-8E59-23900766CCF4}.NL_DEV|Any CPU.Build.0 = NL_DEV|Any CPU
		{D68EDD80-554A-46EF-8E59-23900766CCF4}.NL_LOC|Any CPU.ActiveCfg = NL_LOC|Any CPU
		{D68EDD80-554A-46EF-8E59-23900766CCF4}.NL_LOC|Any CPU.Build.0 = NL_LOC|Any CPU
		{D68EDD80-554A-46EF-8E59-23900766CCF4}.NL_PRD|Any CPU.ActiveCfg = NL_PRD|Any CPU
		{D68EDD80-554A-46EF-8E59-23900766CCF4}.NL_PRD|Any CPU.Build.0 = NL_PRD|Any CPU
		{D68EDD80-554A-46EF-8E59-23900766CCF4}.NL_TST|Any CPU.ActiveCfg = NL_TST|Any CPU
		{D68EDD80-554A-46EF-8E59-23900766CCF4}.NL_TST|Any CPU.Build.0 = NL_TST|Any CPU
		{24D43B01-044D-459C-89C4-C6A84C101BF7}.GR_DEV|Any CPU.ActiveCfg = GR_DEV|Any CPU
		{24D43B01-044D-459C-89C4-C6A84C101BF7}.GR_DEV|Any CPU.Build.0 = GR_DEV|Any CPU
		{24D43B01-044D-459C-89C4-C6A84C101BF7}.GR_LOC|Any CPU.ActiveCfg = GR_LOC|Any CPU
		{24D43B01-044D-459C-89C4-C6A84C101BF7}.GR_LOC|Any CPU.Build.0 = GR_LOC|Any CPU
		{24D43B01-044D-459C-89C4-C6A84C101BF7}.GR_TST|Any CPU.ActiveCfg = GR_TST|Any CPU
		{24D43B01-044D-459C-89C4-C6A84C101BF7}.GR_TST|Any CPU.Build.0 = GR_TST|Any CPU
		{24D43B01-044D-459C-89C4-C6A84C101BF7}.NL_ACC|Any CPU.ActiveCfg = NL_ACC|Any CPU
		{24D43B01-044D-459C-89C4-C6A84C101BF7}.NL_ACC|Any CPU.Build.0 = NL_ACC|Any CPU
		{24D43B01-044D-459C-89C4-C6A84C101BF7}.NL_DEV|Any CPU.ActiveCfg = NL_DEV|Any CPU
		{24D43B01-044D-459C-89C4-C6A84C101BF7}.NL_DEV|Any CPU.Build.0 = NL_DEV|Any CPU
		{24D43B01-044D-459C-89C4-C6A84C101BF7}.NL_LOC|Any CPU.ActiveCfg = NL_LOC|Any CPU
		{24D43B01-044D-459C-89C4-C6A84C101BF7}.NL_LOC|Any CPU.Build.0 = NL_LOC|Any CPU
		{24D43B01-044D-459C-89C4-C6A84C101BF7}.NL_PRD|Any CPU.ActiveCfg = NL_PRD|Any CPU
		{24D43B01-044D-459C-89C4-C6A84C101BF7}.NL_PRD|Any CPU.Build.0 = NL_PRD|Any CPU
		{24D43B01-044D-459C-89C4-C6A84C101BF7}.NL_TST|Any CPU.ActiveCfg = NL_TST|Any CPU
		{24D43B01-044D-459C-89C4-C6A84C101BF7}.NL_TST|Any CPU.Build.0 = NL_TST|Any CPU
		{44896B85-115F-45B3-ACBD-8D17ACE99C69}.GR_DEV|Any CPU.ActiveCfg = GR_DEV|Any CPU
		{44896B85-115F-45B3-ACBD-8D17ACE99C69}.GR_DEV|Any CPU.Build.0 = GR_DEV|Any CPU
		{44896B85-115F-45B3-ACBD-8D17ACE99C69}.GR_LOC|Any CPU.ActiveCfg = GR_LOC|Any CPU
		{44896B85-115F-45B3-ACBD-8D17ACE99C69}.GR_LOC|Any CPU.Build.0 = GR_LOC|Any CPU
		{44896B85-115F-45B3-ACBD-8D17ACE99C69}.GR_TST|Any CPU.ActiveCfg = GR_TST|Any CPU
		{44896B85-115F-45B3-ACBD-8D17ACE99C69}.GR_TST|Any CPU.Build.0 = GR_TST|Any CPU
		{44896B85-115F-45B3-ACBD-8D17ACE99C69}.NL_ACC|Any CPU.ActiveCfg = NL_ACC|Any CPU
		{44896B85-115F-45B3-ACBD-8D17ACE99C69}.NL_ACC|Any CPU.Build.0 = NL_ACC|Any CPU
		{44896B85-115F-45B3-ACBD-8D17ACE99C69}.NL_DEV|Any CPU.ActiveCfg = NL_DEV|Any CPU
		{44896B85-115F-45B3-ACBD-8D17ACE99C69}.NL_DEV|Any CPU.Build.0 = NL_DEV|Any CPU
		{44896B85-115F-45B3-ACBD-8D17ACE99C69}.NL_LOC|Any CPU.ActiveCfg = NL_LOC|Any CPU
		{44896B85-115F-45B3-ACBD-8D17ACE99C69}.NL_LOC|Any CPU.Build.0 = NL_LOC|Any CPU
		{44896B85-115F-45B3-ACBD-8D17ACE99C69}.NL_PRD|Any CPU.ActiveCfg = NL_PRD|Any CPU
		{44896B85-115F-45B3-ACBD-8D17ACE99C69}.NL_PRD|Any CPU.Build.0 = NL_PRD|Any CPU
		{44896B85-115F-45B3-ACBD-8D17ACE99C69}.NL_TST|Any CPU.ActiveCfg = NL_TST|Any CPU
		{44896B85-115F-45B3-ACBD-8D17ACE99C69}.NL_TST|Any CPU.Build.0 = NL_TST|Any CPU
		{019A022D-146E-4923-B727-CA03DD3642C9}.GR_DEV|Any CPU.ActiveCfg = GR_DEV|Any CPU
		{019A022D-146E-4923-B727-CA03DD3642C9}.GR_DEV|Any CPU.Build.0 = GR_DEV|Any CPU
		{019A022D-146E-4923-B727-CA03DD3642C9}.GR_LOC|Any CPU.ActiveCfg = GR_LOC|Any CPU
		{019A022D-146E-4923-B727-CA03DD3642C9}.GR_LOC|Any CPU.Build.0 = GR_LOC|Any CPU
		{019A022D-146E-4923-B727-CA03DD3642C9}.GR_TST|Any CPU.ActiveCfg = GR_TST|Any CPU
		{019A022D-146E-4923-B727-CA03DD3642C9}.GR_TST|Any CPU.Build.0 = GR_TST|Any CPU
		{019A022D-146E-4923-B727-CA03DD3642C9}.NL_ACC|Any CPU.ActiveCfg = NL_ACC|Any CPU
		{019A022D-146E-4923-B727-CA03DD3642C9}.NL_ACC|Any CPU.Build.0 = NL_ACC|Any CPU
		{019A022D-146E-4923-B727-CA03DD3642C9}.NL_DEV|Any CPU.ActiveCfg = NL_DEV|Any CPU
		{019A022D-146E-4923-B727-CA03DD3642C9}.NL_DEV|Any CPU.Build.0 = NL_DEV|Any CPU
		{019A022D-146E-4923-B727-CA03DD3642C9}.NL_LOC|Any CPU.ActiveCfg = NL_LOC|Any CPU
		{019A022D-146E-4923-B727-CA03DD3642C9}.NL_LOC|Any CPU.Build.0 = NL_LOC|Any CPU
		{019A022D-146E-4923-B727-CA03DD3642C9}.NL_PRD|Any CPU.ActiveCfg = NL_PRD|Any CPU
		{019A022D-146E-4923-B727-CA03DD3642C9}.NL_PRD|Any CPU.Build.0 = NL_PRD|Any CPU
		{019A022D-146E-4923-B727-CA03DD3642C9}.NL_TST|Any CPU.ActiveCfg = NL_TST|Any CPU
		{019A022D-146E-4923-B727-CA03DD3642C9}.NL_TST|Any CPU.Build.0 = NL_TST|Any CPU
	EndGlobalSection
	GlobalSection(SolutionProperties) = preSolution
		HideSolutionNode = FALSE
	EndGlobalSection
EndGlobal
