
Microsoft Visual Studio Solution File, Format Version 12.00
# Visual Studio 2013
VisualStudioVersion = 12.0.40629.0
MinimumVisualStudioVersion = 10.0.40219.1
Project("{FAE04EC0-301F-11D3-BF4B-00C04F79EFBC}") = "BND.Services.Payments.eMandates.Business", "BND.Services.Payments.eMandates.Business\BND.Services.Payments.eMandates.Business.csproj", "{5F4FCBF7-EAB5-4C5A-A57B-C2524FC03078}"
EndProject
Project("{FAE04EC0-301F-11D3-BF4B-00C04F79EFBC}") = "BND.Services.Payments.eMandates.Data", "BND.Services.Payments.eMandates.Data\BND.Services.Payments.eMandates.Data.csproj", "{A3DBCEC0-B287-44F0-BF83-7AA6E90F7049}"
EndProject
Project("{FAE04EC0-301F-11D3-BF4B-00C04F79EFBC}") = "BND.Services.Payments.eMandates.Entities", "BND.Services.Payments.eMandates.Entities\BND.Services.Payments.eMandates.Entities.csproj", "{64AD538D-E5C0-4C80-AE17-0BAFC395DB58}"
EndProject
Project("{FAE04EC0-301F-11D3-BF4B-00C04F79EFBC}") = "BND.Services.Payments.eMandates.Enums", "BND.Services.Payments.eMandates.Enums\BND.Services.Payments.eMandates.Enums.csproj", "{83E93AC7-91BC-492D-8053-D1B6A9F8626D}"
EndProject
Project("{FAE04EC0-301F-11D3-BF4B-00C04F79EFBC}") = "BND.Services.Payments.eMandates.IoC", "BND.Services.Payments.eMandates.IoC\BND.Services.Payments.eMandates.IoC.csproj", "{F9AFE0EE-0C38-4166-96C1-90B5D0ED9B96}"
EndProject
Project("{FAE04EC0-301F-11D3-BF4B-00C04F79EFBC}") = "BND.Services.Payments.eMandates.Models", "BND.Services.Payments.eMandates.Models\BND.Services.Payments.eMandates.Models.csproj", "{6631F559-1FC6-4270-8E91-62FAFA0BE213}"
EndProject
Project("{FAE04EC0-301F-11D3-BF4B-00C04F79EFBC}") = "BND.Services.Payments.eMandates.Proxy", "BND.Services.Payments.eMandates.Proxy\BND.Services.Payments.eMandates.Proxy.csproj", "{062F29DF-D702-4ED0-8DD3-12ACD2924621}"
EndProject
Project("{FAE04EC0-301F-11D3-BF4B-00C04F79EFBC}") = "BND.Services.Payments.eMandates.Resources", "BND.Services.Payments.eMandates.Resources\BND.Services.Payments.eMandates.Resources.csproj", "{3CB596A3-18D1-4203-965E-30AD1445234C}"
EndProject
Project("{FAE04EC0-301F-11D3-BF4B-00C04F79EFBC}") = "BND.Services.Payments.eMandates.UnitTests", "BND.Services.Payments.eMandates.UnitTests\BND.Services.Payments.eMandates.UnitTests.csproj", "{EFADC1AD-667C-482B-93AA-07B11040622D}"
EndProject
Project("{FAE04EC0-301F-11D3-BF4B-00C04F79EFBC}") = "BND.Services.Payments.eMandates.WebService", "BND.Services.Payments.eMandates.WebService\BND.Services.Payments.eMandates.WebService.csproj", "{57D77B03-BC0A-40C1-A107-9C52701743DA}"
EndProject
Project("{FAE04EC0-301F-11D3-BF4B-00C04F79EFBC}") = "BND.Services.Payments.eMandates.Proxy.NET4", "BND.Services.Payments.eMandates.Proxy.NET4\BND.Services.Payments.eMandates.Proxy.NET4.csproj", "{15A5A709-7A8F-4F00-B58E-F41CB01510C8}"
EndProject
Project("{2150E333-8FDC-42A3-9474-1A3956D46DE8}") = "_integrationTests", "_integrationTests", "{E428FEE2-DD98-4971-A4FF-8DFC5EEFA07C}"
EndProject
Project("{FAE04EC0-301F-11D3-BF4B-00C04F79EFBC}") = "eMandates.Merchant.Website", "_integrationTests\eMandates.Merchant.Website.csproj", "{FAF50C79-9F7A-4F46-8CE2-1017C17E7005}"
EndProject
Project("{FAE04EC0-301F-11D3-BF4B-00C04F79EFBC}") = "BND.Services.Payments.eMandates.Domain", "BND.Services.Payments.eMandates.Domain\BND.Services.Payments.eMandates.Domain.csproj", "{A6745C87-DC73-4846-BDB2-76E44408AD48}"
EndProject
Global
	GlobalSection(SolutionConfigurationPlatforms) = preSolution
		Debug|Any CPU = Debug|Any CPU
		NL_ACC|Any CPU = NL_ACC|Any CPU
		NL_DEV|Any CPU = NL_DEV|Any CPU
		NL_LOC|Any CPU = NL_LOC|Any CPU
		NL_PRD|Any CPU = NL_PRD|Any CPU
		NL_TST|Any CPU = NL_TST|Any CPU
		Release|Any CPU = Release|Any CPU
		THA_DEV|Any CPU = THA_DEV|Any CPU
		THA_LOC|Any CPU = THA_LOC|Any CPU
		THA_TST|Any CPU = THA_TST|Any CPU
	EndGlobalSection
	GlobalSection(ProjectConfigurationPlatforms) = postSolution
		{5F4FCBF7-EAB5-4C5A-A57B-C2524FC03078}.Debug|Any CPU.ActiveCfg = Debug|Any CPU
		{5F4FCBF7-EAB5-4C5A-A57B-C2524FC03078}.Debug|Any CPU.Build.0 = Debug|Any CPU
		{5F4FCBF7-EAB5-4C5A-A57B-C2524FC03078}.NL_ACC|Any CPU.ActiveCfg = Release|Any CPU
		{5F4FCBF7-EAB5-4C5A-A57B-C2524FC03078}.NL_ACC|Any CPU.Build.0 = Release|Any CPU
		{5F4FCBF7-EAB5-4C5A-A57B-C2524FC03078}.NL_DEV|Any CPU.ActiveCfg = NL_DEV|Any CPU
		{5F4FCBF7-EAB5-4C5A-A57B-C2524FC03078}.NL_DEV|Any CPU.Build.0 = NL_DEV|Any CPU
		{5F4FCBF7-EAB5-4C5A-A57B-C2524FC03078}.NL_LOC|Any CPU.ActiveCfg = NL_LOC|Any CPU
		{5F4FCBF7-EAB5-4C5A-A57B-C2524FC03078}.NL_LOC|Any CPU.Build.0 = NL_LOC|Any CPU
		{5F4FCBF7-EAB5-4C5A-A57B-C2524FC03078}.NL_PRD|Any CPU.ActiveCfg = NL_PRD|Any CPU
		{5F4FCBF7-EAB5-4C5A-A57B-C2524FC03078}.NL_PRD|Any CPU.Build.0 = NL_PRD|Any CPU
		{5F4FCBF7-EAB5-4C5A-A57B-C2524FC03078}.NL_TST|Any CPU.ActiveCfg = NL_TST|Any CPU
		{5F4FCBF7-EAB5-4C5A-A57B-C2524FC03078}.NL_TST|Any CPU.Build.0 = NL_TST|Any CPU
		{5F4FCBF7-EAB5-4C5A-A57B-C2524FC03078}.Release|Any CPU.ActiveCfg = Release|Any CPU
		{5F4FCBF7-EAB5-4C5A-A57B-C2524FC03078}.Release|Any CPU.Build.0 = Release|Any CPU
		{5F4FCBF7-EAB5-4C5A-A57B-C2524FC03078}.THA_DEV|Any CPU.ActiveCfg = THA_DEV|Any CPU
		{5F4FCBF7-EAB5-4C5A-A57B-C2524FC03078}.THA_DEV|Any CPU.Build.0 = THA_DEV|Any CPU
		{5F4FCBF7-EAB5-4C5A-A57B-C2524FC03078}.THA_LOC|Any CPU.ActiveCfg = THA_LOC|Any CPU
		{5F4FCBF7-EAB5-4C5A-A57B-C2524FC03078}.THA_LOC|Any CPU.Build.0 = THA_LOC|Any CPU
		{5F4FCBF7-EAB5-4C5A-A57B-C2524FC03078}.THA_TST|Any CPU.ActiveCfg = THA_TST|Any CPU
		{5F4FCBF7-EAB5-4C5A-A57B-C2524FC03078}.THA_TST|Any CPU.Build.0 = THA_TST|Any CPU
		{A3DBCEC0-B287-44F0-BF83-7AA6E90F7049}.Debug|Any CPU.ActiveCfg = Debug|Any CPU
		{A3DBCEC0-B287-44F0-BF83-7AA6E90F7049}.Debug|Any CPU.Build.0 = Debug|Any CPU
		{A3DBCEC0-B287-44F0-BF83-7AA6E90F7049}.NL_ACC|Any CPU.ActiveCfg = Release|Any CPU
		{A3DBCEC0-B287-44F0-BF83-7AA6E90F7049}.NL_ACC|Any CPU.Build.0 = Release|Any CPU
		{A3DBCEC0-B287-44F0-BF83-7AA6E90F7049}.NL_DEV|Any CPU.ActiveCfg = NL_DEV|Any CPU
		{A3DBCEC0-B287-44F0-BF83-7AA6E90F7049}.NL_DEV|Any CPU.Build.0 = NL_DEV|Any CPU
		{A3DBCEC0-B287-44F0-BF83-7AA6E90F7049}.NL_LOC|Any CPU.ActiveCfg = NL_LOC|Any CPU
		{A3DBCEC0-B287-44F0-BF83-7AA6E90F7049}.NL_LOC|Any CPU.Build.0 = NL_LOC|Any CPU
		{A3DBCEC0-B287-44F0-BF83-7AA6E90F7049}.NL_PRD|Any CPU.ActiveCfg = NL_PRD|Any CPU
		{A3DBCEC0-B287-44F0-BF83-7AA6E90F7049}.NL_PRD|Any CPU.Build.0 = NL_PRD|Any CPU
		{A3DBCEC0-B287-44F0-BF83-7AA6E90F7049}.NL_TST|Any CPU.ActiveCfg = NL_TST|Any CPU
		{A3DBCEC0-B287-44F0-BF83-7AA6E90F7049}.NL_TST|Any CPU.Build.0 = NL_TST|Any CPU
		{A3DBCEC0-B287-44F0-BF83-7AA6E90F7049}.Release|Any CPU.ActiveCfg = Release|Any CPU
		{A3DBCEC0-B287-44F0-BF83-7AA6E90F7049}.Release|Any CPU.Build.0 = Release|Any CPU
		{A3DBCEC0-B287-44F0-BF83-7AA6E90F7049}.THA_DEV|Any CPU.ActiveCfg = THA_DEV|Any CPU
		{A3DBCEC0-B287-44F0-BF83-7AA6E90F7049}.THA_DEV|Any CPU.Build.0 = THA_DEV|Any CPU
		{A3DBCEC0-B287-44F0-BF83-7AA6E90F7049}.THA_LOC|Any CPU.ActiveCfg = THA_LOC|Any CPU
		{A3DBCEC0-B287-44F0-BF83-7AA6E90F7049}.THA_LOC|Any CPU.Build.0 = THA_LOC|Any CPU
		{A3DBCEC0-B287-44F0-BF83-7AA6E90F7049}.THA_TST|Any CPU.ActiveCfg = THA_TST|Any CPU
		{A3DBCEC0-B287-44F0-BF83-7AA6E90F7049}.THA_TST|Any CPU.Build.0 = THA_TST|Any CPU
		{64AD538D-E5C0-4C80-AE17-0BAFC395DB58}.Debug|Any CPU.ActiveCfg = Debug|Any CPU
		{64AD538D-E5C0-4C80-AE17-0BAFC395DB58}.Debug|Any CPU.Build.0 = Debug|Any CPU
		{64AD538D-E5C0-4C80-AE17-0BAFC395DB58}.NL_ACC|Any CPU.ActiveCfg = Release|Any CPU
		{64AD538D-E5C0-4C80-AE17-0BAFC395DB58}.NL_ACC|Any CPU.Build.0 = Release|Any CPU
		{64AD538D-E5C0-4C80-AE17-0BAFC395DB58}.NL_DEV|Any CPU.ActiveCfg = NL_DEV|Any CPU
		{64AD538D-E5C0-4C80-AE17-0BAFC395DB58}.NL_DEV|Any CPU.Build.0 = NL_DEV|Any CPU
		{64AD538D-E5C0-4C80-AE17-0BAFC395DB58}.NL_LOC|Any CPU.ActiveCfg = NL_LOC|Any CPU
		{64AD538D-E5C0-4C80-AE17-0BAFC395DB58}.NL_LOC|Any CPU.Build.0 = NL_LOC|Any CPU
		{64AD538D-E5C0-4C80-AE17-0BAFC395DB58}.NL_PRD|Any CPU.ActiveCfg = NL_PRD|Any CPU
		{64AD538D-E5C0-4C80-AE17-0BAFC395DB58}.NL_PRD|Any CPU.Build.0 = NL_PRD|Any CPU
		{64AD538D-E5C0-4C80-AE17-0BAFC395DB58}.NL_TST|Any CPU.ActiveCfg = NL_TST|Any CPU
		{64AD538D-E5C0-4C80-AE17-0BAFC395DB58}.NL_TST|Any CPU.Build.0 = NL_TST|Any CPU
		{64AD538D-E5C0-4C80-AE17-0BAFC395DB58}.Release|Any CPU.ActiveCfg = Release|Any CPU
		{64AD538D-E5C0-4C80-AE17-0BAFC395DB58}.Release|Any CPU.Build.0 = Release|Any CPU
		{64AD538D-E5C0-4C80-AE17-0BAFC395DB58}.THA_DEV|Any CPU.ActiveCfg = THA_DEV|Any CPU
		{64AD538D-E5C0-4C80-AE17-0BAFC395DB58}.THA_DEV|Any CPU.Build.0 = THA_DEV|Any CPU
		{64AD538D-E5C0-4C80-AE17-0BAFC395DB58}.THA_LOC|Any CPU.ActiveCfg = THA_LOC|Any CPU
		{64AD538D-E5C0-4C80-AE17-0BAFC395DB58}.THA_LOC|Any CPU.Build.0 = THA_LOC|Any CPU
		{64AD538D-E5C0-4C80-AE17-0BAFC395DB58}.THA_TST|Any CPU.ActiveCfg = THA_TST|Any CPU
		{64AD538D-E5C0-4C80-AE17-0BAFC395DB58}.THA_TST|Any CPU.Build.0 = THA_TST|Any CPU
		{83E93AC7-91BC-492D-8053-D1B6A9F8626D}.Debug|Any CPU.ActiveCfg = Debug|Any CPU
		{83E93AC7-91BC-492D-8053-D1B6A9F8626D}.Debug|Any CPU.Build.0 = Debug|Any CPU
		{83E93AC7-91BC-492D-8053-D1B6A9F8626D}.NL_ACC|Any CPU.ActiveCfg = Release|Any CPU
		{83E93AC7-91BC-492D-8053-D1B6A9F8626D}.NL_ACC|Any CPU.Build.0 = Release|Any CPU
		{83E93AC7-91BC-492D-8053-D1B6A9F8626D}.NL_DEV|Any CPU.ActiveCfg = NL_DEV|Any CPU
		{83E93AC7-91BC-492D-8053-D1B6A9F8626D}.NL_DEV|Any CPU.Build.0 = NL_DEV|Any CPU
		{83E93AC7-91BC-492D-8053-D1B6A9F8626D}.NL_LOC|Any CPU.ActiveCfg = NL_LOC|Any CPU
		{83E93AC7-91BC-492D-8053-D1B6A9F8626D}.NL_LOC|Any CPU.Build.0 = NL_LOC|Any CPU
		{83E93AC7-91BC-492D-8053-D1B6A9F8626D}.NL_PRD|Any CPU.ActiveCfg = NL_PRD|Any CPU
		{83E93AC7-91BC-492D-8053-D1B6A9F8626D}.NL_PRD|Any CPU.Build.0 = NL_PRD|Any CPU
		{83E93AC7-91BC-492D-8053-D1B6A9F8626D}.NL_TST|Any CPU.ActiveCfg = NL_TST|Any CPU
		{83E93AC7-91BC-492D-8053-D1B6A9F8626D}.NL_TST|Any CPU.Build.0 = NL_TST|Any CPU
		{83E93AC7-91BC-492D-8053-D1B6A9F8626D}.Release|Any CPU.ActiveCfg = Release|Any CPU
		{83E93AC7-91BC-492D-8053-D1B6A9F8626D}.Release|Any CPU.Build.0 = Release|Any CPU
		{83E93AC7-91BC-492D-8053-D1B6A9F8626D}.THA_DEV|Any CPU.ActiveCfg = THA_DEV|Any CPU
		{83E93AC7-91BC-492D-8053-D1B6A9F8626D}.THA_DEV|Any CPU.Build.0 = THA_DEV|Any CPU
		{83E93AC7-91BC-492D-8053-D1B6A9F8626D}.THA_LOC|Any CPU.ActiveCfg = THA_LOC|Any CPU
		{83E93AC7-91BC-492D-8053-D1B6A9F8626D}.THA_LOC|Any CPU.Build.0 = THA_LOC|Any CPU
		{83E93AC7-91BC-492D-8053-D1B6A9F8626D}.THA_TST|Any CPU.ActiveCfg = THA_TST|Any CPU
		{83E93AC7-91BC-492D-8053-D1B6A9F8626D}.THA_TST|Any CPU.Build.0 = THA_TST|Any CPU
		{F9AFE0EE-0C38-4166-96C1-90B5D0ED9B96}.Debug|Any CPU.ActiveCfg = Debug|Any CPU
		{F9AFE0EE-0C38-4166-96C1-90B5D0ED9B96}.Debug|Any CPU.Build.0 = Debug|Any CPU
		{F9AFE0EE-0C38-4166-96C1-90B5D0ED9B96}.NL_ACC|Any CPU.ActiveCfg = Release|Any CPU
		{F9AFE0EE-0C38-4166-96C1-90B5D0ED9B96}.NL_ACC|Any CPU.Build.0 = Release|Any CPU
		{F9AFE0EE-0C38-4166-96C1-90B5D0ED9B96}.NL_DEV|Any CPU.ActiveCfg = NL_DEV|Any CPU
		{F9AFE0EE-0C38-4166-96C1-90B5D0ED9B96}.NL_DEV|Any CPU.Build.0 = NL_DEV|Any CPU
		{F9AFE0EE-0C38-4166-96C1-90B5D0ED9B96}.NL_LOC|Any CPU.ActiveCfg = NL_LOC|Any CPU
		{F9AFE0EE-0C38-4166-96C1-90B5D0ED9B96}.NL_LOC|Any CPU.Build.0 = NL_LOC|Any CPU
		{F9AFE0EE-0C38-4166-96C1-90B5D0ED9B96}.NL_PRD|Any CPU.ActiveCfg = NL_PRD|Any CPU
		{F9AFE0EE-0C38-4166-96C1-90B5D0ED9B96}.NL_PRD|Any CPU.Build.0 = NL_PRD|Any CPU
		{F9AFE0EE-0C38-4166-96C1-90B5D0ED9B96}.NL_TST|Any CPU.ActiveCfg = NL_TST|Any CPU
		{F9AFE0EE-0C38-4166-96C1-90B5D0ED9B96}.NL_TST|Any CPU.Build.0 = NL_TST|Any CPU
		{F9AFE0EE-0C38-4166-96C1-90B5D0ED9B96}.Release|Any CPU.ActiveCfg = Release|Any CPU
		{F9AFE0EE-0C38-4166-96C1-90B5D0ED9B96}.Release|Any CPU.Build.0 = Release|Any CPU
		{F9AFE0EE-0C38-4166-96C1-90B5D0ED9B96}.THA_DEV|Any CPU.ActiveCfg = THA_DEV|Any CPU
		{F9AFE0EE-0C38-4166-96C1-90B5D0ED9B96}.THA_DEV|Any CPU.Build.0 = THA_DEV|Any CPU
		{F9AFE0EE-0C38-4166-96C1-90B5D0ED9B96}.THA_LOC|Any CPU.ActiveCfg = THA_LOC|Any CPU
		{F9AFE0EE-0C38-4166-96C1-90B5D0ED9B96}.THA_LOC|Any CPU.Build.0 = THA_LOC|Any CPU
		{F9AFE0EE-0C38-4166-96C1-90B5D0ED9B96}.THA_TST|Any CPU.ActiveCfg = THA_TST|Any CPU
		{F9AFE0EE-0C38-4166-96C1-90B5D0ED9B96}.THA_TST|Any CPU.Build.0 = THA_TST|Any CPU
		{6631F559-1FC6-4270-8E91-62FAFA0BE213}.Debug|Any CPU.ActiveCfg = Debug|Any CPU
		{6631F559-1FC6-4270-8E91-62FAFA0BE213}.Debug|Any CPU.Build.0 = Debug|Any CPU
		{6631F559-1FC6-4270-8E91-62FAFA0BE213}.NL_ACC|Any CPU.ActiveCfg = Release|Any CPU
		{6631F559-1FC6-4270-8E91-62FAFA0BE213}.NL_ACC|Any CPU.Build.0 = Release|Any CPU
		{6631F559-1FC6-4270-8E91-62FAFA0BE213}.NL_DEV|Any CPU.ActiveCfg = NL_DEV|Any CPU
		{6631F559-1FC6-4270-8E91-62FAFA0BE213}.NL_DEV|Any CPU.Build.0 = NL_DEV|Any CPU
		{6631F559-1FC6-4270-8E91-62FAFA0BE213}.NL_LOC|Any CPU.ActiveCfg = NL_LOC|Any CPU
		{6631F559-1FC6-4270-8E91-62FAFA0BE213}.NL_LOC|Any CPU.Build.0 = NL_LOC|Any CPU
		{6631F559-1FC6-4270-8E91-62FAFA0BE213}.NL_PRD|Any CPU.ActiveCfg = NL_PRD|Any CPU
		{6631F559-1FC6-4270-8E91-62FAFA0BE213}.NL_PRD|Any CPU.Build.0 = NL_PRD|Any CPU
		{6631F559-1FC6-4270-8E91-62FAFA0BE213}.NL_TST|Any CPU.ActiveCfg = NL_TST|Any CPU
		{6631F559-1FC6-4270-8E91-62FAFA0BE213}.NL_TST|Any CPU.Build.0 = NL_TST|Any CPU
		{6631F559-1FC6-4270-8E91-62FAFA0BE213}.Release|Any CPU.ActiveCfg = Release|Any CPU
		{6631F559-1FC6-4270-8E91-62FAFA0BE213}.Release|Any CPU.Build.0 = Release|Any CPU
		{6631F559-1FC6-4270-8E91-62FAFA0BE213}.THA_DEV|Any CPU.ActiveCfg = THA_DEV|Any CPU
		{6631F559-1FC6-4270-8E91-62FAFA0BE213}.THA_DEV|Any CPU.Build.0 = THA_DEV|Any CPU
		{6631F559-1FC6-4270-8E91-62FAFA0BE213}.THA_LOC|Any CPU.ActiveCfg = THA_LOC|Any CPU
		{6631F559-1FC6-4270-8E91-62FAFA0BE213}.THA_LOC|Any CPU.Build.0 = THA_LOC|Any CPU
		{6631F559-1FC6-4270-8E91-62FAFA0BE213}.THA_TST|Any CPU.ActiveCfg = THA_TST|Any CPU
		{6631F559-1FC6-4270-8E91-62FAFA0BE213}.THA_TST|Any CPU.Build.0 = THA_TST|Any CPU
		{062F29DF-D702-4ED0-8DD3-12ACD2924621}.Debug|Any CPU.ActiveCfg = Debug|Any CPU
		{062F29DF-D702-4ED0-8DD3-12ACD2924621}.Debug|Any CPU.Build.0 = Debug|Any CPU
		{062F29DF-D702-4ED0-8DD3-12ACD2924621}.NL_ACC|Any CPU.ActiveCfg = Release|Any CPU
		{062F29DF-D702-4ED0-8DD3-12ACD2924621}.NL_ACC|Any CPU.Build.0 = Release|Any CPU
		{062F29DF-D702-4ED0-8DD3-12ACD2924621}.NL_DEV|Any CPU.ActiveCfg = NL_DEV|Any CPU
		{062F29DF-D702-4ED0-8DD3-12ACD2924621}.NL_DEV|Any CPU.Build.0 = NL_DEV|Any CPU
		{062F29DF-D702-4ED0-8DD3-12ACD2924621}.NL_LOC|Any CPU.ActiveCfg = NL_LOC|Any CPU
		{062F29DF-D702-4ED0-8DD3-12ACD2924621}.NL_LOC|Any CPU.Build.0 = NL_LOC|Any CPU
		{062F29DF-D702-4ED0-8DD3-12ACD2924621}.NL_PRD|Any CPU.ActiveCfg = NL_PRD|Any CPU
		{062F29DF-D702-4ED0-8DD3-12ACD2924621}.NL_PRD|Any CPU.Build.0 = NL_PRD|Any CPU
		{062F29DF-D702-4ED0-8DD3-12ACD2924621}.NL_TST|Any CPU.ActiveCfg = NL_TST|Any CPU
		{062F29DF-D702-4ED0-8DD3-12ACD2924621}.NL_TST|Any CPU.Build.0 = NL_TST|Any CPU
		{062F29DF-D702-4ED0-8DD3-12ACD2924621}.Release|Any CPU.ActiveCfg = Release|Any CPU
		{062F29DF-D702-4ED0-8DD3-12ACD2924621}.Release|Any CPU.Build.0 = Release|Any CPU
		{062F29DF-D702-4ED0-8DD3-12ACD2924621}.THA_DEV|Any CPU.ActiveCfg = THA_DEV|Any CPU
		{062F29DF-D702-4ED0-8DD3-12ACD2924621}.THA_DEV|Any CPU.Build.0 = THA_DEV|Any CPU
		{062F29DF-D702-4ED0-8DD3-12ACD2924621}.THA_LOC|Any CPU.ActiveCfg = THA_LOC|Any CPU
		{062F29DF-D702-4ED0-8DD3-12ACD2924621}.THA_LOC|Any CPU.Build.0 = THA_LOC|Any CPU
		{062F29DF-D702-4ED0-8DD3-12ACD2924621}.THA_TST|Any CPU.ActiveCfg = THA_TST|Any CPU
		{062F29DF-D702-4ED0-8DD3-12ACD2924621}.THA_TST|Any CPU.Build.0 = THA_TST|Any CPU
		{3CB596A3-18D1-4203-965E-30AD1445234C}.Debug|Any CPU.ActiveCfg = Debug|Any CPU
		{3CB596A3-18D1-4203-965E-30AD1445234C}.Debug|Any CPU.Build.0 = Debug|Any CPU
		{3CB596A3-18D1-4203-965E-30AD1445234C}.NL_ACC|Any CPU.ActiveCfg = Release|Any CPU
		{3CB596A3-18D1-4203-965E-30AD1445234C}.NL_ACC|Any CPU.Build.0 = Release|Any CPU
		{3CB596A3-18D1-4203-965E-30AD1445234C}.NL_DEV|Any CPU.ActiveCfg = NL_DEV|Any CPU
		{3CB596A3-18D1-4203-965E-30AD1445234C}.NL_DEV|Any CPU.Build.0 = NL_DEV|Any CPU
		{3CB596A3-18D1-4203-965E-30AD1445234C}.NL_LOC|Any CPU.ActiveCfg = NL_LOC|Any CPU
		{3CB596A3-18D1-4203-965E-30AD1445234C}.NL_LOC|Any CPU.Build.0 = NL_LOC|Any CPU
		{3CB596A3-18D1-4203-965E-30AD1445234C}.NL_PRD|Any CPU.ActiveCfg = NL_PRD|Any CPU
		{3CB596A3-18D1-4203-965E-30AD1445234C}.NL_PRD|Any CPU.Build.0 = NL_PRD|Any CPU
		{3CB596A3-18D1-4203-965E-30AD1445234C}.NL_TST|Any CPU.ActiveCfg = NL_TST|Any CPU
		{3CB596A3-18D1-4203-965E-30AD1445234C}.NL_TST|Any CPU.Build.0 = NL_TST|Any CPU
		{3CB596A3-18D1-4203-965E-30AD1445234C}.Release|Any CPU.ActiveCfg = Release|Any CPU
		{3CB596A3-18D1-4203-965E-30AD1445234C}.Release|Any CPU.Build.0 = Release|Any CPU
		{3CB596A3-18D1-4203-965E-30AD1445234C}.THA_DEV|Any CPU.ActiveCfg = THA_DEV|Any CPU
		{3CB596A3-18D1-4203-965E-30AD1445234C}.THA_DEV|Any CPU.Build.0 = THA_DEV|Any CPU
		{3CB596A3-18D1-4203-965E-30AD1445234C}.THA_LOC|Any CPU.ActiveCfg = THA_LOC|Any CPU
		{3CB596A3-18D1-4203-965E-30AD1445234C}.THA_LOC|Any CPU.Build.0 = THA_LOC|Any CPU
		{3CB596A3-18D1-4203-965E-30AD1445234C}.THA_TST|Any CPU.ActiveCfg = THA_TST|Any CPU
		{3CB596A3-18D1-4203-965E-30AD1445234C}.THA_TST|Any CPU.Build.0 = THA_TST|Any CPU
		{EFADC1AD-667C-482B-93AA-07B11040622D}.Debug|Any CPU.ActiveCfg = Debug|Any CPU
		{EFADC1AD-667C-482B-93AA-07B11040622D}.Debug|Any CPU.Build.0 = Debug|Any CPU
		{EFADC1AD-667C-482B-93AA-07B11040622D}.NL_ACC|Any CPU.ActiveCfg = Release|Any CPU
		{EFADC1AD-667C-482B-93AA-07B11040622D}.NL_ACC|Any CPU.Build.0 = Release|Any CPU
		{EFADC1AD-667C-482B-93AA-07B11040622D}.NL_DEV|Any CPU.ActiveCfg = NL_DEV|Any CPU
		{EFADC1AD-667C-482B-93AA-07B11040622D}.NL_DEV|Any CPU.Build.0 = NL_DEV|Any CPU
		{EFADC1AD-667C-482B-93AA-07B11040622D}.NL_LOC|Any CPU.ActiveCfg = NL_LOC|Any CPU
		{EFADC1AD-667C-482B-93AA-07B11040622D}.NL_LOC|Any CPU.Build.0 = NL_LOC|Any CPU
		{EFADC1AD-667C-482B-93AA-07B11040622D}.NL_PRD|Any CPU.ActiveCfg = NL_PRD|Any CPU
		{EFADC1AD-667C-482B-93AA-07B11040622D}.NL_PRD|Any CPU.Build.0 = NL_PRD|Any CPU
		{EFADC1AD-667C-482B-93AA-07B11040622D}.NL_TST|Any CPU.ActiveCfg = NL_TST|Any CPU
		{EFADC1AD-667C-482B-93AA-07B11040622D}.NL_TST|Any CPU.Build.0 = NL_TST|Any CPU
		{EFADC1AD-667C-482B-93AA-07B11040622D}.Release|Any CPU.ActiveCfg = Release|Any CPU
		{EFADC1AD-667C-482B-93AA-07B11040622D}.Release|Any CPU.Build.0 = Release|Any CPU
		{EFADC1AD-667C-482B-93AA-07B11040622D}.THA_DEV|Any CPU.ActiveCfg = THA_DEV|Any CPU
		{EFADC1AD-667C-482B-93AA-07B11040622D}.THA_DEV|Any CPU.Build.0 = THA_DEV|Any CPU
		{EFADC1AD-667C-482B-93AA-07B11040622D}.THA_LOC|Any CPU.ActiveCfg = THA_LOC|Any CPU
		{EFADC1AD-667C-482B-93AA-07B11040622D}.THA_LOC|Any CPU.Build.0 = THA_LOC|Any CPU
		{EFADC1AD-667C-482B-93AA-07B11040622D}.THA_TST|Any CPU.ActiveCfg = THA_TST|Any CPU
		{EFADC1AD-667C-482B-93AA-07B11040622D}.THA_TST|Any CPU.Build.0 = THA_TST|Any CPU
		{57D77B03-BC0A-40C1-A107-9C52701743DA}.Debug|Any CPU.ActiveCfg = Debug|Any CPU
		{57D77B03-BC0A-40C1-A107-9C52701743DA}.Debug|Any CPU.Build.0 = Debug|Any CPU
		{57D77B03-BC0A-40C1-A107-9C52701743DA}.NL_ACC|Any CPU.ActiveCfg = NL_ACC|Any CPU
		{57D77B03-BC0A-40C1-A107-9C52701743DA}.NL_ACC|Any CPU.Build.0 = NL_ACC|Any CPU
		{57D77B03-BC0A-40C1-A107-9C52701743DA}.NL_DEV|Any CPU.ActiveCfg = NL_DEV|Any CPU
		{57D77B03-BC0A-40C1-A107-9C52701743DA}.NL_DEV|Any CPU.Build.0 = NL_DEV|Any CPU
		{57D77B03-BC0A-40C1-A107-9C52701743DA}.NL_LOC|Any CPU.ActiveCfg = NL_LOC|Any CPU
		{57D77B03-BC0A-40C1-A107-9C52701743DA}.NL_LOC|Any CPU.Build.0 = NL_LOC|Any CPU
		{57D77B03-BC0A-40C1-A107-9C52701743DA}.NL_PRD|Any CPU.ActiveCfg = NL_PRD|Any CPU
		{57D77B03-BC0A-40C1-A107-9C52701743DA}.NL_PRD|Any CPU.Build.0 = NL_PRD|Any CPU
		{57D77B03-BC0A-40C1-A107-9C52701743DA}.NL_TST|Any CPU.ActiveCfg = NL_TST|Any CPU
		{57D77B03-BC0A-40C1-A107-9C52701743DA}.NL_TST|Any CPU.Build.0 = NL_TST|Any CPU
		{57D77B03-BC0A-40C1-A107-9C52701743DA}.Release|Any CPU.ActiveCfg = Release|Any CPU
		{57D77B03-BC0A-40C1-A107-9C52701743DA}.Release|Any CPU.Build.0 = Release|Any CPU
		{57D77B03-BC0A-40C1-A107-9C52701743DA}.THA_DEV|Any CPU.ActiveCfg = THA_DEV|Any CPU
		{57D77B03-BC0A-40C1-A107-9C52701743DA}.THA_DEV|Any CPU.Build.0 = THA_DEV|Any CPU
		{57D77B03-BC0A-40C1-A107-9C52701743DA}.THA_LOC|Any CPU.ActiveCfg = THA_LOC|Any CPU
		{57D77B03-BC0A-40C1-A107-9C52701743DA}.THA_LOC|Any CPU.Build.0 = THA_LOC|Any CPU
		{57D77B03-BC0A-40C1-A107-9C52701743DA}.THA_TST|Any CPU.ActiveCfg = THA_TST|Any CPU
		{57D77B03-BC0A-40C1-A107-9C52701743DA}.THA_TST|Any CPU.Build.0 = THA_TST|Any CPU
		{15A5A709-7A8F-4F00-B58E-F41CB01510C8}.Debug|Any CPU.ActiveCfg = Debug|Any CPU
		{15A5A709-7A8F-4F00-B58E-F41CB01510C8}.Debug|Any CPU.Build.0 = Debug|Any CPU
		{15A5A709-7A8F-4F00-B58E-F41CB01510C8}.NL_ACC|Any CPU.ActiveCfg = Release|Any CPU
		{15A5A709-7A8F-4F00-B58E-F41CB01510C8}.NL_ACC|Any CPU.Build.0 = Release|Any CPU
		{15A5A709-7A8F-4F00-B58E-F41CB01510C8}.NL_DEV|Any CPU.ActiveCfg = NL_DEV|Any CPU
		{15A5A709-7A8F-4F00-B58E-F41CB01510C8}.NL_DEV|Any CPU.Build.0 = NL_DEV|Any CPU
		{15A5A709-7A8F-4F00-B58E-F41CB01510C8}.NL_LOC|Any CPU.ActiveCfg = NL_LOC|Any CPU
		{15A5A709-7A8F-4F00-B58E-F41CB01510C8}.NL_LOC|Any CPU.Build.0 = NL_LOC|Any CPU
		{15A5A709-7A8F-4F00-B58E-F41CB01510C8}.NL_PRD|Any CPU.ActiveCfg = NL_PRD|Any CPU
		{15A5A709-7A8F-4F00-B58E-F41CB01510C8}.NL_PRD|Any CPU.Build.0 = NL_PRD|Any CPU
		{15A5A709-7A8F-4F00-B58E-F41CB01510C8}.NL_TST|Any CPU.ActiveCfg = NL_TST|Any CPU
		{15A5A709-7A8F-4F00-B58E-F41CB01510C8}.NL_TST|Any CPU.Build.0 = NL_TST|Any CPU
		{15A5A709-7A8F-4F00-B58E-F41CB01510C8}.Release|Any CPU.ActiveCfg = Release|Any CPU
		{15A5A709-7A8F-4F00-B58E-F41CB01510C8}.Release|Any CPU.Build.0 = Release|Any CPU
		{15A5A709-7A8F-4F00-B58E-F41CB01510C8}.THA_DEV|Any CPU.ActiveCfg = THA_DEV|Any CPU
		{15A5A709-7A8F-4F00-B58E-F41CB01510C8}.THA_DEV|Any CPU.Build.0 = THA_DEV|Any CPU
		{15A5A709-7A8F-4F00-B58E-F41CB01510C8}.THA_LOC|Any CPU.ActiveCfg = THA_LOC|Any CPU
		{15A5A709-7A8F-4F00-B58E-F41CB01510C8}.THA_LOC|Any CPU.Build.0 = THA_LOC|Any CPU
		{15A5A709-7A8F-4F00-B58E-F41CB01510C8}.THA_TST|Any CPU.ActiveCfg = THA_TST|Any CPU
		{15A5A709-7A8F-4F00-B58E-F41CB01510C8}.THA_TST|Any CPU.Build.0 = THA_TST|Any CPU
		{FAF50C79-9F7A-4F46-8CE2-1017C17E7005}.Debug|Any CPU.ActiveCfg = Debug|Any CPU
		{FAF50C79-9F7A-4F46-8CE2-1017C17E7005}.Debug|Any CPU.Build.0 = Debug|Any CPU
		{FAF50C79-9F7A-4F46-8CE2-1017C17E7005}.NL_ACC|Any CPU.ActiveCfg = Release|Any CPU
		{FAF50C79-9F7A-4F46-8CE2-1017C17E7005}.NL_ACC|Any CPU.Build.0 = Release|Any CPU
		{FAF50C79-9F7A-4F46-8CE2-1017C17E7005}.NL_DEV|Any CPU.ActiveCfg = NL_DEV|Any CPU
		{FAF50C79-9F7A-4F46-8CE2-1017C17E7005}.NL_DEV|Any CPU.Build.0 = NL_DEV|Any CPU
		{FAF50C79-9F7A-4F46-8CE2-1017C17E7005}.NL_LOC|Any CPU.ActiveCfg = NL_LOC|Any CPU
		{FAF50C79-9F7A-4F46-8CE2-1017C17E7005}.NL_LOC|Any CPU.Build.0 = NL_LOC|Any CPU
		{FAF50C79-9F7A-4F46-8CE2-1017C17E7005}.NL_PRD|Any CPU.ActiveCfg = NL_PRD|Any CPU
		{FAF50C79-9F7A-4F46-8CE2-1017C17E7005}.NL_PRD|Any CPU.Build.0 = NL_PRD|Any CPU
		{FAF50C79-9F7A-4F46-8CE2-1017C17E7005}.NL_TST|Any CPU.ActiveCfg = NL_TST|Any CPU
		{FAF50C79-9F7A-4F46-8CE2-1017C17E7005}.NL_TST|Any CPU.Build.0 = NL_TST|Any CPU
		{FAF50C79-9F7A-4F46-8CE2-1017C17E7005}.Release|Any CPU.ActiveCfg = Release|Any CPU
		{FAF50C79-9F7A-4F46-8CE2-1017C17E7005}.Release|Any CPU.Build.0 = Release|Any CPU
		{FAF50C79-9F7A-4F46-8CE2-1017C17E7005}.THA_DEV|Any CPU.ActiveCfg = THA_DEV|Any CPU
		{FAF50C79-9F7A-4F46-8CE2-1017C17E7005}.THA_DEV|Any CPU.Build.0 = THA_DEV|Any CPU
		{FAF50C79-9F7A-4F46-8CE2-1017C17E7005}.THA_LOC|Any CPU.ActiveCfg = THA_LOC|Any CPU
		{FAF50C79-9F7A-4F46-8CE2-1017C17E7005}.THA_LOC|Any CPU.Build.0 = THA_LOC|Any CPU
		{FAF50C79-9F7A-4F46-8CE2-1017C17E7005}.THA_TST|Any CPU.ActiveCfg = THA_TST|Any CPU
		{FAF50C79-9F7A-4F46-8CE2-1017C17E7005}.THA_TST|Any CPU.Build.0 = THA_TST|Any CPU
		{A6745C87-DC73-4846-BDB2-76E44408AD48}.Debug|Any CPU.ActiveCfg = Debug|Any CPU
		{A6745C87-DC73-4846-BDB2-76E44408AD48}.Debug|Any CPU.Build.0 = Debug|Any CPU
		{A6745C87-DC73-4846-BDB2-76E44408AD48}.NL_ACC|Any CPU.ActiveCfg = Release|Any CPU
		{A6745C87-DC73-4846-BDB2-76E44408AD48}.NL_ACC|Any CPU.Build.0 = Release|Any CPU
		{A6745C87-DC73-4846-BDB2-76E44408AD48}.NL_DEV|Any CPU.ActiveCfg = NL_DEV|Any CPU
		{A6745C87-DC73-4846-BDB2-76E44408AD48}.NL_DEV|Any CPU.Build.0 = NL_DEV|Any CPU
		{A6745C87-DC73-4846-BDB2-76E44408AD48}.NL_LOC|Any CPU.ActiveCfg = NL_LOC|Any CPU
		{A6745C87-DC73-4846-BDB2-76E44408AD48}.NL_LOC|Any CPU.Build.0 = NL_LOC|Any CPU
		{A6745C87-DC73-4846-BDB2-76E44408AD48}.NL_PRD|Any CPU.ActiveCfg = NL_PRD|Any CPU
		{A6745C87-DC73-4846-BDB2-76E44408AD48}.NL_PRD|Any CPU.Build.0 = NL_PRD|Any CPU
		{A6745C87-DC73-4846-BDB2-76E44408AD48}.NL_TST|Any CPU.ActiveCfg = NL_TST|Any CPU
		{A6745C87-DC73-4846-BDB2-76E44408AD48}.NL_TST|Any CPU.Build.0 = NL_TST|Any CPU
		{A6745C87-DC73-4846-BDB2-76E44408AD48}.Release|Any CPU.ActiveCfg = Release|Any CPU
		{A6745C87-DC73-4846-BDB2-76E44408AD48}.Release|Any CPU.Build.0 = Release|Any CPU
		{A6745C87-DC73-4846-BDB2-76E44408AD48}.THA_DEV|Any CPU.ActiveCfg = THA_DEV|Any CPU
		{A6745C87-DC73-4846-BDB2-76E44408AD48}.THA_DEV|Any CPU.Build.0 = THA_DEV|Any CPU
		{A6745C87-DC73-4846-BDB2-76E44408AD48}.THA_LOC|Any CPU.ActiveCfg = THA_LOC|Any CPU
		{A6745C87-DC73-4846-BDB2-76E44408AD48}.THA_LOC|Any CPU.Build.0 = THA_LOC|Any CPU
		{A6745C87-DC73-4846-BDB2-76E44408AD48}.THA_TST|Any CPU.ActiveCfg = THA_TST|Any CPU
		{A6745C87-DC73-4846-BDB2-76E44408AD48}.THA_TST|Any CPU.Build.0 = THA_TST|Any CPU
	EndGlobalSection
	GlobalSection(SolutionProperties) = preSolution
		HideSolutionNode = FALSE
	EndGlobalSection
	GlobalSection(NestedProjects) = preSolution
		{FAF50C79-9F7A-4F46-8CE2-1017C17E7005} = {E428FEE2-DD98-4971-A4FF-8DFC5EEFA07C}
	EndGlobalSection
EndGlobal
