
Microsoft Visual Studio Solution File, Format Version 12.00
# Visual Studio 2013
VisualStudioVersion = 12.0.40629.0
MinimumVisualStudioVersion = 10.0.40219.1
Project("{00D1A9C2-B5F0-4AF3-8072-F6C62B433612}") = "BND.Services.Payments.iDeal.Db", "..\Db\BND.Services.Payments.iDeal.Db.sqlproj", "{0E2D4FD9-7610-451C-ABBB-9825F8CA1789}"
EndProject
Project("{2150E333-8FDC-42A3-9474-1A3956D46DE8}") = "UnitTests", "UnitTests", "{A7431F64-37BA-498C-9182-60C5DCBA96D1}"
EndProject
Project("{FAE04EC0-301F-11D3-BF4B-00C04F79EFBC}") = "BND.Services.Payments.iDeal.Dal", "..\Dal\BND.Services.Payments.iDeal.Dal.csproj", "{7B658D4F-9220-4520-B5BB-E493410D9BFC}"
EndProject
Project("{FAE04EC0-301F-11D3-BF4B-00C04F79EFBC}") = "BND.Services.Payments.iDeal.Bll", "..\Bll\BND.Services.Payments.iDeal.Bll.csproj", "{DBE32E07-60E2-4C7B-A792-A599FA5E9F75}"
EndProject
Project("{FAE04EC0-301F-11D3-BF4B-00C04F79EFBC}") = "BND.Services.Payments.iDeal.Libs", "..\Libs\BND.Services.Payments.iDeal.Libs.csproj", "{ED766250-CBBB-4B72-B188-B5F790F9B85E}"
EndProject
Project("{FAE04EC0-301F-11D3-BF4B-00C04F79EFBC}") = "BND.Services.Payments.iDeal.Api", "..\Api\BND.Services.Payments.iDeal.Api.csproj", "{15DC316C-9055-4E9C-BE30-EC8DF9EC3277}"
EndProject
Project("{FAE04EC0-301F-11D3-BF4B-00C04F79EFBC}") = "BND.Services.Payments.iDeal.Proxy", "..\Proxy\BND.Services.Payments.iDeal.Proxy.csproj", "{E2CE883B-2F86-4539-88B9-484AEE73816B}"
EndProject
Project("{2150E333-8FDC-42A3-9474-1A3956D46DE8}") = "IntegrationTests", "IntegrationTests", "{7B8ED9F2-5344-4DB9-9D82-71EAAC29BEFE}"
EndProject
Project("{FAE04EC0-301F-11D3-BF4B-00C04F79EFBC}") = "BND.Services.Payments.iDeal.Api.Tests", "..\Api\_unitTests\BND.Services.Payments.iDeal.Api.Tests.csproj", "{34B185DF-C02F-4BA8-B3DE-20704D1DBC0C}"
EndProject
Project("{FAE04EC0-301F-11D3-BF4B-00C04F79EFBC}") = "BND.Services.Payments.iDeal.Bll.Tests", "..\Bll\_unitTests\BND.Services.Payments.iDeal.Bll.Tests.csproj", "{872BCDF1-3A81-4A5E-97D8-E3D48738AE14}"
EndProject
Project("{FAE04EC0-301F-11D3-BF4B-00C04F79EFBC}") = "BND.Services.Payments.iDeal.Dal.Tests", "..\Dal\_unitTests\BND.Services.Payments.iDeal.Dal.Tests.csproj", "{B63BE97D-BD15-40F5-A2E0-102318B2D070}"
EndProject
Project("{FAE04EC0-301F-11D3-BF4B-00C04F79EFBC}") = "BND.Services.Payments.iDeal.Libs.Tests", "..\Libs\_unitTests\BND.Services.Payments.iDeal.Libs.Tests.csproj", "{6169A176-71E1-4DDD-A4BB-C6B293209142}"
EndProject
Project("{FAE04EC0-301F-11D3-BF4B-00C04F79EFBC}") = "BND.Services.Payments.iDeal.Proxy.Tests", "..\Proxy\_unitTests\BND.Services.Payments.iDeal.Proxy.Tests.csproj", "{24340D5C-6D66-47F4-9EBF-62C4A6DB419F}"
EndProject
Project("{FAE04EC0-301F-11D3-BF4B-00C04F79EFBC}") = "BND.Services.Payments.iDeal.Workers.Tests", "..\Workers\_unitTests\BND.Services.Payments.iDeal.Workers.Tests.csproj", "{1B6560EC-F2B8-4F8F-AD63-6BA512299A0B}"
EndProject
Project("{FAE04EC0-301F-11D3-BF4B-00C04F79EFBC}") = "BND.Services.Payments.iDeal.IntegrationTests", "..\_integrationTests\BND.Services.Payments.iDeal.IntegrationTests.csproj", "{95D42962-B791-446F-8CD6-EA294E98638A}"
EndProject
Project("{FAE04EC0-301F-11D3-BF4B-00C04F79EFBC}") = "BND.Services.Payments.iDeal.Proxy.NET4", "..\Proxy.NET4\BND.Services.Payments.iDeal.Proxy.NET4.csproj", "{83572D44-D3D7-4C66-BF96-5AE80FD4C5CF}"
EndProject
Project("{FAE04EC0-301F-11D3-BF4B-00C04F79EFBC}") = "BND.Services.Payments.iDeal.JobQueue", "..\JobQueue\BND.Services.Payments.iDeal.JobQueue.csproj", "{F937B035-D91D-4E3D-A6F3-CBFD5D0F8087}"
EndProject
Project("{FAE04EC0-301F-11D3-BF4B-00C04F79EFBC}") = "BND.Services.Payments.iDeal.JobQueue.Tests", "..\JobQueue\_unitTests\BND.Services.Payments.iDeal.JobQueue.Tests.csproj", "{B7B30FB8-71F9-46A1-83DC-1EB60414A5DF}"
EndProject
Project("{FAE04EC0-301F-11D3-BF4B-00C04F79EFBC}") = "BND.Services.Payments.iDeal.Booking", "..\Booking\BND.Services.Payments.iDeal.Booking.csproj", "{DEBF7D2E-32C6-47C7-9EC3-CBED6395217E}"
EndProject
Project("{FAE04EC0-301F-11D3-BF4B-00C04F79EFBC}") = "BND.Service.Payments.iDeal.Booking.Tests", "..\Booking\_unitTests\BND.Service.Payments.iDeal.Booking.Tests.csproj", "{599DD14D-B4CB-446B-8895-119B49BE6603}"
EndProject
Project("{FAE04EC0-301F-11D3-BF4B-00C04F79EFBC}") = "BND.Services.Payments.iDeal.ClientData", "..\ClientData\BND.Services.Payments.iDeal.ClientData.csproj", "{E178DEAC-7F0A-4D46-B833-1AADEE2A8152}"
EndProject
Project("{FAE04EC0-301F-11D3-BF4B-00C04F79EFBC}") = "BND.Services.Payments.iDeal.ClientData.Tests", "..\ClientData\_UnitTest\BND.Services.Payments.iDeal.ClientData.Tests.csproj", "{9A390A62-8AB1-46D1-8367-3C704614557A}"
EndProject
Global
	GlobalSection(SolutionConfigurationPlatforms) = preSolution
		Debug|Any CPU = Debug|Any CPU
		NL_ACC|Any CPU = NL_ACC|Any CPU
		NL_DEV|Any CPU = NL_DEV|Any CPU
		NL_LOC|Any CPU = NL_LOC|Any CPU
		NL_PRD|Any CPU = NL_PRD|Any CPU
		NL_TST|Any CPU = NL_TST|Any CPU
		Release|Any CPU = Release|Any CPU
		THA_DEV|Any CPU = THA_DEV|Any CPU
		THA_LOC|Any CPU = THA_LOC|Any CPU
		THA_TST|Any CPU = THA_TST|Any CPU
	EndGlobalSection
	GlobalSection(ProjectConfigurationPlatforms) = postSolution
		{0E2D4FD9-7610-451C-ABBB-9825F8CA1789}.Debug|Any CPU.ActiveCfg = Debug|Any CPU
		{0E2D4FD9-7610-451C-ABBB-9825F8CA1789}.Debug|Any CPU.Build.0 = Debug|Any CPU
		{0E2D4FD9-7610-451C-ABBB-9825F8CA1789}.Debug|Any CPU.Deploy.0 = Debug|Any CPU
		{0E2D4FD9-7610-451C-ABBB-9825F8CA1789}.NL_ACC|Any CPU.ActiveCfg = Release|Any CPU
		{0E2D4FD9-7610-451C-ABBB-9825F8CA1789}.NL_ACC|Any CPU.Build.0 = Release|Any CPU
		{0E2D4FD9-7610-451C-ABBB-9825F8CA1789}.NL_ACC|Any CPU.Deploy.0 = Release|Any CPU
		{0E2D4FD9-7610-451C-ABBB-9825F8CA1789}.NL_DEV|Any CPU.ActiveCfg = Release|Any CPU
		{0E2D4FD9-7610-451C-ABBB-9825F8CA1789}.NL_DEV|Any CPU.Build.0 = Release|Any CPU
		{0E2D4FD9-7610-451C-ABBB-9825F8CA1789}.NL_DEV|Any CPU.Deploy.0 = Release|Any CPU
		{0E2D4FD9-7610-451C-ABBB-9825F8CA1789}.NL_LOC|Any CPU.ActiveCfg = Release|Any CPU
		{0E2D4FD9-7610-451C-ABBB-9825F8CA1789}.NL_LOC|Any CPU.Build.0 = Release|Any CPU
		{0E2D4FD9-7610-451C-ABBB-9825F8CA1789}.NL_LOC|Any CPU.Deploy.0 = Release|Any CPU
		{0E2D4FD9-7610-451C-ABBB-9825F8CA1789}.NL_PRD|Any CPU.ActiveCfg = Release|Any CPU
		{0E2D4FD9-7610-451C-ABBB-9825F8CA1789}.NL_PRD|Any CPU.Build.0 = Release|Any CPU
		{0E2D4FD9-7610-451C-ABBB-9825F8CA1789}.NL_PRD|Any CPU.Deploy.0 = Release|Any CPU
		{0E2D4FD9-7610-451C-ABBB-9825F8CA1789}.NL_TST|Any CPU.ActiveCfg = Release|Any CPU
		{0E2D4FD9-7610-451C-ABBB-9825F8CA1789}.NL_TST|Any CPU.Build.0 = Release|Any CPU
		{0E2D4FD9-7610-451C-ABBB-9825F8CA1789}.NL_TST|Any CPU.Deploy.0 = Release|Any CPU
		{0E2D4FD9-7610-451C-ABBB-9825F8CA1789}.Release|Any CPU.ActiveCfg = Release|Any CPU
		{0E2D4FD9-7610-451C-ABBB-9825F8CA1789}.Release|Any CPU.Build.0 = Release|Any CPU
		{0E2D4FD9-7610-451C-ABBB-9825F8CA1789}.Release|Any CPU.Deploy.0 = Release|Any CPU
		{0E2D4FD9-7610-451C-ABBB-9825F8CA1789}.THA_DEV|Any CPU.ActiveCfg = Release|Any CPU
		{0E2D4FD9-7610-451C-ABBB-9825F8CA1789}.THA_DEV|Any CPU.Build.0 = Release|Any CPU
		{0E2D4FD9-7610-451C-ABBB-9825F8CA1789}.THA_DEV|Any CPU.Deploy.0 = Release|Any CPU
		{0E2D4FD9-7610-451C-ABBB-9825F8CA1789}.THA_LOC|Any CPU.ActiveCfg = Release|Any CPU
		{0E2D4FD9-7610-451C-ABBB-9825F8CA1789}.THA_LOC|Any CPU.Build.0 = Release|Any CPU
		{0E2D4FD9-7610-451C-ABBB-9825F8CA1789}.THA_LOC|Any CPU.Deploy.0 = Release|Any CPU
		{0E2D4FD9-7610-451C-ABBB-9825F8CA1789}.THA_TST|Any CPU.ActiveCfg = Release|Any CPU
		{0E2D4FD9-7610-451C-ABBB-9825F8CA1789}.THA_TST|Any CPU.Build.0 = Release|Any CPU
		{0E2D4FD9-7610-451C-ABBB-9825F8CA1789}.THA_TST|Any CPU.Deploy.0 = Release|Any CPU
		{7B658D4F-9220-4520-B5BB-E493410D9BFC}.Debug|Any CPU.ActiveCfg = Debug|Any CPU
		{7B658D4F-9220-4520-B5BB-E493410D9BFC}.Debug|Any CPU.Build.0 = Debug|Any CPU
		{7B658D4F-9220-4520-B5BB-E493410D9BFC}.NL_ACC|Any CPU.ActiveCfg = Release|Any CPU
		{7B658D4F-9220-4520-B5BB-E493410D9BFC}.NL_ACC|Any CPU.Build.0 = Release|Any CPU
		{7B658D4F-9220-4520-B5BB-E493410D9BFC}.NL_DEV|Any CPU.ActiveCfg = Release|Any CPU
		{7B658D4F-9220-4520-B5BB-E493410D9BFC}.NL_DEV|Any CPU.Build.0 = Release|Any CPU
		{7B658D4F-9220-4520-B5BB-E493410D9BFC}.NL_LOC|Any CPU.ActiveCfg = Release|Any CPU
		{7B658D4F-9220-4520-B5BB-E493410D9BFC}.NL_LOC|Any CPU.Build.0 = Release|Any CPU
		{7B658D4F-9220-4520-B5BB-E493410D9BFC}.NL_PRD|Any CPU.ActiveCfg = Release|Any CPU
		{7B658D4F-9220-4520-B5BB-E493410D9BFC}.NL_PRD|Any CPU.Build.0 = Release|Any CPU
		{7B658D4F-9220-4520-B5BB-E493410D9BFC}.NL_TST|Any CPU.ActiveCfg = Release|Any CPU
		{7B658D4F-9220-4520-B5BB-E493410D9BFC}.NL_TST|Any CPU.Build.0 = Release|Any CPU
		{7B658D4F-9220-4520-B5BB-E493410D9BFC}.Release|Any CPU.ActiveCfg = Release|Any CPU
		{7B658D4F-9220-4520-B5BB-E493410D9BFC}.Release|Any CPU.Build.0 = Release|Any CPU
		{7B658D4F-9220-4520-B5BB-E493410D9BFC}.THA_DEV|Any CPU.ActiveCfg = Release|Any CPU
		{7B658D4F-9220-4520-B5BB-E493410D9BFC}.THA_DEV|Any CPU.Build.0 = Release|Any CPU
		{7B658D4F-9220-4520-B5BB-E493410D9BFC}.THA_LOC|Any CPU.ActiveCfg = Release|Any CPU
		{7B658D4F-9220-4520-B5BB-E493410D9BFC}.THA_LOC|Any CPU.Build.0 = Release|Any CPU
		{7B658D4F-9220-4520-B5BB-E493410D9BFC}.THA_TST|Any CPU.ActiveCfg = Release|Any CPU
		{7B658D4F-9220-4520-B5BB-E493410D9BFC}.THA_TST|Any CPU.Build.0 = Release|Any CPU
		{DBE32E07-60E2-4C7B-A792-A599FA5E9F75}.Debug|Any CPU.ActiveCfg = Debug|Any CPU
		{DBE32E07-60E2-4C7B-A792-A599FA5E9F75}.Debug|Any CPU.Build.0 = Debug|Any CPU
		{DBE32E07-60E2-4C7B-A792-A599FA5E9F75}.NL_ACC|Any CPU.ActiveCfg = Release|Any CPU
		{DBE32E07-60E2-4C7B-A792-A599FA5E9F75}.NL_ACC|Any CPU.Build.0 = Release|Any CPU
		{DBE32E07-60E2-4C7B-A792-A599FA5E9F75}.NL_DEV|Any CPU.ActiveCfg = Release|Any CPU
		{DBE32E07-60E2-4C7B-A792-A599FA5E9F75}.NL_DEV|Any CPU.Build.0 = Release|Any CPU
		{DBE32E07-60E2-4C7B-A792-A599FA5E9F75}.NL_LOC|Any CPU.ActiveCfg = Release|Any CPU
		{DBE32E07-60E2-4C7B-A792-A599FA5E9F75}.NL_LOC|Any CPU.Build.0 = Release|Any CPU
		{DBE32E07-60E2-4C7B-A792-A599FA5E9F75}.NL_PRD|Any CPU.ActiveCfg = Release|Any CPU
		{DBE32E07-60E2-4C7B-A792-A599FA5E9F75}.NL_PRD|Any CPU.Build.0 = Release|Any CPU
		{DBE32E07-60E2-4C7B-A792-A599FA5E9F75}.NL_TST|Any CPU.ActiveCfg = Release|Any CPU
		{DBE32E07-60E2-4C7B-A792-A599FA5E9F75}.NL_TST|Any CPU.Build.0 = Release|Any CPU
		{DBE32E07-60E2-4C7B-A792-A599FA5E9F75}.Release|Any CPU.ActiveCfg = Release|Any CPU
		{DBE32E07-60E2-4C7B-A792-A599FA5E9F75}.Release|Any CPU.Build.0 = Release|Any CPU
		{DBE32E07-60E2-4C7B-A792-A599FA5E9F75}.THA_DEV|Any CPU.ActiveCfg = Release|Any CPU
		{DBE32E07-60E2-4C7B-A792-A599FA5E9F75}.THA_DEV|Any CPU.Build.0 = Release|Any CPU
		{DBE32E07-60E2-4C7B-A792-A599FA5E9F75}.THA_LOC|Any CPU.ActiveCfg = Release|Any CPU
		{DBE32E07-60E2-4C7B-A792-A599FA5E9F75}.THA_LOC|Any CPU.Build.0 = Release|Any CPU
		{DBE32E07-60E2-4C7B-A792-A599FA5E9F75}.THA_TST|Any CPU.ActiveCfg = Release|Any CPU
		{DBE32E07-60E2-4C7B-A792-A599FA5E9F75}.THA_TST|Any CPU.Build.0 = Release|Any CPU
		{ED766250-CBBB-4B72-B188-B5F790F9B85E}.Debug|Any CPU.ActiveCfg = Debug|Any CPU
		{ED766250-CBBB-4B72-B188-B5F790F9B85E}.Debug|Any CPU.Build.0 = Debug|Any CPU
		{ED766250-CBBB-4B72-B188-B5F790F9B85E}.NL_ACC|Any CPU.ActiveCfg = Release|Any CPU
		{ED766250-CBBB-4B72-B188-B5F790F9B85E}.NL_ACC|Any CPU.Build.0 = Release|Any CPU
		{ED766250-CBBB-4B72-B188-B5F790F9B85E}.NL_DEV|Any CPU.ActiveCfg = Release|Any CPU
		{ED766250-CBBB-4B72-B188-B5F790F9B85E}.NL_DEV|Any CPU.Build.0 = Release|Any CPU
		{ED766250-CBBB-4B72-B188-B5F790F9B85E}.NL_LOC|Any CPU.ActiveCfg = Release|Any CPU
		{ED766250-CBBB-4B72-B188-B5F790F9B85E}.NL_LOC|Any CPU.Build.0 = Release|Any CPU
		{ED766250-CBBB-4B72-B188-B5F790F9B85E}.NL_PRD|Any CPU.ActiveCfg = Release|Any CPU
		{ED766250-CBBB-4B72-B188-B5F790F9B85E}.NL_PRD|Any CPU.Build.0 = Release|Any CPU
		{ED766250-CBBB-4B72-B188-B5F790F9B85E}.NL_TST|Any CPU.ActiveCfg = Release|Any CPU
		{ED766250-CBBB-4B72-B188-B5F790F9B85E}.NL_TST|Any CPU.Build.0 = Release|Any CPU
		{ED766250-CBBB-4B72-B188-B5F790F9B85E}.Release|Any CPU.ActiveCfg = Release|Any CPU
		{ED766250-CBBB-4B72-B188-B5F790F9B85E}.Release|Any CPU.Build.0 = Release|Any CPU
		{ED766250-CBBB-4B72-B188-B5F790F9B85E}.THA_DEV|Any CPU.ActiveCfg = Release|Any CPU
		{ED766250-CBBB-4B72-B188-B5F790F9B85E}.THA_DEV|Any CPU.Build.0 = Release|Any CPU
		{ED766250-CBBB-4B72-B188-B5F790F9B85E}.THA_LOC|Any CPU.ActiveCfg = Release|Any CPU
		{ED766250-CBBB-4B72-B188-B5F790F9B85E}.THA_LOC|Any CPU.Build.0 = Release|Any CPU
		{ED766250-CBBB-4B72-B188-B5F790F9B85E}.THA_TST|Any CPU.ActiveCfg = Release|Any CPU
		{ED766250-CBBB-4B72-B188-B5F790F9B85E}.THA_TST|Any CPU.Build.0 = Release|Any CPU
		{15DC316C-9055-4E9C-BE30-EC8DF9EC3277}.Debug|Any CPU.ActiveCfg = Debug|Any CPU
		{15DC316C-9055-4E9C-BE30-EC8DF9EC3277}.Debug|Any CPU.Build.0 = Debug|Any CPU
		{15DC316C-9055-4E9C-BE30-EC8DF9EC3277}.NL_ACC|Any CPU.ActiveCfg = Release|Any CPU
		{15DC316C-9055-4E9C-BE30-EC8DF9EC3277}.NL_ACC|Any CPU.Build.0 = Release|Any CPU
		{15DC316C-9055-4E9C-BE30-EC8DF9EC3277}.NL_DEV|Any CPU.ActiveCfg = Release|Any CPU
		{15DC316C-9055-4E9C-BE30-EC8DF9EC3277}.NL_DEV|Any CPU.Build.0 = Release|Any CPU
		{15DC316C-9055-4E9C-BE30-EC8DF9EC3277}.NL_LOC|Any CPU.ActiveCfg = Release|Any CPU
		{15DC316C-9055-4E9C-BE30-EC8DF9EC3277}.NL_LOC|Any CPU.Build.0 = Release|Any CPU
		{15DC316C-9055-4E9C-BE30-EC8DF9EC3277}.NL_PRD|Any CPU.ActiveCfg = Release|Any CPU
		{15DC316C-9055-4E9C-BE30-EC8DF9EC3277}.NL_PRD|Any CPU.Build.0 = Release|Any CPU
		{15DC316C-9055-4E9C-BE30-EC8DF9EC3277}.NL_TST|Any CPU.ActiveCfg = Release|Any CPU
		{15DC316C-9055-4E9C-BE30-EC8DF9EC3277}.NL_TST|Any CPU.Build.0 = Release|Any CPU
		{15DC316C-9055-4E9C-BE30-EC8DF9EC3277}.Release|Any CPU.ActiveCfg = Release|Any CPU
		{15DC316C-9055-4E9C-BE30-EC8DF9EC3277}.Release|Any CPU.Build.0 = Release|Any CPU
		{15DC316C-9055-4E9C-BE30-EC8DF9EC3277}.THA_DEV|Any CPU.ActiveCfg = Release|Any CPU
		{15DC316C-9055-4E9C-BE30-EC8DF9EC3277}.THA_DEV|Any CPU.Build.0 = Release|Any CPU
		{15DC316C-9055-4E9C-BE30-EC8DF9EC3277}.THA_LOC|Any CPU.ActiveCfg = Release|Any CPU
		{15DC316C-9055-4E9C-BE30-EC8DF9EC3277}.THA_LOC|Any CPU.Build.0 = Release|Any CPU
		{15DC316C-9055-4E9C-BE30-EC8DF9EC3277}.THA_TST|Any CPU.ActiveCfg = Release|Any CPU
		{15DC316C-9055-4E9C-BE30-EC8DF9EC3277}.THA_TST|Any CPU.Build.0 = Release|Any CPU
		{E2CE883B-2F86-4539-88B9-484AEE73816B}.Debug|Any CPU.ActiveCfg = Debug|Any CPU
		{E2CE883B-2F86-4539-88B9-484AEE73816B}.Debug|Any CPU.Build.0 = Debug|Any CPU
		{E2CE883B-2F86-4539-88B9-484AEE73816B}.NL_ACC|Any CPU.ActiveCfg = Release|Any CPU
		{E2CE883B-2F86-4539-88B9-484AEE73816B}.NL_ACC|Any CPU.Build.0 = Release|Any CPU
		{E2CE883B-2F86-4539-88B9-484AEE73816B}.NL_DEV|Any CPU.ActiveCfg = Release|Any CPU
		{E2CE883B-2F86-4539-88B9-484AEE73816B}.NL_DEV|Any CPU.Build.0 = Release|Any CPU
		{E2CE883B-2F86-4539-88B9-484AEE73816B}.NL_LOC|Any CPU.ActiveCfg = Release|Any CPU
		{E2CE883B-2F86-4539-88B9-484AEE73816B}.NL_LOC|Any CPU.Build.0 = Release|Any CPU
		{E2CE883B-2F86-4539-88B9-484AEE73816B}.NL_PRD|Any CPU.ActiveCfg = Release|Any CPU
		{E2CE883B-2F86-4539-88B9-484AEE73816B}.NL_PRD|Any CPU.Build.0 = Release|Any CPU
		{E2CE883B-2F86-4539-88B9-484AEE73816B}.NL_TST|Any CPU.ActiveCfg = Release|Any CPU
		{E2CE883B-2F86-4539-88B9-484AEE73816B}.NL_TST|Any CPU.Build.0 = Release|Any CPU
		{E2CE883B-2F86-4539-88B9-484AEE73816B}.Release|Any CPU.ActiveCfg = Release|Any CPU
		{E2CE883B-2F86-4539-88B9-484AEE73816B}.Release|Any CPU.Build.0 = Release|Any CPU
		{E2CE883B-2F86-4539-88B9-484AEE73816B}.THA_DEV|Any CPU.ActiveCfg = Release|Any CPU
		{E2CE883B-2F86-4539-88B9-484AEE73816B}.THA_DEV|Any CPU.Build.0 = Release|Any CPU
		{E2CE883B-2F86-4539-88B9-484AEE73816B}.THA_LOC|Any CPU.ActiveCfg = Release|Any CPU
		{E2CE883B-2F86-4539-88B9-484AEE73816B}.THA_LOC|Any CPU.Build.0 = Release|Any CPU
		{E2CE883B-2F86-4539-88B9-484AEE73816B}.THA_TST|Any CPU.ActiveCfg = Release|Any CPU
		{E2CE883B-2F86-4539-88B9-484AEE73816B}.THA_TST|Any CPU.Build.0 = Release|Any CPU
		{34B185DF-C02F-4BA8-B3DE-20704D1DBC0C}.Debug|Any CPU.ActiveCfg = Debug|Any CPU
		{34B185DF-C02F-4BA8-B3DE-20704D1DBC0C}.Debug|Any CPU.Build.0 = Debug|Any CPU
		{34B185DF-C02F-4BA8-B3DE-20704D1DBC0C}.NL_ACC|Any CPU.ActiveCfg = Release|Any CPU
		{34B185DF-C02F-4BA8-B3DE-20704D1DBC0C}.NL_ACC|Any CPU.Build.0 = Release|Any CPU
		{34B185DF-C02F-4BA8-B3DE-20704D1DBC0C}.NL_DEV|Any CPU.ActiveCfg = Release|Any CPU
		{34B185DF-C02F-4BA8-B3DE-20704D1DBC0C}.NL_DEV|Any CPU.Build.0 = Release|Any CPU
		{34B185DF-C02F-4BA8-B3DE-20704D1DBC0C}.NL_LOC|Any CPU.ActiveCfg = Release|Any CPU
		{34B185DF-C02F-4BA8-B3DE-20704D1DBC0C}.NL_LOC|Any CPU.Build.0 = Release|Any CPU
		{34B185DF-C02F-4BA8-B3DE-20704D1DBC0C}.NL_PRD|Any CPU.ActiveCfg = Release|Any CPU
		{34B185DF-C02F-4BA8-B3DE-20704D1DBC0C}.NL_PRD|Any CPU.Build.0 = Release|Any CPU
		{34B185DF-C02F-4BA8-B3DE-20704D1DBC0C}.NL_TST|Any CPU.ActiveCfg = Release|Any CPU
		{34B185DF-C02F-4BA8-B3DE-20704D1DBC0C}.NL_TST|Any CPU.Build.0 = Release|Any CPU
		{34B185DF-C02F-4BA8-B3DE-20704D1DBC0C}.Release|Any CPU.ActiveCfg = Release|Any CPU
		{34B185DF-C02F-4BA8-B3DE-20704D1DBC0C}.Release|Any CPU.Build.0 = Release|Any CPU
		{34B185DF-C02F-4BA8-B3DE-20704D1DBC0C}.THA_DEV|Any CPU.ActiveCfg = Release|Any CPU
		{34B185DF-C02F-4BA8-B3DE-20704D1DBC0C}.THA_DEV|Any CPU.Build.0 = Release|Any CPU
		{34B185DF-C02F-4BA8-B3DE-20704D1DBC0C}.THA_LOC|Any CPU.ActiveCfg = Release|Any CPU
		{34B185DF-C02F-4BA8-B3DE-20704D1DBC0C}.THA_LOC|Any CPU.Build.0 = Release|Any CPU
		{34B185DF-C02F-4BA8-B3DE-20704D1DBC0C}.THA_TST|Any CPU.ActiveCfg = Release|Any CPU
		{34B185DF-C02F-4BA8-B3DE-20704D1DBC0C}.THA_TST|Any CPU.Build.0 = Release|Any CPU
		{872BCDF1-3A81-4A5E-97D8-E3D48738AE14}.Debug|Any CPU.ActiveCfg = Debug|Any CPU
		{872BCDF1-3A81-4A5E-97D8-E3D48738AE14}.Debug|Any CPU.Build.0 = Debug|Any CPU
		{872BCDF1-3A81-4A5E-97D8-E3D48738AE14}.NL_ACC|Any CPU.ActiveCfg = Release|Any CPU
		{872BCDF1-3A81-4A5E-97D8-E3D48738AE14}.NL_ACC|Any CPU.Build.0 = Release|Any CPU
		{872BCDF1-3A81-4A5E-97D8-E3D48738AE14}.NL_DEV|Any CPU.ActiveCfg = Release|Any CPU
		{872BCDF1-3A81-4A5E-97D8-E3D48738AE14}.NL_DEV|Any CPU.Build.0 = Release|Any CPU
		{872BCDF1-3A81-4A5E-97D8-E3D48738AE14}.NL_LOC|Any CPU.ActiveCfg = Release|Any CPU
		{872BCDF1-3A81-4A5E-97D8-E3D48738AE14}.NL_LOC|Any CPU.Build.0 = Release|Any CPU
		{872BCDF1-3A81-4A5E-97D8-E3D48738AE14}.NL_PRD|Any CPU.ActiveCfg = Release|Any CPU
		{872BCDF1-3A81-4A5E-97D8-E3D48738AE14}.NL_PRD|Any CPU.Build.0 = Release|Any CPU
		{872BCDF1-3A81-4A5E-97D8-E3D48738AE14}.NL_TST|Any CPU.ActiveCfg = Release|Any CPU
		{872BCDF1-3A81-4A5E-97D8-E3D48738AE14}.NL_TST|Any CPU.Build.0 = Release|Any CPU
		{872BCDF1-3A81-4A5E-97D8-E3D48738AE14}.Release|Any CPU.ActiveCfg = Release|Any CPU
		{872BCDF1-3A81-4A5E-97D8-E3D48738AE14}.Release|Any CPU.Build.0 = Release|Any CPU
		{872BCDF1-3A81-4A5E-97D8-E3D48738AE14}.THA_DEV|Any CPU.ActiveCfg = Release|Any CPU
		{872BCDF1-3A81-4A5E-97D8-E3D48738AE14}.THA_DEV|Any CPU.Build.0 = Release|Any CPU
		{872BCDF1-3A81-4A5E-97D8-E3D48738AE14}.THA_LOC|Any CPU.ActiveCfg = Release|Any CPU
		{872BCDF1-3A81-4A5E-97D8-E3D48738AE14}.THA_LOC|Any CPU.Build.0 = Release|Any CPU
		{872BCDF1-3A81-4A5E-97D8-E3D48738AE14}.THA_TST|Any CPU.ActiveCfg = Release|Any CPU
		{872BCDF1-3A81-4A5E-97D8-E3D48738AE14}.THA_TST|Any CPU.Build.0 = Release|Any CPU
		{B63BE97D-BD15-40F5-A2E0-102318B2D070}.Debug|Any CPU.ActiveCfg = Debug|Any CPU
		{B63BE97D-BD15-40F5-A2E0-102318B2D070}.Debug|Any CPU.Build.0 = Debug|Any CPU
		{B63BE97D-BD15-40F5-A2E0-102318B2D070}.NL_ACC|Any CPU.ActiveCfg = Release|Any CPU
		{B63BE97D-BD15-40F5-A2E0-102318B2D070}.NL_ACC|Any CPU.Build.0 = Release|Any CPU
		{B63BE97D-BD15-40F5-A2E0-102318B2D070}.NL_DEV|Any CPU.ActiveCfg = Release|Any CPU
		{B63BE97D-BD15-40F5-A2E0-102318B2D070}.NL_DEV|Any CPU.Build.0 = Release|Any CPU
		{B63BE97D-BD15-40F5-A2E0-102318B2D070}.NL_LOC|Any CPU.ActiveCfg = Release|Any CPU
		{B63BE97D-BD15-40F5-A2E0-102318B2D070}.NL_LOC|Any CPU.Build.0 = Release|Any CPU
		{B63BE97D-BD15-40F5-A2E0-102318B2D070}.NL_PRD|Any CPU.ActiveCfg = Release|Any CPU
		{B63BE97D-BD15-40F5-A2E0-102318B2D070}.NL_PRD|Any CPU.Build.0 = Release|Any CPU
		{B63BE97D-BD15-40F5-A2E0-102318B2D070}.NL_TST|Any CPU.ActiveCfg = Release|Any CPU
		{B63BE97D-BD15-40F5-A2E0-102318B2D070}.NL_TST|Any CPU.Build.0 = Release|Any CPU
		{B63BE97D-BD15-40F5-A2E0-102318B2D070}.Release|Any CPU.ActiveCfg = Release|Any CPU
		{B63BE97D-BD15-40F5-A2E0-102318B2D070}.Release|Any CPU.Build.0 = Release|Any CPU
		{B63BE97D-BD15-40F5-A2E0-102318B2D070}.THA_DEV|Any CPU.ActiveCfg = Release|Any CPU
		{B63BE97D-BD15-40F5-A2E0-102318B2D070}.THA_DEV|Any CPU.Build.0 = Release|Any CPU
		{B63BE97D-BD15-40F5-A2E0-102318B2D070}.THA_LOC|Any CPU.ActiveCfg = Release|Any CPU
		{B63BE97D-BD15-40F5-A2E0-102318B2D070}.THA_LOC|Any CPU.Build.0 = Release|Any CPU
		{B63BE97D-BD15-40F5-A2E0-102318B2D070}.THA_TST|Any CPU.ActiveCfg = Release|Any CPU
		{B63BE97D-BD15-40F5-A2E0-102318B2D070}.THA_TST|Any CPU.Build.0 = Release|Any CPU
		{6169A176-71E1-4DDD-A4BB-C6B293209142}.Debug|Any CPU.ActiveCfg = Debug|Any CPU
		{6169A176-71E1-4DDD-A4BB-C6B293209142}.Debug|Any CPU.Build.0 = Debug|Any CPU
		{6169A176-71E1-4DDD-A4BB-C6B293209142}.NL_ACC|Any CPU.ActiveCfg = Release|Any CPU
		{6169A176-71E1-4DDD-A4BB-C6B293209142}.NL_ACC|Any CPU.Build.0 = Release|Any CPU
		{6169A176-71E1-4DDD-A4BB-C6B293209142}.NL_DEV|Any CPU.ActiveCfg = Release|Any CPU
		{6169A176-71E1-4DDD-A4BB-C6B293209142}.NL_DEV|Any CPU.Build.0 = Release|Any CPU
		{6169A176-71E1-4DDD-A4BB-C6B293209142}.NL_LOC|Any CPU.ActiveCfg = Release|Any CPU
		{6169A176-71E1-4DDD-A4BB-C6B293209142}.NL_LOC|Any CPU.Build.0 = Release|Any CPU
		{6169A176-71E1-4DDD-A4BB-C6B293209142}.NL_PRD|Any CPU.ActiveCfg = Release|Any CPU
		{6169A176-71E1-4DDD-A4BB-C6B293209142}.NL_PRD|Any CPU.Build.0 = Release|Any CPU
		{6169A176-71E1-4DDD-A4BB-C6B293209142}.NL_TST|Any CPU.ActiveCfg = Release|Any CPU
		{6169A176-71E1-4DDD-A4BB-C6B293209142}.NL_TST|Any CPU.Build.0 = Release|Any CPU
		{6169A176-71E1-4DDD-A4BB-C6B293209142}.Release|Any CPU.ActiveCfg = Release|Any CPU
		{6169A176-71E1-4DDD-A4BB-C6B293209142}.Release|Any CPU.Build.0 = Release|Any CPU
		{6169A176-71E1-4DDD-A4BB-C6B293209142}.THA_DEV|Any CPU.ActiveCfg = Release|Any CPU
		{6169A176-71E1-4DDD-A4BB-C6B293209142}.THA_DEV|Any CPU.Build.0 = Release|Any CPU
		{6169A176-71E1-4DDD-A4BB-C6B293209142}.THA_LOC|Any CPU.ActiveCfg = Release|Any CPU
		{6169A176-71E1-4DDD-A4BB-C6B293209142}.THA_LOC|Any CPU.Build.0 = Release|Any CPU
		{6169A176-71E1-4DDD-A4BB-C6B293209142}.THA_TST|Any CPU.ActiveCfg = Release|Any CPU
		{6169A176-71E1-4DDD-A4BB-C6B293209142}.THA_TST|Any CPU.Build.0 = Release|Any CPU
		{24340D5C-6D66-47F4-9EBF-62C4A6DB419F}.Debug|Any CPU.ActiveCfg = Debug|Any CPU
		{24340D5C-6D66-47F4-9EBF-62C4A6DB419F}.Debug|Any CPU.Build.0 = Debug|Any CPU
		{24340D5C-6D66-47F4-9EBF-62C4A6DB419F}.NL_ACC|Any CPU.ActiveCfg = Release|Any CPU
		{24340D5C-6D66-47F4-9EBF-62C4A6DB419F}.NL_ACC|Any CPU.Build.0 = Release|Any CPU
		{24340D5C-6D66-47F4-9EBF-62C4A6DB419F}.NL_DEV|Any CPU.ActiveCfg = Release|Any CPU
		{24340D5C-6D66-47F4-9EBF-62C4A6DB419F}.NL_DEV|Any CPU.Build.0 = Release|Any CPU
		{24340D5C-6D66-47F4-9EBF-62C4A6DB419F}.NL_LOC|Any CPU.ActiveCfg = Release|Any CPU
		{24340D5C-6D66-47F4-9EBF-62C4A6DB419F}.NL_LOC|Any CPU.Build.0 = Release|Any CPU
		{24340D5C-6D66-47F4-9EBF-62C4A6DB419F}.NL_PRD|Any CPU.ActiveCfg = Release|Any CPU
		{24340D5C-6D66-47F4-9EBF-62C4A6DB419F}.NL_PRD|Any CPU.Build.0 = Release|Any CPU
		{24340D5C-6D66-47F4-9EBF-62C4A6DB419F}.NL_TST|Any CPU.ActiveCfg = Release|Any CPU
		{24340D5C-6D66-47F4-9EBF-62C4A6DB419F}.NL_TST|Any CPU.Build.0 = Release|Any CPU
		{24340D5C-6D66-47F4-9EBF-62C4A6DB419F}.Release|Any CPU.ActiveCfg = Release|Any CPU
		{24340D5C-6D66-47F4-9EBF-62C4A6DB419F}.Release|Any CPU.Build.0 = Release|Any CPU
		{24340D5C-6D66-47F4-9EBF-62C4A6DB419F}.THA_DEV|Any CPU.ActiveCfg = Release|Any CPU
		{24340D5C-6D66-47F4-9EBF-62C4A6DB419F}.THA_DEV|Any CPU.Build.0 = Release|Any CPU
		{24340D5C-6D66-47F4-9EBF-62C4A6DB419F}.THA_LOC|Any CPU.ActiveCfg = Release|Any CPU
		{24340D5C-6D66-47F4-9EBF-62C4A6DB419F}.THA_LOC|Any CPU.Build.0 = Release|Any CPU
		{24340D5C-6D66-47F4-9EBF-62C4A6DB419F}.THA_TST|Any CPU.ActiveCfg = Release|Any CPU
		{24340D5C-6D66-47F4-9EBF-62C4A6DB419F}.THA_TST|Any CPU.Build.0 = Release|Any CPU
		{1B6560EC-F2B8-4F8F-AD63-6BA512299A0B}.Debug|Any CPU.ActiveCfg = Debug|Any CPU
		{1B6560EC-F2B8-4F8F-AD63-6BA512299A0B}.Debug|Any CPU.Build.0 = Debug|Any CPU
		{1B6560EC-F2B8-4F8F-AD63-6BA512299A0B}.NL_ACC|Any CPU.ActiveCfg = Release|Any CPU
		{1B6560EC-F2B8-4F8F-AD63-6BA512299A0B}.NL_ACC|Any CPU.Build.0 = Release|Any CPU
		{1B6560EC-F2B8-4F8F-AD63-6BA512299A0B}.NL_DEV|Any CPU.ActiveCfg = Release|Any CPU
		{1B6560EC-F2B8-4F8F-AD63-6BA512299A0B}.NL_DEV|Any CPU.Build.0 = Release|Any CPU
		{1B6560EC-F2B8-4F8F-AD63-6BA512299A0B}.NL_LOC|Any CPU.ActiveCfg = Release|Any CPU
		{1B6560EC-F2B8-4F8F-AD63-6BA512299A0B}.NL_LOC|Any CPU.Build.0 = Release|Any CPU
		{1B6560EC-F2B8-4F8F-AD63-6BA512299A0B}.NL_PRD|Any CPU.ActiveCfg = Release|Any CPU
		{1B6560EC-F2B8-4F8F-AD63-6BA512299A0B}.NL_PRD|Any CPU.Build.0 = Release|Any CPU
		{1B6560EC-F2B8-4F8F-AD63-6BA512299A0B}.NL_TST|Any CPU.ActiveCfg = Release|Any CPU
		{1B6560EC-F2B8-4F8F-AD63-6BA512299A0B}.NL_TST|Any CPU.Build.0 = Release|Any CPU
		{1B6560EC-F2B8-4F8F-AD63-6BA512299A0B}.Release|Any CPU.ActiveCfg = Release|Any CPU
		{1B6560EC-F2B8-4F8F-AD63-6BA512299A0B}.Release|Any CPU.Build.0 = Release|Any CPU
		{1B6560EC-F2B8-4F8F-AD63-6BA512299A0B}.THA_DEV|Any CPU.ActiveCfg = Release|Any CPU
		{1B6560EC-F2B8-4F8F-AD63-6BA512299A0B}.THA_DEV|Any CPU.Build.0 = Release|Any CPU
		{1B6560EC-F2B8-4F8F-AD63-6BA512299A0B}.THA_LOC|Any CPU.ActiveCfg = Release|Any CPU
		{1B6560EC-F2B8-4F8F-AD63-6BA512299A0B}.THA_LOC|Any CPU.Build.0 = Release|Any CPU
		{1B6560EC-F2B8-4F8F-AD63-6BA512299A0B}.THA_TST|Any CPU.ActiveCfg = Release|Any CPU
		{1B6560EC-F2B8-4F8F-AD63-6BA512299A0B}.THA_TST|Any CPU.Build.0 = Release|Any CPU
		{95D42962-B791-446F-8CD6-EA294E98638A}.Debug|Any CPU.ActiveCfg = Debug|Any CPU
		{95D42962-B791-446F-8CD6-EA294E98638A}.Debug|Any CPU.Build.0 = Debug|Any CPU
		{95D42962-B791-446F-8CD6-EA294E98638A}.NL_ACC|Any CPU.ActiveCfg = Release|Any CPU
		{95D42962-B791-446F-8CD6-EA294E98638A}.NL_ACC|Any CPU.Build.0 = Release|Any CPU
		{95D42962-B791-446F-8CD6-EA294E98638A}.NL_DEV|Any CPU.ActiveCfg = Release|Any CPU
		{95D42962-B791-446F-8CD6-EA294E98638A}.NL_DEV|Any CPU.Build.0 = Release|Any CPU
		{95D42962-B791-446F-8CD6-EA294E98638A}.NL_LOC|Any CPU.ActiveCfg = Release|Any CPU
		{95D42962-B791-446F-8CD6-EA294E98638A}.NL_LOC|Any CPU.Build.0 = Release|Any CPU
		{95D42962-B791-446F-8CD6-EA294E98638A}.NL_PRD|Any CPU.ActiveCfg = Release|Any CPU
		{95D42962-B791-446F-8CD6-EA294E98638A}.NL_PRD|Any CPU.Build.0 = Release|Any CPU
		{95D42962-B791-446F-8CD6-EA294E98638A}.NL_TST|Any CPU.ActiveCfg = Release|Any CPU
		{95D42962-B791-446F-8CD6-EA294E98638A}.NL_TST|Any CPU.Build.0 = Release|Any CPU
		{95D42962-B791-446F-8CD6-EA294E98638A}.Release|Any CPU.ActiveCfg = Release|Any CPU
		{95D42962-B791-446F-8CD6-EA294E98638A}.Release|Any CPU.Build.0 = Release|Any CPU
		{95D42962-B791-446F-8CD6-EA294E98638A}.THA_DEV|Any CPU.ActiveCfg = Release|Any CPU
		{95D42962-B791-446F-8CD6-EA294E98638A}.THA_DEV|Any CPU.Build.0 = Release|Any CPU
		{95D42962-B791-446F-8CD6-EA294E98638A}.THA_LOC|Any CPU.ActiveCfg = Release|Any CPU
		{95D42962-B791-446F-8CD6-EA294E98638A}.THA_LOC|Any CPU.Build.0 = Release|Any CPU
		{95D42962-B791-446F-8CD6-EA294E98638A}.THA_TST|Any CPU.ActiveCfg = Release|Any CPU
		{95D42962-B791-446F-8CD6-EA294E98638A}.THA_TST|Any CPU.Build.0 = Release|Any CPU
		{83572D44-D3D7-4C66-BF96-5AE80FD4C5CF}.Debug|Any CPU.ActiveCfg = Debug|Any CPU
		{83572D44-D3D7-4C66-BF96-5AE80FD4C5CF}.Debug|Any CPU.Build.0 = Debug|Any CPU
		{83572D44-D3D7-4C66-BF96-5AE80FD4C5CF}.NL_ACC|Any CPU.ActiveCfg = Release|Any CPU
		{83572D44-D3D7-4C66-BF96-5AE80FD4C5CF}.NL_ACC|Any CPU.Build.0 = Release|Any CPU
		{83572D44-D3D7-4C66-BF96-5AE80FD4C5CF}.NL_DEV|Any CPU.ActiveCfg = Release|Any CPU
		{83572D44-D3D7-4C66-BF96-5AE80FD4C5CF}.NL_DEV|Any CPU.Build.0 = Release|Any CPU
		{83572D44-D3D7-4C66-BF96-5AE80FD4C5CF}.NL_LOC|Any CPU.ActiveCfg = Release|Any CPU
		{83572D44-D3D7-4C66-BF96-5AE80FD4C5CF}.NL_LOC|Any CPU.Build.0 = Release|Any CPU
		{83572D44-D3D7-4C66-BF96-5AE80FD4C5CF}.NL_PRD|Any CPU.ActiveCfg = Release|Any CPU
		{83572D44-D3D7-4C66-BF96-5AE80FD4C5CF}.NL_PRD|Any CPU.Build.0 = Release|Any CPU
		{83572D44-D3D7-4C66-BF96-5AE80FD4C5CF}.NL_TST|Any CPU.ActiveCfg = Release|Any CPU
		{83572D44-D3D7-4C66-BF96-5AE80FD4C5CF}.NL_TST|Any CPU.Build.0 = Release|Any CPU
		{83572D44-D3D7-4C66-BF96-5AE80FD4C5CF}.Release|Any CPU.ActiveCfg = Release|Any CPU
		{83572D44-D3D7-4C66-BF96-5AE80FD4C5CF}.Release|Any CPU.Build.0 = Release|Any CPU
		{83572D44-D3D7-4C66-BF96-5AE80FD4C5CF}.THA_DEV|Any CPU.ActiveCfg = Release|Any CPU
		{83572D44-D3D7-4C66-BF96-5AE80FD4C5CF}.THA_DEV|Any CPU.Build.0 = Release|Any CPU
		{83572D44-D3D7-4C66-BF96-5AE80FD4C5CF}.THA_LOC|Any CPU.ActiveCfg = Release|Any CPU
		{83572D44-D3D7-4C66-BF96-5AE80FD4C5CF}.THA_LOC|Any CPU.Build.0 = Release|Any CPU
		{83572D44-D3D7-4C66-BF96-5AE80FD4C5CF}.THA_TST|Any CPU.ActiveCfg = Release|Any CPU
		{83572D44-D3D7-4C66-BF96-5AE80FD4C5CF}.THA_TST|Any CPU.Build.0 = Release|Any CPU
		{F937B035-D91D-4E3D-A6F3-CBFD5D0F8087}.Debug|Any CPU.ActiveCfg = Debug|Any CPU
		{F937B035-D91D-4E3D-A6F3-CBFD5D0F8087}.Debug|Any CPU.Build.0 = Debug|Any CPU
		{F937B035-D91D-4E3D-A6F3-CBFD5D0F8087}.NL_ACC|Any CPU.ActiveCfg = Release|Any CPU
		{F937B035-D91D-4E3D-A6F3-CBFD5D0F8087}.NL_ACC|Any CPU.Build.0 = Release|Any CPU
		{F937B035-D91D-4E3D-A6F3-CBFD5D0F8087}.NL_DEV|Any CPU.ActiveCfg = Release|Any CPU
		{F937B035-D91D-4E3D-A6F3-CBFD5D0F8087}.NL_DEV|Any CPU.Build.0 = Release|Any CPU
		{F937B035-D91D-4E3D-A6F3-CBFD5D0F8087}.NL_LOC|Any CPU.ActiveCfg = Release|Any CPU
		{F937B035-D91D-4E3D-A6F3-CBFD5D0F8087}.NL_LOC|Any CPU.Build.0 = Release|Any CPU
		{F937B035-D91D-4E3D-A6F3-CBFD5D0F8087}.NL_PRD|Any CPU.ActiveCfg = Release|Any CPU
		{F937B035-D91D-4E3D-A6F3-CBFD5D0F8087}.NL_PRD|Any CPU.Build.0 = Release|Any CPU
		{F937B035-D91D-4E3D-A6F3-CBFD5D0F8087}.NL_TST|Any CPU.ActiveCfg = Release|Any CPU
		{F937B035-D91D-4E3D-A6F3-CBFD5D0F8087}.NL_TST|Any CPU.Build.0 = Release|Any CPU
		{F937B035-D91D-4E3D-A6F3-CBFD5D0F8087}.Release|Any CPU.ActiveCfg = Release|Any CPU
		{F937B035-D91D-4E3D-A6F3-CBFD5D0F8087}.Release|Any CPU.Build.0 = Release|Any CPU
		{F937B035-D91D-4E3D-A6F3-CBFD5D0F8087}.THA_DEV|Any CPU.ActiveCfg = Release|Any CPU
		{F937B035-D91D-4E3D-A6F3-CBFD5D0F8087}.THA_DEV|Any CPU.Build.0 = Release|Any CPU
		{F937B035-D91D-4E3D-A6F3-CBFD5D0F8087}.THA_LOC|Any CPU.ActiveCfg = Release|Any CPU
		{F937B035-D91D-4E3D-A6F3-CBFD5D0F8087}.THA_LOC|Any CPU.Build.0 = Release|Any CPU
		{F937B035-D91D-4E3D-A6F3-CBFD5D0F8087}.THA_TST|Any CPU.ActiveCfg = Release|Any CPU
		{F937B035-D91D-4E3D-A6F3-CBFD5D0F8087}.THA_TST|Any CPU.Build.0 = Release|Any CPU
		{B7B30FB8-71F9-46A1-83DC-1EB60414A5DF}.Debug|Any CPU.ActiveCfg = Debug|Any CPU
		{B7B30FB8-71F9-46A1-83DC-1EB60414A5DF}.Debug|Any CPU.Build.0 = Debug|Any CPU
		{B7B30FB8-71F9-46A1-83DC-1EB60414A5DF}.NL_ACC|Any CPU.ActiveCfg = Release|Any CPU
		{B7B30FB8-71F9-46A1-83DC-1EB60414A5DF}.NL_ACC|Any CPU.Build.0 = Release|Any CPU
		{B7B30FB8-71F9-46A1-83DC-1EB60414A5DF}.NL_DEV|Any CPU.ActiveCfg = Release|Any CPU
		{B7B30FB8-71F9-46A1-83DC-1EB60414A5DF}.NL_DEV|Any CPU.Build.0 = Release|Any CPU
		{B7B30FB8-71F9-46A1-83DC-1EB60414A5DF}.NL_LOC|Any CPU.ActiveCfg = Release|Any CPU
		{B7B30FB8-71F9-46A1-83DC-1EB60414A5DF}.NL_LOC|Any CPU.Build.0 = Release|Any CPU
		{B7B30FB8-71F9-46A1-83DC-1EB60414A5DF}.NL_PRD|Any CPU.ActiveCfg = Release|Any CPU
		{B7B30FB8-71F9-46A1-83DC-1EB60414A5DF}.NL_PRD|Any CPU.Build.0 = Release|Any CPU
		{B7B30FB8-71F9-46A1-83DC-1EB60414A5DF}.NL_TST|Any CPU.ActiveCfg = Release|Any CPU
		{B7B30FB8-71F9-46A1-83DC-1EB60414A5DF}.NL_TST|Any CPU.Build.0 = Release|Any CPU
		{B7B30FB8-71F9-46A1-83DC-1EB60414A5DF}.Release|Any CPU.ActiveCfg = Release|Any CPU
		{B7B30FB8-71F9-46A1-83DC-1EB60414A5DF}.Release|Any CPU.Build.0 = Release|Any CPU
		{B7B30FB8-71F9-46A1-83DC-1EB60414A5DF}.THA_DEV|Any CPU.ActiveCfg = Release|Any CPU
		{B7B30FB8-71F9-46A1-83DC-1EB60414A5DF}.THA_DEV|Any CPU.Build.0 = Release|Any CPU
		{B7B30FB8-71F9-46A1-83DC-1EB60414A5DF}.THA_LOC|Any CPU.ActiveCfg = Release|Any CPU
		{B7B30FB8-71F9-46A1-83DC-1EB60414A5DF}.THA_LOC|Any CPU.Build.0 = Release|Any CPU
		{B7B30FB8-71F9-46A1-83DC-1EB60414A5DF}.THA_TST|Any CPU.ActiveCfg = Release|Any CPU
		{B7B30FB8-71F9-46A1-83DC-1EB60414A5DF}.THA_TST|Any CPU.Build.0 = Release|Any CPU
		{DEBF7D2E-32C6-47C7-9EC3-CBED6395217E}.Debug|Any CPU.ActiveCfg = Debug|Any CPU
		{DEBF7D2E-32C6-47C7-9EC3-CBED6395217E}.Debug|Any CPU.Build.0 = Debug|Any CPU
		{DEBF7D2E-32C6-47C7-9EC3-CBED6395217E}.NL_ACC|Any CPU.ActiveCfg = Release|Any CPU
		{DEBF7D2E-32C6-47C7-9EC3-CBED6395217E}.NL_ACC|Any CPU.Build.0 = Release|Any CPU
		{DEBF7D2E-32C6-47C7-9EC3-CBED6395217E}.NL_DEV|Any CPU.ActiveCfg = Release|Any CPU
		{DEBF7D2E-32C6-47C7-9EC3-CBED6395217E}.NL_DEV|Any CPU.Build.0 = Release|Any CPU
		{DEBF7D2E-32C6-47C7-9EC3-CBED6395217E}.NL_LOC|Any CPU.ActiveCfg = Release|Any CPU
		{DEBF7D2E-32C6-47C7-9EC3-CBED6395217E}.NL_LOC|Any CPU.Build.0 = Release|Any CPU
		{DEBF7D2E-32C6-47C7-9EC3-CBED6395217E}.NL_PRD|Any CPU.ActiveCfg = Release|Any CPU
		{DEBF7D2E-32C6-47C7-9EC3-CBED6395217E}.NL_PRD|Any CPU.Build.0 = Release|Any CPU
		{DEBF7D2E-32C6-47C7-9EC3-CBED6395217E}.NL_TST|Any CPU.ActiveCfg = Release|Any CPU
		{DEBF7D2E-32C6-47C7-9EC3-CBED6395217E}.NL_TST|Any CPU.Build.0 = Release|Any CPU
		{DEBF7D2E-32C6-47C7-9EC3-CBED6395217E}.Release|Any CPU.ActiveCfg = Release|Any CPU
		{DEBF7D2E-32C6-47C7-9EC3-CBED6395217E}.Release|Any CPU.Build.0 = Release|Any CPU
		{DEBF7D2E-32C6-47C7-9EC3-CBED6395217E}.THA_DEV|Any CPU.ActiveCfg = Release|Any CPU
		{DEBF7D2E-32C6-47C7-9EC3-CBED6395217E}.THA_DEV|Any CPU.Build.0 = Release|Any CPU
		{DEBF7D2E-32C6-47C7-9EC3-CBED6395217E}.THA_LOC|Any CPU.ActiveCfg = Release|Any CPU
		{DEBF7D2E-32C6-47C7-9EC3-CBED6395217E}.THA_LOC|Any CPU.Build.0 = Release|Any CPU
		{DEBF7D2E-32C6-47C7-9EC3-CBED6395217E}.THA_TST|Any CPU.ActiveCfg = Release|Any CPU
		{DEBF7D2E-32C6-47C7-9EC3-CBED6395217E}.THA_TST|Any CPU.Build.0 = Release|Any CPU
		{599DD14D-B4CB-446B-8895-119B49BE6603}.Debug|Any CPU.ActiveCfg = Debug|Any CPU
		{599DD14D-B4CB-446B-8895-119B49BE6603}.Debug|Any CPU.Build.0 = Debug|Any CPU
		{599DD14D-B4CB-446B-8895-119B49BE6603}.NL_ACC|Any CPU.ActiveCfg = Release|Any CPU
		{599DD14D-B4CB-446B-8895-119B49BE6603}.NL_ACC|Any CPU.Build.0 = Release|Any CPU
		{599DD14D-B4CB-446B-8895-119B49BE6603}.NL_DEV|Any CPU.ActiveCfg = Release|Any CPU
		{599DD14D-B4CB-446B-8895-119B49BE6603}.NL_DEV|Any CPU.Build.0 = Release|Any CPU
		{599DD14D-B4CB-446B-8895-119B49BE6603}.NL_LOC|Any CPU.ActiveCfg = Release|Any CPU
		{599DD14D-B4CB-446B-8895-119B49BE6603}.NL_LOC|Any CPU.Build.0 = Release|Any CPU
		{599DD14D-B4CB-446B-8895-119B49BE6603}.NL_PRD|Any CPU.ActiveCfg = Release|Any CPU
		{599DD14D-B4CB-446B-8895-119B49BE6603}.NL_PRD|Any CPU.Build.0 = Release|Any CPU
		{599DD14D-B4CB-446B-8895-119B49BE6603}.NL_TST|Any CPU.ActiveCfg = Release|Any CPU
		{599DD14D-B4CB-446B-8895-119B49BE6603}.NL_TST|Any CPU.Build.0 = Release|Any CPU
		{599DD14D-B4CB-446B-8895-119B49BE6603}.Release|Any CPU.ActiveCfg = Release|Any CPU
		{599DD14D-B4CB-446B-8895-119B49BE6603}.Release|Any CPU.Build.0 = Release|Any CPU
		{599DD14D-B4CB-446B-8895-119B49BE6603}.THA_DEV|Any CPU.ActiveCfg = Release|Any CPU
		{599DD14D-B4CB-446B-8895-119B49BE6603}.THA_DEV|Any CPU.Build.0 = Release|Any CPU
		{599DD14D-B4CB-446B-8895-119B49BE6603}.THA_LOC|Any CPU.ActiveCfg = Release|Any CPU
		{599DD14D-B4CB-446B-8895-119B49BE6603}.THA_LOC|Any CPU.Build.0 = Release|Any CPU
		{599DD14D-B4CB-446B-8895-119B49BE6603}.THA_TST|Any CPU.ActiveCfg = Release|Any CPU
		{599DD14D-B4CB-446B-8895-119B49BE6603}.THA_TST|Any CPU.Build.0 = Release|Any CPU
		{E178DEAC-7F0A-4D46-B833-1AADEE2A8152}.Debug|Any CPU.ActiveCfg = Debug|Any CPU
		{E178DEAC-7F0A-4D46-B833-1AADEE2A8152}.Debug|Any CPU.Build.0 = Debug|Any CPU
		{E178DEAC-7F0A-4D46-B833-1AADEE2A8152}.NL_ACC|Any CPU.ActiveCfg = Release|Any CPU
		{E178DEAC-7F0A-4D46-B833-1AADEE2A8152}.NL_ACC|Any CPU.Build.0 = Release|Any CPU
		{E178DEAC-7F0A-4D46-B833-1AADEE2A8152}.NL_DEV|Any CPU.ActiveCfg = Release|Any CPU
		{E178DEAC-7F0A-4D46-B833-1AADEE2A8152}.NL_DEV|Any CPU.Build.0 = Release|Any CPU
		{E178DEAC-7F0A-4D46-B833-1AADEE2A8152}.NL_LOC|Any CPU.ActiveCfg = Release|Any CPU
		{E178DEAC-7F0A-4D46-B833-1AADEE2A8152}.NL_LOC|Any CPU.Build.0 = Release|Any CPU
		{E178DEAC-7F0A-4D46-B833-1AADEE2A8152}.NL_PRD|Any CPU.ActiveCfg = Release|Any CPU
		{E178DEAC-7F0A-4D46-B833-1AADEE2A8152}.NL_PRD|Any CPU.Build.0 = Release|Any CPU
		{E178DEAC-7F0A-4D46-B833-1AADEE2A8152}.NL_TST|Any CPU.ActiveCfg = Release|Any CPU
		{E178DEAC-7F0A-4D46-B833-1AADEE2A8152}.NL_TST|Any CPU.Build.0 = Release|Any CPU
		{E178DEAC-7F0A-4D46-B833-1AADEE2A8152}.Release|Any CPU.ActiveCfg = Release|Any CPU
		{E178DEAC-7F0A-4D46-B833-1AADEE2A8152}.Release|Any CPU.Build.0 = Release|Any CPU
		{E178DEAC-7F0A-4D46-B833-1AADEE2A8152}.THA_DEV|Any CPU.ActiveCfg = Release|Any CPU
		{E178DEAC-7F0A-4D46-B833-1AADEE2A8152}.THA_DEV|Any CPU.Build.0 = Release|Any CPU
		{E178DEAC-7F0A-4D46-B833-1AADEE2A8152}.THA_LOC|Any CPU.ActiveCfg = Release|Any CPU
		{E178DEAC-7F0A-4D46-B833-1AADEE2A8152}.THA_LOC|Any CPU.Build.0 = Release|Any CPU
		{E178DEAC-7F0A-4D46-B833-1AADEE2A8152}.THA_TST|Any CPU.ActiveCfg = Release|Any CPU
		{E178DEAC-7F0A-4D46-B833-1AADEE2A8152}.THA_TST|Any CPU.Build.0 = Release|Any CPU
		{9A390A62-8AB1-46D1-8367-3C704614557A}.Debug|Any CPU.ActiveCfg = Debug|Any CPU
		{9A390A62-8AB1-46D1-8367-3C704614557A}.Debug|Any CPU.Build.0 = Debug|Any CPU
		{9A390A62-8AB1-46D1-8367-3C704614557A}.NL_ACC|Any CPU.ActiveCfg = Release|Any CPU
		{9A390A62-8AB1-46D1-8367-3C704614557A}.NL_ACC|Any CPU.Build.0 = Release|Any CPU
		{9A390A62-8AB1-46D1-8367-3C704614557A}.NL_DEV|Any CPU.ActiveCfg = Release|Any CPU
		{9A390A62-8AB1-46D1-8367-3C704614557A}.NL_DEV|Any CPU.Build.0 = Release|Any CPU
		{9A390A62-8AB1-46D1-8367-3C704614557A}.NL_LOC|Any CPU.ActiveCfg = Release|Any CPU
		{9A390A62-8AB1-46D1-8367-3C704614557A}.NL_LOC|Any CPU.Build.0 = Release|Any CPU
		{9A390A62-8AB1-46D1-8367-3C704614557A}.NL_PRD|Any CPU.ActiveCfg = Release|Any CPU
		{9A390A62-8AB1-46D1-8367-3C704614557A}.NL_PRD|Any CPU.Build.0 = Release|Any CPU
		{9A390A62-8AB1-46D1-8367-3C704614557A}.NL_TST|Any CPU.ActiveCfg = Release|Any CPU
		{9A390A62-8AB1-46D1-8367-3C704614557A}.NL_TST|Any CPU.Build.0 = Release|Any CPU
		{9A390A62-8AB1-46D1-8367-3C704614557A}.Release|Any CPU.ActiveCfg = Release|Any CPU
		{9A390A62-8AB1-46D1-8367-3C704614557A}.Release|Any CPU.Build.0 = Release|Any CPU
		{9A390A62-8AB1-46D1-8367-3C704614557A}.THA_DEV|Any CPU.ActiveCfg = Release|Any CPU
		{9A390A62-8AB1-46D1-8367-3C704614557A}.THA_DEV|Any CPU.Build.0 = Release|Any CPU
		{9A390A62-8AB1-46D1-8367-3C704614557A}.THA_LOC|Any CPU.ActiveCfg = Release|Any CPU
		{9A390A62-8AB1-46D1-8367-3C704614557A}.THA_LOC|Any CPU.Build.0 = Release|Any CPU
		{9A390A62-8AB1-46D1-8367-3C704614557A}.THA_TST|Any CPU.ActiveCfg = Release|Any CPU
		{9A390A62-8AB1-46D1-8367-3C704614557A}.THA_TST|Any CPU.Build.0 = Release|Any CPU
	EndGlobalSection
	GlobalSection(SolutionProperties) = preSolution
		HideSolutionNode = FALSE
	EndGlobalSection
	GlobalSection(NestedProjects) = preSolution
		{34B185DF-C02F-4BA8-B3DE-20704D1DBC0C} = {A7431F64-37BA-498C-9182-60C5DCBA96D1}
		{872BCDF1-3A81-4A5E-97D8-E3D48738AE14} = {A7431F64-37BA-498C-9182-60C5DCBA96D1}
		{B63BE97D-BD15-40F5-A2E0-102318B2D070} = {A7431F64-37BA-498C-9182-60C5DCBA96D1}
		{6169A176-71E1-4DDD-A4BB-C6B293209142} = {A7431F64-37BA-498C-9182-60C5DCBA96D1}
		{24340D5C-6D66-47F4-9EBF-62C4A6DB419F} = {A7431F64-37BA-498C-9182-60C5DCBA96D1}
		{1B6560EC-F2B8-4F8F-AD63-6BA512299A0B} = {A7431F64-37BA-498C-9182-60C5DCBA96D1}
		{95D42962-B791-446F-8CD6-EA294E98638A} = {7B8ED9F2-5344-4DB9-9D82-71EAAC29BEFE}
		{B7B30FB8-71F9-46A1-83DC-1EB60414A5DF} = {A7431F64-37BA-498C-9182-60C5DCBA96D1}
		{599DD14D-B4CB-446B-8895-119B49BE6603} = {A7431F64-37BA-498C-9182-60C5DCBA96D1}
		{9A390A62-8AB1-46D1-8367-3C704614557A} = {A7431F64-37BA-498C-9182-60C5DCBA96D1}
	EndGlobalSection
EndGlobal
