
Microsoft Visual Studio Solution File, Format Version 12.00
# Visual Studio 2013
VisualStudioVersion = 12.0.40629.0
MinimumVisualStudioVersion = 10.0.40219.1
Project("{FAE04EC0-301F-11D3-BF4B-00C04F79EFBC}") = "BND.Websites.BackOffice.SanctionListsManagement.Business", "BND.Websites.BackOffice.SanctionListsManagement.Business\BND.Websites.BackOffice.SanctionListsManagement.Business.csproj", "{AF8F9E59-3CA6-41FA-AE3E-0F00F968F0E9}"
EndProject
Project("{FAE04EC0-301F-11D3-BF4B-00C04F79EFBC}") = "BND.Websites.BackOffice.SanctionListsManagement.Domain", "BND.Websites.BackOffice.SanctionListsManagement.Data\BND.Websites.BackOffice.SanctionListsManagement.Domain.csproj", "{1B89D87B-F933-4295-BDB6-8F7F46754041}"
EndProject
Project("{FAE04EC0-301F-11D3-BF4B-00C04F79EFBC}") = "BND.Websites.BackOffice.SanctionListsManagement.Entities", "BND.Websites.BackOffice.SanctionListsManagement.Entities\BND.Websites.BackOffice.SanctionListsManagement.Entities.csproj", "{CB627333-AEF1-4586-8DB3-680159DC9BFC}"
EndProject
Project("{FAE04EC0-301F-11D3-BF4B-00C04F79EFBC}") = "BND.Websites.BackOffice.SanctionListsManagement.Models", "BND.Websites.BackOffice.SanctionListsManagement.Models\BND.Websites.BackOffice.SanctionListsManagement.Models.csproj", "{AC0B5CC2-255C-42AA-B92F-2B4B392FEA95}"
EndProject
Project("{FAE04EC0-301F-11D3-BF4B-00C04F79EFBC}") = "BND.Websites.BackOffice.SanctionListsManagement.Web", "BND.Websites.BackOffice.SanctionListsManagement.Web\BND.Websites.BackOffice.SanctionListsManagement.Web.csproj", "{9411BFE6-59CD-4C3E-98D1-4CEBA76553CC}"
EndProject
Global
	GlobalSection(SolutionConfigurationPlatforms) = preSolution
		INT_DEV|Any CPU = INT_DEV|Any CPU
		INT_TST|Any CPU = INT_TST|Any CPU
		NL_ACC|Any CPU = NL_ACC|Any CPU
		NL_DEV|Any CPU = NL_DEV|Any CPU
		NL_LOC|Any CPU = NL_LOC|Any CPU
		NL_PRD|Any CPU = NL_PRD|Any CPU
		NL_TST|Any CPU = NL_TST|Any CPU
		THA_DEV|Any CPU = THA_DEV|Any CPU
		THA_LOC|Any CPU = THA_LOC|Any CPU
	EndGlobalSection
	GlobalSection(ProjectConfigurationPlatforms) = postSolution
		{AF8F9E59-3CA6-41FA-AE3E-0F00F968F0E9}.INT_DEV|Any CPU.ActiveCfg = INT_DEV|Any CPU
		{AF8F9E59-3CA6-41FA-AE3E-0F00F968F0E9}.INT_DEV|Any CPU.Build.0 = INT_DEV|Any CPU
		{AF8F9E59-3CA6-41FA-AE3E-0F00F968F0E9}.INT_TST|Any CPU.ActiveCfg = INT_DEV|Any CPU
		{AF8F9E59-3CA6-41FA-AE3E-0F00F968F0E9}.INT_TST|Any CPU.Build.0 = INT_DEV|Any CPU
		{AF8F9E59-3CA6-41FA-AE3E-0F00F968F0E9}.NL_ACC|Any CPU.ActiveCfg = NL_ACC|Any CPU
		{AF8F9E59-3CA6-41FA-AE3E-0F00F968F0E9}.NL_ACC|Any CPU.Build.0 = NL_ACC|Any CPU
		{AF8F9E59-3CA6-41FA-AE3E-0F00F968F0E9}.NL_DEV|Any CPU.ActiveCfg = NL_DEV|Any CPU
		{AF8F9E59-3CA6-41FA-AE3E-0F00F968F0E9}.NL_DEV|Any CPU.Build.0 = NL_DEV|Any CPU
		{AF8F9E59-3CA6-41FA-AE3E-0F00F968F0E9}.NL_LOC|Any CPU.ActiveCfg = Debug|Any CPU
		{AF8F9E59-3CA6-41FA-AE3E-0F00F968F0E9}.NL_LOC|Any CPU.Build.0 = Debug|Any CPU
		{AF8F9E59-3CA6-41FA-AE3E-0F00F968F0E9}.NL_PRD|Any CPU.ActiveCfg = NL_PRD|Any CPU
		{AF8F9E59-3CA6-41FA-AE3E-0F00F968F0E9}.NL_PRD|Any CPU.Build.0 = NL_PRD|Any CPU
		{AF8F9E59-3CA6-41FA-AE3E-0F00F968F0E9}.NL_TST|Any CPU.ActiveCfg = NL_TST|Any CPU
		{AF8F9E59-3CA6-41FA-AE3E-0F00F968F0E9}.NL_TST|Any CPU.Build.0 = NL_TST|Any CPU
		{AF8F9E59-3CA6-41FA-AE3E-0F00F968F0E9}.THA_DEV|Any CPU.ActiveCfg = Debug|Any CPU
		{AF8F9E59-3CA6-41FA-AE3E-0F00F968F0E9}.THA_DEV|Any CPU.Build.0 = Debug|Any CPU
		{AF8F9E59-3CA6-41FA-AE3E-0F00F968F0E9}.THA_LOC|Any CPU.ActiveCfg = Debug|Any CPU
		{AF8F9E59-3CA6-41FA-AE3E-0F00F968F0E9}.THA_LOC|Any CPU.Build.0 = Debug|Any CPU
		{1B89D87B-F933-4295-BDB6-8F7F46754041}.INT_DEV|Any CPU.ActiveCfg = INT_DEV|Any CPU
		{1B89D87B-F933-4295-BDB6-8F7F46754041}.INT_DEV|Any CPU.Build.0 = INT_DEV|Any CPU
		{1B89D87B-F933-4295-BDB6-8F7F46754041}.INT_TST|Any CPU.ActiveCfg = INT_DEV|Any CPU
		{1B89D87B-F933-4295-BDB6-8F7F46754041}.INT_TST|Any CPU.Build.0 = INT_DEV|Any CPU
		{1B89D87B-F933-4295-BDB6-8F7F46754041}.NL_ACC|Any CPU.ActiveCfg = NL_ACC|Any CPU
		{1B89D87B-F933-4295-BDB6-8F7F46754041}.NL_ACC|Any CPU.Build.0 = NL_ACC|Any CPU
		{1B89D87B-F933-4295-BDB6-8F7F46754041}.NL_DEV|Any CPU.ActiveCfg = NL_DEV|Any CPU
		{1B89D87B-F933-4295-BDB6-8F7F46754041}.NL_DEV|Any CPU.Build.0 = NL_DEV|Any CPU
		{1B89D87B-F933-4295-BDB6-8F7F46754041}.NL_LOC|Any CPU.ActiveCfg = Release|Any CPU
		{1B89D87B-F933-4295-BDB6-8F7F46754041}.NL_LOC|Any CPU.Build.0 = Release|Any CPU
		{1B89D87B-F933-4295-BDB6-8F7F46754041}.NL_PRD|Any CPU.ActiveCfg = NL_PRD|Any CPU
		{1B89D87B-F933-4295-BDB6-8F7F46754041}.NL_PRD|Any CPU.Build.0 = NL_PRD|Any CPU
		{1B89D87B-F933-4295-BDB6-8F7F46754041}.NL_TST|Any CPU.ActiveCfg = NL_TST|Any CPU
		{1B89D87B-F933-4295-BDB6-8F7F46754041}.NL_TST|Any CPU.Build.0 = NL_TST|Any CPU
		{1B89D87B-F933-4295-BDB6-8F7F46754041}.THA_DEV|Any CPU.ActiveCfg = Release|Any CPU
		{1B89D87B-F933-4295-BDB6-8F7F46754041}.THA_DEV|Any CPU.Build.0 = Release|Any CPU
		{1B89D87B-F933-4295-BDB6-8F7F46754041}.THA_LOC|Any CPU.ActiveCfg = Release|Any CPU
		{1B89D87B-F933-4295-BDB6-8F7F46754041}.THA_LOC|Any CPU.Build.0 = Release|Any CPU
		{CB627333-AEF1-4586-8DB3-680159DC9BFC}.INT_DEV|Any CPU.ActiveCfg = INT_DEV|Any CPU
		{CB627333-AEF1-4586-8DB3-680159DC9BFC}.INT_DEV|Any CPU.Build.0 = INT_DEV|Any CPU
		{CB627333-AEF1-4586-8DB3-680159DC9BFC}.INT_TST|Any CPU.ActiveCfg = INT_DEV|Any CPU
		{CB627333-AEF1-4586-8DB3-680159DC9BFC}.INT_TST|Any CPU.Build.0 = INT_DEV|Any CPU
		{CB627333-AEF1-4586-8DB3-680159DC9BFC}.NL_ACC|Any CPU.ActiveCfg = NL_ACC|Any CPU
		{CB627333-AEF1-4586-8DB3-680159DC9BFC}.NL_ACC|Any CPU.Build.0 = NL_ACC|Any CPU
		{CB627333-AEF1-4586-8DB3-680159DC9BFC}.NL_DEV|Any CPU.ActiveCfg = NL_DEV|Any CPU
		{CB627333-AEF1-4586-8DB3-680159DC9BFC}.NL_DEV|Any CPU.Build.0 = NL_DEV|Any CPU
		{CB627333-AEF1-4586-8DB3-680159DC9BFC}.NL_LOC|Any CPU.ActiveCfg = Release|Any CPU
		{CB627333-AEF1-4586-8DB3-680159DC9BFC}.NL_LOC|Any CPU.Build.0 = Release|Any CPU
		{CB627333-AEF1-4586-8DB3-680159DC9BFC}.NL_PRD|Any CPU.ActiveCfg = NL_PRD|Any CPU
		{CB627333-AEF1-4586-8DB3-680159DC9BFC}.NL_PRD|Any CPU.Build.0 = NL_PRD|Any CPU
		{CB627333-AEF1-4586-8DB3-680159DC9BFC}.NL_TST|Any CPU.ActiveCfg = NL_TST|Any CPU
		{CB627333-AEF1-4586-8DB3-680159DC9BFC}.NL_TST|Any CPU.Build.0 = NL_TST|Any CPU
		{CB627333-AEF1-4586-8DB3-680159DC9BFC}.THA_DEV|Any CPU.ActiveCfg = Release|Any CPU
		{CB627333-AEF1-4586-8DB3-680159DC9BFC}.THA_DEV|Any CPU.Build.0 = Release|Any CPU
		{CB627333-AEF1-4586-8DB3-680159DC9BFC}.THA_LOC|Any CPU.ActiveCfg = Release|Any CPU
		{CB627333-AEF1-4586-8DB3-680159DC9BFC}.THA_LOC|Any CPU.Build.0 = Release|Any CPU
		{AC0B5CC2-255C-42AA-B92F-2B4B392FEA95}.INT_DEV|Any CPU.ActiveCfg = INT_DEV|Any CPU
		{AC0B5CC2-255C-42AA-B92F-2B4B392FEA95}.INT_DEV|Any CPU.Build.0 = INT_DEV|Any CPU
		{AC0B5CC2-255C-42AA-B92F-2B4B392FEA95}.INT_TST|Any CPU.ActiveCfg = INT_DEV|Any CPU
		{AC0B5CC2-255C-42AA-B92F-2B4B392FEA95}.INT_TST|Any CPU.Build.0 = INT_DEV|Any CPU
		{AC0B5CC2-255C-42AA-B92F-2B4B392FEA95}.NL_ACC|Any CPU.ActiveCfg = NL_ACC|Any CPU
		{AC0B5CC2-255C-42AA-B92F-2B4B392FEA95}.NL_ACC|Any CPU.Build.0 = NL_ACC|Any CPU
		{AC0B5CC2-255C-42AA-B92F-2B4B392FEA95}.NL_DEV|Any CPU.ActiveCfg = NL_DEV|Any CPU
		{AC0B5CC2-255C-42AA-B92F-2B4B392FEA95}.NL_DEV|Any CPU.Build.0 = NL_DEV|Any CPU
		{AC0B5CC2-255C-42AA-B92F-2B4B392FEA95}.NL_LOC|Any CPU.ActiveCfg = Release|Any CPU
		{AC0B5CC2-255C-42AA-B92F-2B4B392FEA95}.NL_LOC|Any CPU.Build.0 = Release|Any CPU
		{AC0B5CC2-255C-42AA-B92F-2B4B392FEA95}.NL_PRD|Any CPU.ActiveCfg = NL_PRD|Any CPU
		{AC0B5CC2-255C-42AA-B92F-2B4B392FEA95}.NL_PRD|Any CPU.Build.0 = NL_PRD|Any CPU
		{AC0B5CC2-255C-42AA-B92F-2B4B392FEA95}.NL_TST|Any CPU.ActiveCfg = NL_TST|Any CPU
		{AC0B5CC2-255C-42AA-B92F-2B4B392FEA95}.NL_TST|Any CPU.Build.0 = NL_TST|Any CPU
		{AC0B5CC2-255C-42AA-B92F-2B4B392FEA95}.THA_DEV|Any CPU.ActiveCfg = Release|Any CPU
		{AC0B5CC2-255C-42AA-B92F-2B4B392FEA95}.THA_DEV|Any CPU.Build.0 = Release|Any CPU
		{AC0B5CC2-255C-42AA-B92F-2B4B392FEA95}.THA_LOC|Any CPU.ActiveCfg = Release|Any CPU
		{AC0B5CC2-255C-42AA-B92F-2B4B392FEA95}.THA_LOC|Any CPU.Build.0 = Release|Any CPU
		{9411BFE6-59CD-4C3E-98D1-4CEBA76553CC}.INT_DEV|Any CPU.ActiveCfg = INT_DEV|Any CPU
		{9411BFE6-59CD-4C3E-98D1-4CEBA76553CC}.INT_DEV|Any CPU.Build.0 = INT_DEV|Any CPU
		{9411BFE6-59CD-4C3E-98D1-4CEBA76553CC}.INT_TST|Any CPU.ActiveCfg = INT_DEV|Any CPU
		{9411BFE6-59CD-4C3E-98D1-4CEBA76553CC}.INT_TST|Any CPU.Build.0 = INT_DEV|Any CPU
		{9411BFE6-59CD-4C3E-98D1-4CEBA76553CC}.NL_ACC|Any CPU.ActiveCfg = NL_ACC|Any CPU
		{9411BFE6-59CD-4C3E-98D1-4CEBA76553CC}.NL_ACC|Any CPU.Build.0 = NL_ACC|Any CPU
		{9411BFE6-59CD-4C3E-98D1-4CEBA76553CC}.NL_DEV|Any CPU.ActiveCfg = NL_DEV|Any CPU
		{9411BFE6-59CD-4C3E-98D1-4CEBA76553CC}.NL_DEV|Any CPU.Build.0 = NL_DEV|Any CPU
		{9411BFE6-59CD-4C3E-98D1-4CEBA76553CC}.NL_LOC|Any CPU.ActiveCfg = NL_LOC|Any CPU
		{9411BFE6-59CD-4C3E-98D1-4CEBA76553CC}.NL_LOC|Any CPU.Build.0 = NL_LOC|Any CPU
		{9411BFE6-59CD-4C3E-98D1-4CEBA76553CC}.NL_PRD|Any CPU.ActiveCfg = NL_PRD|Any CPU
		{9411BFE6-59CD-4C3E-98D1-4CEBA76553CC}.NL_PRD|Any CPU.Build.0 = NL_PRD|Any CPU
		{9411BFE6-59CD-4C3E-98D1-4CEBA76553CC}.NL_TST|Any CPU.ActiveCfg = NL_TST|Any CPU
		{9411BFE6-59CD-4C3E-98D1-4CEBA76553CC}.NL_TST|Any CPU.Build.0 = NL_TST|Any CPU
		{9411BFE6-59CD-4C3E-98D1-4CEBA76553CC}.THA_DEV|Any CPU.ActiveCfg = THA_DEV|Any CPU
		{9411BFE6-59CD-4C3E-98D1-4CEBA76553CC}.THA_DEV|Any CPU.Build.0 = THA_DEV|Any CPU
		{9411BFE6-59CD-4C3E-98D1-4CEBA76553CC}.THA_LOC|Any CPU.ActiveCfg = THA_LOC|Any CPU
		{9411BFE6-59CD-4C3E-98D1-4CEBA76553CC}.THA_LOC|Any CPU.Build.0 = THA_LOC|Any CPU
	EndGlobalSection
	GlobalSection(SolutionProperties) = preSolution
		HideSolutionNode = FALSE
	EndGlobalSection
EndGlobal
