
Microsoft Visual Studio Solution File, Format Version 12.00
# Visual Studio 2013
VisualStudioVersion = 12.0.40629.0
MinimumVisualStudioVersion = 10.0.40219.1
Project("{FAE04EC0-301F-11D3-BF4B-00C04F79EFBC}") = "BND.Services.IbanStore.Models", "..\Models\BND.Services.IbanStore.Models.csproj", "{1FD32D71-833B-4B22-9F38-86D96DD2D2FD}"
EndProject
Project("{FAE04EC0-301F-11D3-BF4B-00C04F79EFBC}") = "BND.Services.IbanStore.Service", "..\Service\BND.Services.IbanStore.Service.csproj", "{8D0F8A06-7F2C-4DBA-9E4F-7FB2DC72959F}"
EndProject
Project("{FAE04EC0-301F-11D3-BF4B-00C04F79EFBC}") = "BND.Services.IbanStore.ManagementPortal", "..\ManagementPortal\BND.Services.IbanStore.ManagementPortal.csproj", "{F14B7322-8ADA-4201-B3C6-DD69A588E61C}"
EndProject
Project("{FAE04EC0-301F-11D3-BF4B-00C04F79EFBC}") = "BND.Services.IbanStore.Api", "..\Api\BND.Services.IbanStore.Api.csproj", "{9E19D0F5-0749-40FE-979A-A6B58CD3FEF1}"
EndProject
Project("{FAE04EC0-301F-11D3-BF4B-00C04F79EFBC}") = "BND.Services.IbanStore.Proxy", "..\Proxy\BND.Services.IbanStore.Proxy.csproj", "{68D1EC78-B6B1-4B82-A2F1-205ECE58A095}"
EndProject
Project("{FAE04EC0-301F-11D3-BF4B-00C04F79EFBC}") = "BND.Services.IbanStore.Repository", "..\Repositories\BND.Services.IbanStore.Repository.csproj", "{B62ABA07-1D36-4D54-95EF-D4702202782B}"
EndProject
Project("{2150E333-8FDC-42A3-9474-1A3956D46DE8}") = "UnitTests", "UnitTests", "{8C924FF0-5AE2-425E-9AE7-E2AFD42ED5A1}"
EndProject
Project("{FAE04EC0-301F-11D3-BF4B-00C04F79EFBC}") = "BND.Services.IbanStore.ServiceTest", "..\Service\_UnitTest\BND.Services.IbanStore.ServiceTest.csproj", "{7917BCD7-9396-46C1-A984-AE9104BAD163}"
EndProject
Project("{FAE04EC0-301F-11D3-BF4B-00C04F79EFBC}") = "BND.Services.IbanStore.ApiTest", "..\Api\_UnitTest\BND.Services.IbanStore.ApiTest.csproj", "{EA0C234C-7DCB-42DC-84C8-6BA887E3BAE2}"
EndProject
Project("{FAE04EC0-301F-11D3-BF4B-00C04F79EFBC}") = "BND.Services.IbanStore.ProxyTest", "..\Proxy\_UnitTest\BND.Services.IbanStore.ProxyTest.csproj", "{F3F9DE96-42AA-4F95-9DDA-9A4AB8BEF0FC}"
EndProject
Project("{FAE04EC0-301F-11D3-BF4B-00C04F79EFBC}") = "BND.Services.IbanStore.RepositoryTest", "..\Repositories\_UnitTest\BND.Services.IbanStore.RepositoryTest.csproj", "{AD5CE876-CDE0-44BF-8D7B-757CE17612F2}"
EndProject
Project("{FAE04EC0-301F-11D3-BF4B-00C04F79EFBC}") = "BND.Services.IbanStore.ModelsTest", "..\Models\_UnitTest\BND.Services.IbanStore.ModelsTest.csproj", "{B7BDFDBC-F471-4E63-9B59-6384E4790C94}"
EndProject
Project("{FAE04EC0-301F-11D3-BF4B-00C04F79EFBC}") = "BND.Services.IbanStore.ManagementPortalTest", "..\ManagementPortal\_UnitTest\BND.Services.IbanStore.ManagementPortalTest.csproj", "{780BB7F7-A9EC-42E0-8CE3-E64497CCB576}"
EndProject
Project("{2150E333-8FDC-42A3-9474-1A3956D46DE8}") = "AppTestProxy", "AppTestProxy", "{82F027AF-81B2-4860-BE5D-A133DAF39A20}"
EndProject
Project("{FAE04EC0-301F-11D3-BF4B-00C04F79EFBC}") = "BND.Services.IbanStore.ProxyTestApp", "..\_AppTest\ProxyTestApp\BND.Services.IbanStore.ProxyTestApp.csproj", "{C19B6A2F-1185-407D-A87B-5391EDB0BFFE}"
EndProject
Project("{FAE04EC0-301F-11D3-BF4B-00C04F79EFBC}") = "BND.Services.IbanStore.Proxy.NET4", "..\BND.Services.IbanStore.Proxy.NET4\BND.Services.IbanStore.Proxy.NET4.csproj", "{7A0843A2-FC14-47CE-A763-62A2B25C0143}"
EndProject
Global
	GlobalSection(SolutionConfigurationPlatforms) = preSolution
		Debug|Any CPU = Debug|Any CPU
		INT_DEV|Any CPU = INT_DEV|Any CPU
		INT_TST|Any CPU = INT_TST|Any CPU
		NL_ACC|Any CPU = NL_ACC|Any CPU
		NL_DEV|Any CPU = NL_DEV|Any CPU
		NL_PRD|Any CPU = NL_PRD|Any CPU
		NL_TST|Any CPU = NL_TST|Any CPU
		Release|Any CPU = Release|Any CPU
		THA_DEV|Any CPU = THA_DEV|Any CPU
		THA_TST|Any CPU = THA_TST|Any CPU
	EndGlobalSection
	GlobalSection(ProjectConfigurationPlatforms) = postSolution
		{1FD32D71-833B-4B22-9F38-86D96DD2D2FD}.Debug|Any CPU.ActiveCfg = Debug|Any CPU
		{1FD32D71-833B-4B22-9F38-86D96DD2D2FD}.Debug|Any CPU.Build.0 = Debug|Any CPU
		{1FD32D71-833B-4B22-9F38-86D96DD2D2FD}.INT_DEV|Any CPU.ActiveCfg = INT_DEV|Any CPU
		{1FD32D71-833B-4B22-9F38-86D96DD2D2FD}.INT_DEV|Any CPU.Build.0 = INT_DEV|Any CPU
		{1FD32D71-833B-4B22-9F38-86D96DD2D2FD}.INT_TST|Any CPU.ActiveCfg = INT_TST|Any CPU
		{1FD32D71-833B-4B22-9F38-86D96DD2D2FD}.INT_TST|Any CPU.Build.0 = INT_TST|Any CPU
		{1FD32D71-833B-4B22-9F38-86D96DD2D2FD}.NL_ACC|Any CPU.ActiveCfg = NL_ACC|Any CPU
		{1FD32D71-833B-4B22-9F38-86D96DD2D2FD}.NL_ACC|Any CPU.Build.0 = NL_ACC|Any CPU
		{1FD32D71-833B-4B22-9F38-86D96DD2D2FD}.NL_DEV|Any CPU.ActiveCfg = NL_DEV|Any CPU
		{1FD32D71-833B-4B22-9F38-86D96DD2D2FD}.NL_DEV|Any CPU.Build.0 = NL_DEV|Any CPU
		{1FD32D71-833B-4B22-9F38-86D96DD2D2FD}.NL_PRD|Any CPU.ActiveCfg = NL_PRD|Any CPU
		{1FD32D71-833B-4B22-9F38-86D96DD2D2FD}.NL_PRD|Any CPU.Build.0 = NL_PRD|Any CPU
		{1FD32D71-833B-4B22-9F38-86D96DD2D2FD}.NL_TST|Any CPU.ActiveCfg = NL_TST|Any CPU
		{1FD32D71-833B-4B22-9F38-86D96DD2D2FD}.NL_TST|Any CPU.Build.0 = NL_TST|Any CPU
		{1FD32D71-833B-4B22-9F38-86D96DD2D2FD}.Release|Any CPU.ActiveCfg = Release|Any CPU
		{1FD32D71-833B-4B22-9F38-86D96DD2D2FD}.Release|Any CPU.Build.0 = Release|Any CPU
		{1FD32D71-833B-4B22-9F38-86D96DD2D2FD}.THA_DEV|Any CPU.ActiveCfg = THA_DEV|Any CPU
		{1FD32D71-833B-4B22-9F38-86D96DD2D2FD}.THA_DEV|Any CPU.Build.0 = THA_DEV|Any CPU
		{1FD32D71-833B-4B22-9F38-86D96DD2D2FD}.THA_TST|Any CPU.ActiveCfg = THA_TST|Any CPU
		{1FD32D71-833B-4B22-9F38-86D96DD2D2FD}.THA_TST|Any CPU.Build.0 = THA_TST|Any CPU
		{8D0F8A06-7F2C-4DBA-9E4F-7FB2DC72959F}.Debug|Any CPU.ActiveCfg = Debug|Any CPU
		{8D0F8A06-7F2C-4DBA-9E4F-7FB2DC72959F}.Debug|Any CPU.Build.0 = Debug|Any CPU
		{8D0F8A06-7F2C-4DBA-9E4F-7FB2DC72959F}.INT_DEV|Any CPU.ActiveCfg = INT_DEV|Any CPU
		{8D0F8A06-7F2C-4DBA-9E4F-7FB2DC72959F}.INT_DEV|Any CPU.Build.0 = INT_DEV|Any CPU
		{8D0F8A06-7F2C-4DBA-9E4F-7FB2DC72959F}.INT_TST|Any CPU.ActiveCfg = INT_TST|Any CPU
		{8D0F8A06-7F2C-4DBA-9E4F-7FB2DC72959F}.INT_TST|Any CPU.Build.0 = INT_TST|Any CPU
		{8D0F8A06-7F2C-4DBA-9E4F-7FB2DC72959F}.NL_ACC|Any CPU.ActiveCfg = NL_ACC|Any CPU
		{8D0F8A06-7F2C-4DBA-9E4F-7FB2DC72959F}.NL_ACC|Any CPU.Build.0 = NL_ACC|Any CPU
		{8D0F8A06-7F2C-4DBA-9E4F-7FB2DC72959F}.NL_DEV|Any CPU.ActiveCfg = NL_DEV|Any CPU
		{8D0F8A06-7F2C-4DBA-9E4F-7FB2DC72959F}.NL_DEV|Any CPU.Build.0 = NL_DEV|Any CPU
		{8D0F8A06-7F2C-4DBA-9E4F-7FB2DC72959F}.NL_PRD|Any CPU.ActiveCfg = NL_PRD|Any CPU
		{8D0F8A06-7F2C-4DBA-9E4F-7FB2DC72959F}.NL_PRD|Any CPU.Build.0 = NL_PRD|Any CPU
		{8D0F8A06-7F2C-4DBA-9E4F-7FB2DC72959F}.NL_TST|Any CPU.ActiveCfg = NL_TST|Any CPU
		{8D0F8A06-7F2C-4DBA-9E4F-7FB2DC72959F}.NL_TST|Any CPU.Build.0 = NL_TST|Any CPU
		{8D0F8A06-7F2C-4DBA-9E4F-7FB2DC72959F}.Release|Any CPU.ActiveCfg = Release|Any CPU
		{8D0F8A06-7F2C-4DBA-9E4F-7FB2DC72959F}.Release|Any CPU.Build.0 = Release|Any CPU
		{8D0F8A06-7F2C-4DBA-9E4F-7FB2DC72959F}.THA_DEV|Any CPU.ActiveCfg = THA_DEV|Any CPU
		{8D0F8A06-7F2C-4DBA-9E4F-7FB2DC72959F}.THA_DEV|Any CPU.Build.0 = THA_DEV|Any CPU
		{8D0F8A06-7F2C-4DBA-9E4F-7FB2DC72959F}.THA_TST|Any CPU.ActiveCfg = THA_TST|Any CPU
		{8D0F8A06-7F2C-4DBA-9E4F-7FB2DC72959F}.THA_TST|Any CPU.Build.0 = THA_TST|Any CPU
		{F14B7322-8ADA-4201-B3C6-DD69A588E61C}.Debug|Any CPU.ActiveCfg = Debug|Any CPU
		{F14B7322-8ADA-4201-B3C6-DD69A588E61C}.Debug|Any CPU.Build.0 = Debug|Any CPU
		{F14B7322-8ADA-4201-B3C6-DD69A588E61C}.INT_DEV|Any CPU.ActiveCfg = INT_DEV|Any CPU
		{F14B7322-8ADA-4201-B3C6-DD69A588E61C}.INT_DEV|Any CPU.Build.0 = INT_DEV|Any CPU
		{F14B7322-8ADA-4201-B3C6-DD69A588E61C}.INT_TST|Any CPU.ActiveCfg = INT_TST|Any CPU
		{F14B7322-8ADA-4201-B3C6-DD69A588E61C}.INT_TST|Any CPU.Build.0 = INT_TST|Any CPU
		{F14B7322-8ADA-4201-B3C6-DD69A588E61C}.NL_ACC|Any CPU.ActiveCfg = NL_ACC|Any CPU
		{F14B7322-8ADA-4201-B3C6-DD69A588E61C}.NL_ACC|Any CPU.Build.0 = NL_ACC|Any CPU
		{F14B7322-8ADA-4201-B3C6-DD69A588E61C}.NL_DEV|Any CPU.ActiveCfg = NL_DEV|Any CPU
		{F14B7322-8ADA-4201-B3C6-DD69A588E61C}.NL_DEV|Any CPU.Build.0 = NL_DEV|Any CPU
		{F14B7322-8ADA-4201-B3C6-DD69A588E61C}.NL_PRD|Any CPU.ActiveCfg = NL_PRD|Any CPU
		{F14B7322-8ADA-4201-B3C6-DD69A588E61C}.NL_PRD|Any CPU.Build.0 = NL_PRD|Any CPU
		{F14B7322-8ADA-4201-B3C6-DD69A588E61C}.NL_TST|Any CPU.ActiveCfg = NL_TST|Any CPU
		{F14B7322-8ADA-4201-B3C6-DD69A588E61C}.NL_TST|Any CPU.Build.0 = NL_TST|Any CPU
		{F14B7322-8ADA-4201-B3C6-DD69A588E61C}.Release|Any CPU.ActiveCfg = Release|Any CPU
		{F14B7322-8ADA-4201-B3C6-DD69A588E61C}.Release|Any CPU.Build.0 = Release|Any CPU
		{F14B7322-8ADA-4201-B3C6-DD69A588E61C}.THA_DEV|Any CPU.ActiveCfg = THA_DEV|Any CPU
		{F14B7322-8ADA-4201-B3C6-DD69A588E61C}.THA_DEV|Any CPU.Build.0 = THA_DEV|Any CPU
		{F14B7322-8ADA-4201-B3C6-DD69A588E61C}.THA_TST|Any CPU.ActiveCfg = THA_TST|Any CPU
		{F14B7322-8ADA-4201-B3C6-DD69A588E61C}.THA_TST|Any CPU.Build.0 = THA_TST|Any CPU
		{9E19D0F5-0749-40FE-979A-A6B58CD3FEF1}.Debug|Any CPU.ActiveCfg = Debug|Any CPU
		{9E19D0F5-0749-40FE-979A-A6B58CD3FEF1}.Debug|Any CPU.Build.0 = Debug|Any CPU
		{9E19D0F5-0749-40FE-979A-A6B58CD3FEF1}.INT_DEV|Any CPU.ActiveCfg = INT_DEV|Any CPU
		{9E19D0F5-0749-40FE-979A-A6B58CD3FEF1}.INT_DEV|Any CPU.Build.0 = INT_DEV|Any CPU
		{9E19D0F5-0749-40FE-979A-A6B58CD3FEF1}.INT_TST|Any CPU.ActiveCfg = INT_TST|Any CPU
		{9E19D0F5-0749-40FE-979A-A6B58CD3FEF1}.INT_TST|Any CPU.Build.0 = INT_TST|Any CPU
		{9E19D0F5-0749-40FE-979A-A6B58CD3FEF1}.NL_ACC|Any CPU.ActiveCfg = NL_ACC|Any CPU
		{9E19D0F5-0749-40FE-979A-A6B58CD3FEF1}.NL_ACC|Any CPU.Build.0 = NL_ACC|Any CPU
		{9E19D0F5-0749-40FE-979A-A6B58CD3FEF1}.NL_DEV|Any CPU.ActiveCfg = NL_DEV|Any CPU
		{9E19D0F5-0749-40FE-979A-A6B58CD3FEF1}.NL_DEV|Any CPU.Build.0 = NL_DEV|Any CPU
		{9E19D0F5-0749-40FE-979A-A6B58CD3FEF1}.NL_PRD|Any CPU.ActiveCfg = NL_PRD|Any CPU
		{9E19D0F5-0749-40FE-979A-A6B58CD3FEF1}.NL_PRD|Any CPU.Build.0 = NL_PRD|Any CPU
		{9E19D0F5-0749-40FE-979A-A6B58CD3FEF1}.NL_TST|Any CPU.ActiveCfg = NL_TST|Any CPU
		{9E19D0F5-0749-40FE-979A-A6B58CD3FEF1}.NL_TST|Any CPU.Build.0 = NL_TST|Any CPU
		{9E19D0F5-0749-40FE-979A-A6B58CD3FEF1}.Release|Any CPU.ActiveCfg = Release|Any CPU
		{9E19D0F5-0749-40FE-979A-A6B58CD3FEF1}.Release|Any CPU.Build.0 = Release|Any CPU
		{9E19D0F5-0749-40FE-979A-A6B58CD3FEF1}.THA_DEV|Any CPU.ActiveCfg = THA_DEV|Any CPU
		{9E19D0F5-0749-40FE-979A-A6B58CD3FEF1}.THA_DEV|Any CPU.Build.0 = THA_DEV|Any CPU
		{9E19D0F5-0749-40FE-979A-A6B58CD3FEF1}.THA_TST|Any CPU.ActiveCfg = THA_TST|Any CPU
		{9E19D0F5-0749-40FE-979A-A6B58CD3FEF1}.THA_TST|Any CPU.Build.0 = THA_TST|Any CPU
		{68D1EC78-B6B1-4B82-A2F1-205ECE58A095}.Debug|Any CPU.ActiveCfg = Debug|Any CPU
		{68D1EC78-B6B1-4B82-A2F1-205ECE58A095}.Debug|Any CPU.Build.0 = Debug|Any CPU
		{68D1EC78-B6B1-4B82-A2F1-205ECE58A095}.INT_DEV|Any CPU.ActiveCfg = INT_DEV|Any CPU
		{68D1EC78-B6B1-4B82-A2F1-205ECE58A095}.INT_DEV|Any CPU.Build.0 = INT_DEV|Any CPU
		{68D1EC78-B6B1-4B82-A2F1-205ECE58A095}.INT_TST|Any CPU.ActiveCfg = INT_TST|Any CPU
		{68D1EC78-B6B1-4B82-A2F1-205ECE58A095}.INT_TST|Any CPU.Build.0 = INT_TST|Any CPU
		{68D1EC78-B6B1-4B82-A2F1-205ECE58A095}.NL_ACC|Any CPU.ActiveCfg = NL_ACC|Any CPU
		{68D1EC78-B6B1-4B82-A2F1-205ECE58A095}.NL_ACC|Any CPU.Build.0 = NL_ACC|Any CPU
		{68D1EC78-B6B1-4B82-A2F1-205ECE58A095}.NL_DEV|Any CPU.ActiveCfg = NL_DEV|Any CPU
		{68D1EC78-B6B1-4B82-A2F1-205ECE58A095}.NL_DEV|Any CPU.Build.0 = NL_DEV|Any CPU
		{68D1EC78-B6B1-4B82-A2F1-205ECE58A095}.NL_PRD|Any CPU.ActiveCfg = NL_PRD|Any CPU
		{68D1EC78-B6B1-4B82-A2F1-205ECE58A095}.NL_PRD|Any CPU.Build.0 = NL_PRD|Any CPU
		{68D1EC78-B6B1-4B82-A2F1-205ECE58A095}.NL_TST|Any CPU.ActiveCfg = NL_TST|Any CPU
		{68D1EC78-B6B1-4B82-A2F1-205ECE58A095}.NL_TST|Any CPU.Build.0 = NL_TST|Any CPU
		{68D1EC78-B6B1-4B82-A2F1-205ECE58A095}.Release|Any CPU.ActiveCfg = Release|Any CPU
		{68D1EC78-B6B1-4B82-A2F1-205ECE58A095}.Release|Any CPU.Build.0 = Release|Any CPU
		{68D1EC78-B6B1-4B82-A2F1-205ECE58A095}.THA_DEV|Any CPU.ActiveCfg = THA_DEV|Any CPU
		{68D1EC78-B6B1-4B82-A2F1-205ECE58A095}.THA_DEV|Any CPU.Build.0 = THA_DEV|Any CPU
		{68D1EC78-B6B1-4B82-A2F1-205ECE58A095}.THA_TST|Any CPU.ActiveCfg = THA_TST|Any CPU
		{68D1EC78-B6B1-4B82-A2F1-205ECE58A095}.THA_TST|Any CPU.Build.0 = THA_TST|Any CPU
		{B62ABA07-1D36-4D54-95EF-D4702202782B}.Debug|Any CPU.ActiveCfg = Debug|Any CPU
		{B62ABA07-1D36-4D54-95EF-D4702202782B}.Debug|Any CPU.Build.0 = Debug|Any CPU
		{B62ABA07-1D36-4D54-95EF-D4702202782B}.INT_DEV|Any CPU.ActiveCfg = INT_DEV|Any CPU
		{B62ABA07-1D36-4D54-95EF-D4702202782B}.INT_DEV|Any CPU.Build.0 = INT_DEV|Any CPU
		{B62ABA07-1D36-4D54-95EF-D4702202782B}.INT_TST|Any CPU.ActiveCfg = INT_TST|Any CPU
		{B62ABA07-1D36-4D54-95EF-D4702202782B}.INT_TST|Any CPU.Build.0 = INT_TST|Any CPU
		{B62ABA07-1D36-4D54-95EF-D4702202782B}.NL_ACC|Any CPU.ActiveCfg = NL_ACC|Any CPU
		{B62ABA07-1D36-4D54-95EF-D4702202782B}.NL_ACC|Any CPU.Build.0 = NL_ACC|Any CPU
		{B62ABA07-1D36-4D54-95EF-D4702202782B}.NL_DEV|Any CPU.ActiveCfg = NL_DEV|Any CPU
		{B62ABA07-1D36-4D54-95EF-D4702202782B}.NL_DEV|Any CPU.Build.0 = NL_DEV|Any CPU
		{B62ABA07-1D36-4D54-95EF-D4702202782B}.NL_PRD|Any CPU.ActiveCfg = NL_PRD|Any CPU
		{B62ABA07-1D36-4D54-95EF-D4702202782B}.NL_PRD|Any CPU.Build.0 = NL_PRD|Any CPU
		{B62ABA07-1D36-4D54-95EF-D4702202782B}.NL_TST|Any CPU.ActiveCfg = NL_TST|Any CPU
		{B62ABA07-1D36-4D54-95EF-D4702202782B}.NL_TST|Any CPU.Build.0 = NL_TST|Any CPU
		{B62ABA07-1D36-4D54-95EF-D4702202782B}.Release|Any CPU.ActiveCfg = Release|Any CPU
		{B62ABA07-1D36-4D54-95EF-D4702202782B}.Release|Any CPU.Build.0 = Release|Any CPU
		{B62ABA07-1D36-4D54-95EF-D4702202782B}.THA_DEV|Any CPU.ActiveCfg = THA_DEV|Any CPU
		{B62ABA07-1D36-4D54-95EF-D4702202782B}.THA_DEV|Any CPU.Build.0 = THA_DEV|Any CPU
		{B62ABA07-1D36-4D54-95EF-D4702202782B}.THA_TST|Any CPU.ActiveCfg = THA_TST|Any CPU
		{B62ABA07-1D36-4D54-95EF-D4702202782B}.THA_TST|Any CPU.Build.0 = THA_TST|Any CPU
		{7917BCD7-9396-46C1-A984-AE9104BAD163}.Debug|Any CPU.ActiveCfg = Debug|Any CPU
		{7917BCD7-9396-46C1-A984-AE9104BAD163}.Debug|Any CPU.Build.0 = Debug|Any CPU
		{7917BCD7-9396-46C1-A984-AE9104BAD163}.INT_DEV|Any CPU.ActiveCfg = INT_DEV|Any CPU
		{7917BCD7-9396-46C1-A984-AE9104BAD163}.INT_DEV|Any CPU.Build.0 = INT_DEV|Any CPU
		{7917BCD7-9396-46C1-A984-AE9104BAD163}.INT_TST|Any CPU.ActiveCfg = INT_TST|Any CPU
		{7917BCD7-9396-46C1-A984-AE9104BAD163}.INT_TST|Any CPU.Build.0 = INT_TST|Any CPU
		{7917BCD7-9396-46C1-A984-AE9104BAD163}.NL_ACC|Any CPU.ActiveCfg = NL_ACC|Any CPU
		{7917BCD7-9396-46C1-A984-AE9104BAD163}.NL_ACC|Any CPU.Build.0 = NL_ACC|Any CPU
		{7917BCD7-9396-46C1-A984-AE9104BAD163}.NL_DEV|Any CPU.ActiveCfg = NL_DEV|Any CPU
		{7917BCD7-9396-46C1-A984-AE9104BAD163}.NL_DEV|Any CPU.Build.0 = NL_DEV|Any CPU
		{7917BCD7-9396-46C1-A984-AE9104BAD163}.NL_PRD|Any CPU.ActiveCfg = NL_PRD|Any CPU
		{7917BCD7-9396-46C1-A984-AE9104BAD163}.NL_PRD|Any CPU.Build.0 = NL_PRD|Any CPU
		{7917BCD7-9396-46C1-A984-AE9104BAD163}.NL_TST|Any CPU.ActiveCfg = NL_TST|Any CPU
		{7917BCD7-9396-46C1-A984-AE9104BAD163}.NL_TST|Any CPU.Build.0 = NL_TST|Any CPU
		{7917BCD7-9396-46C1-A984-AE9104BAD163}.Release|Any CPU.ActiveCfg = Release|Any CPU
		{7917BCD7-9396-46C1-A984-AE9104BAD163}.Release|Any CPU.Build.0 = Release|Any CPU
		{7917BCD7-9396-46C1-A984-AE9104BAD163}.THA_DEV|Any CPU.ActiveCfg = THA_DEV|Any CPU
		{7917BCD7-9396-46C1-A984-AE9104BAD163}.THA_DEV|Any CPU.Build.0 = THA_DEV|Any CPU
		{7917BCD7-9396-46C1-A984-AE9104BAD163}.THA_TST|Any CPU.ActiveCfg = THA_TST|Any CPU
		{7917BCD7-9396-46C1-A984-AE9104BAD163}.THA_TST|Any CPU.Build.0 = THA_TST|Any CPU
		{EA0C234C-7DCB-42DC-84C8-6BA887E3BAE2}.Debug|Any CPU.ActiveCfg = Debug|Any CPU
		{EA0C234C-7DCB-42DC-84C8-6BA887E3BAE2}.Debug|Any CPU.Build.0 = Debug|Any CPU
		{EA0C234C-7DCB-42DC-84C8-6BA887E3BAE2}.INT_DEV|Any CPU.ActiveCfg = INT_DEV|Any CPU
		{EA0C234C-7DCB-42DC-84C8-6BA887E3BAE2}.INT_DEV|Any CPU.Build.0 = INT_DEV|Any CPU
		{EA0C234C-7DCB-42DC-84C8-6BA887E3BAE2}.INT_TST|Any CPU.ActiveCfg = INT_TST|Any CPU
		{EA0C234C-7DCB-42DC-84C8-6BA887E3BAE2}.INT_TST|Any CPU.Build.0 = INT_TST|Any CPU
		{EA0C234C-7DCB-42DC-84C8-6BA887E3BAE2}.NL_ACC|Any CPU.ActiveCfg = NL_ACC|Any CPU
		{EA0C234C-7DCB-42DC-84C8-6BA887E3BAE2}.NL_ACC|Any CPU.Build.0 = NL_ACC|Any CPU
		{EA0C234C-7DCB-42DC-84C8-6BA887E3BAE2}.NL_DEV|Any CPU.ActiveCfg = NL_DEV|Any CPU
		{EA0C234C-7DCB-42DC-84C8-6BA887E3BAE2}.NL_DEV|Any CPU.Build.0 = NL_DEV|Any CPU
		{EA0C234C-7DCB-42DC-84C8-6BA887E3BAE2}.NL_PRD|Any CPU.ActiveCfg = NL_PRD|Any CPU
		{EA0C234C-7DCB-42DC-84C8-6BA887E3BAE2}.NL_PRD|Any CPU.Build.0 = NL_PRD|Any CPU
		{EA0C234C-7DCB-42DC-84C8-6BA887E3BAE2}.NL_TST|Any CPU.ActiveCfg = NL_TST|Any CPU
		{EA0C234C-7DCB-42DC-84C8-6BA887E3BAE2}.NL_TST|Any CPU.Build.0 = NL_TST|Any CPU
		{EA0C234C-7DCB-42DC-84C8-6BA887E3BAE2}.Release|Any CPU.ActiveCfg = Release|Any CPU
		{EA0C234C-7DCB-42DC-84C8-6BA887E3BAE2}.Release|Any CPU.Build.0 = Release|Any CPU
		{EA0C234C-7DCB-42DC-84C8-6BA887E3BAE2}.THA_DEV|Any CPU.ActiveCfg = THA_DEV|Any CPU
		{EA0C234C-7DCB-42DC-84C8-6BA887E3BAE2}.THA_DEV|Any CPU.Build.0 = THA_DEV|Any CPU
		{EA0C234C-7DCB-42DC-84C8-6BA887E3BAE2}.THA_TST|Any CPU.ActiveCfg = THA_TST|Any CPU
		{EA0C234C-7DCB-42DC-84C8-6BA887E3BAE2}.THA_TST|Any CPU.Build.0 = THA_TST|Any CPU
		{F3F9DE96-42AA-4F95-9DDA-9A4AB8BEF0FC}.Debug|Any CPU.ActiveCfg = Debug|Any CPU
		{F3F9DE96-42AA-4F95-9DDA-9A4AB8BEF0FC}.Debug|Any CPU.Build.0 = Debug|Any CPU
		{F3F9DE96-42AA-4F95-9DDA-9A4AB8BEF0FC}.INT_DEV|Any CPU.ActiveCfg = INT_DEV|Any CPU
		{F3F9DE96-42AA-4F95-9DDA-9A4AB8BEF0FC}.INT_DEV|Any CPU.Build.0 = INT_DEV|Any CPU
		{F3F9DE96-42AA-4F95-9DDA-9A4AB8BEF0FC}.INT_TST|Any CPU.ActiveCfg = INT_TST|Any CPU
		{F3F9DE96-42AA-4F95-9DDA-9A4AB8BEF0FC}.INT_TST|Any CPU.Build.0 = INT_TST|Any CPU
		{F3F9DE96-42AA-4F95-9DDA-9A4AB8BEF0FC}.NL_ACC|Any CPU.ActiveCfg = NL_ACC|Any CPU
		{F3F9DE96-42AA-4F95-9DDA-9A4AB8BEF0FC}.NL_ACC|Any CPU.Build.0 = NL_ACC|Any CPU
		{F3F9DE96-42AA-4F95-9DDA-9A4AB8BEF0FC}.NL_DEV|Any CPU.ActiveCfg = NL_DEV|Any CPU
		{F3F9DE96-42AA-4F95-9DDA-9A4AB8BEF0FC}.NL_DEV|Any CPU.Build.0 = NL_DEV|Any CPU
		{F3F9DE96-42AA-4F95-9DDA-9A4AB8BEF0FC}.NL_PRD|Any CPU.ActiveCfg = NL_PRD|Any CPU
		{F3F9DE96-42AA-4F95-9DDA-9A4AB8BEF0FC}.NL_PRD|Any CPU.Build.0 = NL_PRD|Any CPU
		{F3F9DE96-42AA-4F95-9DDA-9A4AB8BEF0FC}.NL_TST|Any CPU.ActiveCfg = NL_TST|Any CPU
		{F3F9DE96-42AA-4F95-9DDA-9A4AB8BEF0FC}.NL_TST|Any CPU.Build.0 = NL_TST|Any CPU
		{F3F9DE96-42AA-4F95-9DDA-9A4AB8BEF0FC}.Release|Any CPU.ActiveCfg = Release|Any CPU
		{F3F9DE96-42AA-4F95-9DDA-9A4AB8BEF0FC}.Release|Any CPU.Build.0 = Release|Any CPU
		{F3F9DE96-42AA-4F95-9DDA-9A4AB8BEF0FC}.THA_DEV|Any CPU.ActiveCfg = THA_DEV|Any CPU
		{F3F9DE96-42AA-4F95-9DDA-9A4AB8BEF0FC}.THA_DEV|Any CPU.Build.0 = THA_DEV|Any CPU
		{F3F9DE96-42AA-4F95-9DDA-9A4AB8BEF0FC}.THA_TST|Any CPU.ActiveCfg = THA_TST|Any CPU
		{F3F9DE96-42AA-4F95-9DDA-9A4AB8BEF0FC}.THA_TST|Any CPU.Build.0 = THA_TST|Any CPU
		{AD5CE876-CDE0-44BF-8D7B-757CE17612F2}.Debug|Any CPU.ActiveCfg = Debug|Any CPU
		{AD5CE876-CDE0-44BF-8D7B-757CE17612F2}.Debug|Any CPU.Build.0 = Debug|Any CPU
		{AD5CE876-CDE0-44BF-8D7B-757CE17612F2}.INT_DEV|Any CPU.ActiveCfg = INT_DEV|Any CPU
		{AD5CE876-CDE0-44BF-8D7B-757CE17612F2}.INT_DEV|Any CPU.Build.0 = INT_DEV|Any CPU
		{AD5CE876-CDE0-44BF-8D7B-757CE17612F2}.INT_TST|Any CPU.ActiveCfg = INT_TST|Any CPU
		{AD5CE876-CDE0-44BF-8D7B-757CE17612F2}.INT_TST|Any CPU.Build.0 = INT_TST|Any CPU
		{AD5CE876-CDE0-44BF-8D7B-757CE17612F2}.NL_ACC|Any CPU.ActiveCfg = NL_ACC|Any CPU
		{AD5CE876-CDE0-44BF-8D7B-757CE17612F2}.NL_ACC|Any CPU.Build.0 = NL_ACC|Any CPU
		{AD5CE876-CDE0-44BF-8D7B-757CE17612F2}.NL_DEV|Any CPU.ActiveCfg = NL_DEV|Any CPU
		{AD5CE876-CDE0-44BF-8D7B-757CE17612F2}.NL_DEV|Any CPU.Build.0 = NL_DEV|Any CPU
		{AD5CE876-CDE0-44BF-8D7B-757CE17612F2}.NL_PRD|Any CPU.ActiveCfg = NL_PRD|Any CPU
		{AD5CE876-CDE0-44BF-8D7B-757CE17612F2}.NL_PRD|Any CPU.Build.0 = NL_PRD|Any CPU
		{AD5CE876-CDE0-44BF-8D7B-757CE17612F2}.NL_TST|Any CPU.ActiveCfg = NL_TST|Any CPU
		{AD5CE876-CDE0-44BF-8D7B-757CE17612F2}.NL_TST|Any CPU.Build.0 = NL_TST|Any CPU
		{AD5CE876-CDE0-44BF-8D7B-757CE17612F2}.Release|Any CPU.ActiveCfg = Release|Any CPU
		{AD5CE876-CDE0-44BF-8D7B-757CE17612F2}.Release|Any CPU.Build.0 = Release|Any CPU
		{AD5CE876-CDE0-44BF-8D7B-757CE17612F2}.THA_DEV|Any CPU.ActiveCfg = THA_DEV|Any CPU
		{AD5CE876-CDE0-44BF-8D7B-757CE17612F2}.THA_DEV|Any CPU.Build.0 = THA_DEV|Any CPU
		{AD5CE876-CDE0-44BF-8D7B-757CE17612F2}.THA_TST|Any CPU.ActiveCfg = THA_TST|Any CPU
		{AD5CE876-CDE0-44BF-8D7B-757CE17612F2}.THA_TST|Any CPU.Build.0 = THA_TST|Any CPU
		{B7BDFDBC-F471-4E63-9B59-6384E4790C94}.Debug|Any CPU.ActiveCfg = Debug|Any CPU
		{B7BDFDBC-F471-4E63-9B59-6384E4790C94}.Debug|Any CPU.Build.0 = Debug|Any CPU
		{B7BDFDBC-F471-4E63-9B59-6384E4790C94}.INT_DEV|Any CPU.ActiveCfg = INT_DEV|Any CPU
		{B7BDFDBC-F471-4E63-9B59-6384E4790C94}.INT_DEV|Any CPU.Build.0 = INT_DEV|Any CPU
		{B7BDFDBC-F471-4E63-9B59-6384E4790C94}.INT_TST|Any CPU.ActiveCfg = INT_TST|Any CPU
		{B7BDFDBC-F471-4E63-9B59-6384E4790C94}.INT_TST|Any CPU.Build.0 = INT_TST|Any CPU
		{B7BDFDBC-F471-4E63-9B59-6384E4790C94}.NL_ACC|Any CPU.ActiveCfg = NL_ACC|Any CPU
		{B7BDFDBC-F471-4E63-9B59-6384E4790C94}.NL_ACC|Any CPU.Build.0 = NL_ACC|Any CPU
		{B7BDFDBC-F471-4E63-9B59-6384E4790C94}.NL_DEV|Any CPU.ActiveCfg = NL_DEV|Any CPU
		{B7BDFDBC-F471-4E63-9B59-6384E4790C94}.NL_DEV|Any CPU.Build.0 = NL_DEV|Any CPU
		{B7BDFDBC-F471-4E63-9B59-6384E4790C94}.NL_PRD|Any CPU.ActiveCfg = NL_PRD|Any CPU
		{B7BDFDBC-F471-4E63-9B59-6384E4790C94}.NL_PRD|Any CPU.Build.0 = NL_PRD|Any CPU
		{B7BDFDBC-F471-4E63-9B59-6384E4790C94}.NL_TST|Any CPU.ActiveCfg = NL_TST|Any CPU
		{B7BDFDBC-F471-4E63-9B59-6384E4790C94}.NL_TST|Any CPU.Build.0 = NL_TST|Any CPU
		{B7BDFDBC-F471-4E63-9B59-6384E4790C94}.Release|Any CPU.ActiveCfg = Release|Any CPU
		{B7BDFDBC-F471-4E63-9B59-6384E4790C94}.Release|Any CPU.Build.0 = Release|Any CPU
		{B7BDFDBC-F471-4E63-9B59-6384E4790C94}.THA_DEV|Any CPU.ActiveCfg = THA_DEV|Any CPU
		{B7BDFDBC-F471-4E63-9B59-6384E4790C94}.THA_DEV|Any CPU.Build.0 = THA_DEV|Any CPU
		{B7BDFDBC-F471-4E63-9B59-6384E4790C94}.THA_TST|Any CPU.ActiveCfg = THA_TST|Any CPU
		{B7BDFDBC-F471-4E63-9B59-6384E4790C94}.THA_TST|Any CPU.Build.0 = THA_TST|Any CPU
		{780BB7F7-A9EC-42E0-8CE3-E64497CCB576}.Debug|Any CPU.ActiveCfg = Debug|Any CPU
		{780BB7F7-A9EC-42E0-8CE3-E64497CCB576}.Debug|Any CPU.Build.0 = Debug|Any CPU
		{780BB7F7-A9EC-42E0-8CE3-E64497CCB576}.INT_DEV|Any CPU.ActiveCfg = INT_DEV|Any CPU
		{780BB7F7-A9EC-42E0-8CE3-E64497CCB576}.INT_DEV|Any CPU.Build.0 = INT_DEV|Any CPU
		{780BB7F7-A9EC-42E0-8CE3-E64497CCB576}.INT_TST|Any CPU.ActiveCfg = INT_TST|Any CPU
		{780BB7F7-A9EC-42E0-8CE3-E64497CCB576}.INT_TST|Any CPU.Build.0 = INT_TST|Any CPU
		{780BB7F7-A9EC-42E0-8CE3-E64497CCB576}.NL_ACC|Any CPU.ActiveCfg = NL_ACC|Any CPU
		{780BB7F7-A9EC-42E0-8CE3-E64497CCB576}.NL_ACC|Any CPU.Build.0 = NL_ACC|Any CPU
		{780BB7F7-A9EC-42E0-8CE3-E64497CCB576}.NL_DEV|Any CPU.ActiveCfg = NL_DEV|Any CPU
		{780BB7F7-A9EC-42E0-8CE3-E64497CCB576}.NL_DEV|Any CPU.Build.0 = NL_DEV|Any CPU
		{780BB7F7-A9EC-42E0-8CE3-E64497CCB576}.NL_PRD|Any CPU.ActiveCfg = NL_PRD|Any CPU
		{780BB7F7-A9EC-42E0-8CE3-E64497CCB576}.NL_PRD|Any CPU.Build.0 = NL_PRD|Any CPU
		{780BB7F7-A9EC-42E0-8CE3-E64497CCB576}.NL_TST|Any CPU.ActiveCfg = NL_TST|Any CPU
		{780BB7F7-A9EC-42E0-8CE3-E64497CCB576}.NL_TST|Any CPU.Build.0 = NL_TST|Any CPU
		{780BB7F7-A9EC-42E0-8CE3-E64497CCB576}.Release|Any CPU.ActiveCfg = Release|Any CPU
		{780BB7F7-A9EC-42E0-8CE3-E64497CCB576}.Release|Any CPU.Build.0 = Release|Any CPU
		{780BB7F7-A9EC-42E0-8CE3-E64497CCB576}.THA_DEV|Any CPU.ActiveCfg = THA_DEV|Any CPU
		{780BB7F7-A9EC-42E0-8CE3-E64497CCB576}.THA_DEV|Any CPU.Build.0 = THA_DEV|Any CPU
		{780BB7F7-A9EC-42E0-8CE3-E64497CCB576}.THA_TST|Any CPU.ActiveCfg = THA_TST|Any CPU
		{780BB7F7-A9EC-42E0-8CE3-E64497CCB576}.THA_TST|Any CPU.Build.0 = THA_TST|Any CPU
		{C19B6A2F-1185-407D-A87B-5391EDB0BFFE}.Debug|Any CPU.ActiveCfg = Debug|Any CPU
		{C19B6A2F-1185-407D-A87B-5391EDB0BFFE}.Debug|Any CPU.Build.0 = Debug|Any CPU
		{C19B6A2F-1185-407D-A87B-5391EDB0BFFE}.INT_DEV|Any CPU.ActiveCfg = INT_DEV|Any CPU
		{C19B6A2F-1185-407D-A87B-5391EDB0BFFE}.INT_DEV|Any CPU.Build.0 = INT_DEV|Any CPU
		{C19B6A2F-1185-407D-A87B-5391EDB0BFFE}.INT_TST|Any CPU.ActiveCfg = INT_TST|Any CPU
		{C19B6A2F-1185-407D-A87B-5391EDB0BFFE}.INT_TST|Any CPU.Build.0 = INT_TST|Any CPU
		{C19B6A2F-1185-407D-A87B-5391EDB0BFFE}.NL_ACC|Any CPU.ActiveCfg = NL_ACC|Any CPU
		{C19B6A2F-1185-407D-A87B-5391EDB0BFFE}.NL_ACC|Any CPU.Build.0 = NL_ACC|Any CPU
		{C19B6A2F-1185-407D-A87B-5391EDB0BFFE}.NL_DEV|Any CPU.ActiveCfg = NL_DEV|Any CPU
		{C19B6A2F-1185-407D-A87B-5391EDB0BFFE}.NL_DEV|Any CPU.Build.0 = NL_DEV|Any CPU
		{C19B6A2F-1185-407D-A87B-5391EDB0BFFE}.NL_PRD|Any CPU.ActiveCfg = NL_PRD|Any CPU
		{C19B6A2F-1185-407D-A87B-5391EDB0BFFE}.NL_PRD|Any CPU.Build.0 = NL_PRD|Any CPU
		{C19B6A2F-1185-407D-A87B-5391EDB0BFFE}.NL_TST|Any CPU.ActiveCfg = NL_TST|Any CPU
		{C19B6A2F-1185-407D-A87B-5391EDB0BFFE}.NL_TST|Any CPU.Build.0 = NL_TST|Any CPU
		{C19B6A2F-1185-407D-A87B-5391EDB0BFFE}.Release|Any CPU.ActiveCfg = Release|Any CPU
		{C19B6A2F-1185-407D-A87B-5391EDB0BFFE}.Release|Any CPU.Build.0 = Release|Any CPU
		{C19B6A2F-1185-407D-A87B-5391EDB0BFFE}.THA_DEV|Any CPU.ActiveCfg = THA_DEV|Any CPU
		{C19B6A2F-1185-407D-A87B-5391EDB0BFFE}.THA_DEV|Any CPU.Build.0 = THA_DEV|Any CPU
		{C19B6A2F-1185-407D-A87B-5391EDB0BFFE}.THA_TST|Any CPU.ActiveCfg = THA_TST|Any CPU
		{C19B6A2F-1185-407D-A87B-5391EDB0BFFE}.THA_TST|Any CPU.Build.0 = THA_TST|Any CPU
		{7A0843A2-FC14-47CE-A763-62A2B25C0143}.Debug|Any CPU.ActiveCfg = Debug|Any CPU
		{7A0843A2-FC14-47CE-A763-62A2B25C0143}.Debug|Any CPU.Build.0 = Debug|Any CPU
		{7A0843A2-FC14-47CE-A763-62A2B25C0143}.INT_DEV|Any CPU.ActiveCfg = INT_DEV|Any CPU
		{7A0843A2-FC14-47CE-A763-62A2B25C0143}.INT_DEV|Any CPU.Build.0 = INT_DEV|Any CPU
		{7A0843A2-FC14-47CE-A763-62A2B25C0143}.INT_TST|Any CPU.ActiveCfg = INT_TST|Any CPU
		{7A0843A2-FC14-47CE-A763-62A2B25C0143}.INT_TST|Any CPU.Build.0 = INT_TST|Any CPU
		{7A0843A2-FC14-47CE-A763-62A2B25C0143}.NL_ACC|Any CPU.ActiveCfg = Release|Any CPU
		{7A0843A2-FC14-47CE-A763-62A2B25C0143}.NL_ACC|Any CPU.Build.0 = Release|Any CPU
		{7A0843A2-FC14-47CE-A763-62A2B25C0143}.NL_DEV|Any CPU.ActiveCfg = NL_DEV|Any CPU
		{7A0843A2-FC14-47CE-A763-62A2B25C0143}.NL_DEV|Any CPU.Build.0 = NL_DEV|Any CPU
		{7A0843A2-FC14-47CE-A763-62A2B25C0143}.NL_PRD|Any CPU.ActiveCfg = Release|Any CPU
		{7A0843A2-FC14-47CE-A763-62A2B25C0143}.NL_PRD|Any CPU.Build.0 = Release|Any CPU
		{7A0843A2-FC14-47CE-A763-62A2B25C0143}.NL_TST|Any CPU.ActiveCfg = Release|Any CPU
		{7A0843A2-FC14-47CE-A763-62A2B25C0143}.NL_TST|Any CPU.Build.0 = Release|Any CPU
		{7A0843A2-FC14-47CE-A763-62A2B25C0143}.Release|Any CPU.ActiveCfg = Release|Any CPU
		{7A0843A2-FC14-47CE-A763-62A2B25C0143}.Release|Any CPU.Build.0 = Release|Any CPU
		{7A0843A2-FC14-47CE-A763-62A2B25C0143}.THA_DEV|Any CPU.ActiveCfg = Release|Any CPU
		{7A0843A2-FC14-47CE-A763-62A2B25C0143}.THA_DEV|Any CPU.Build.0 = Release|Any CPU
		{7A0843A2-FC14-47CE-A763-62A2B25C0143}.THA_TST|Any CPU.ActiveCfg = Release|Any CPU
		{7A0843A2-FC14-47CE-A763-62A2B25C0143}.THA_TST|Any CPU.Build.0 = Release|Any CPU
	EndGlobalSection
	GlobalSection(SolutionProperties) = preSolution
		HideSolutionNode = FALSE
	EndGlobalSection
	GlobalSection(NestedProjects) = preSolution
		{7917BCD7-9396-46C1-A984-AE9104BAD163} = {8C924FF0-5AE2-425E-9AE7-E2AFD42ED5A1}
		{EA0C234C-7DCB-42DC-84C8-6BA887E3BAE2} = {8C924FF0-5AE2-425E-9AE7-E2AFD42ED5A1}
		{F3F9DE96-42AA-4F95-9DDA-9A4AB8BEF0FC} = {8C924FF0-5AE2-425E-9AE7-E2AFD42ED5A1}
		{AD5CE876-CDE0-44BF-8D7B-757CE17612F2} = {8C924FF0-5AE2-425E-9AE7-E2AFD42ED5A1}
		{B7BDFDBC-F471-4E63-9B59-6384E4790C94} = {8C924FF0-5AE2-425E-9AE7-E2AFD42ED5A1}
		{780BB7F7-A9EC-42E0-8CE3-E64497CCB576} = {8C924FF0-5AE2-425E-9AE7-E2AFD42ED5A1}
		{C19B6A2F-1185-407D-A87B-5391EDB0BFFE} = {82F027AF-81B2-4860-BE5D-A133DAF39A20}
	EndGlobalSection
EndGlobal
